<Solution>
  <Configurations>
    <Platform Name="Any CPU" />
    <Platform Name="x64" />
    <Platform Name="x86" />
  </Configurations>
  <Folder Name="/Build/" />
  <Folder Name="/Hardware/">
    <Project Path="Hardware/CrystalMonitorLib/CrystalMonitorLib.csproj" Id="0f4dd357-f37f-f9b8-a13e-7b2bfe732eae">
      <Platform Solution="*|Any CPU" Project="x64" />
      <Platform Solution="*|x64" Project="x64" />
      <Platform Solution="*|x86" Project="x86" />
    </Project>
  </Folder>
  <Folder Name="/Modules/">
    <Project Path="Modules/BiosModule/BiosModule.csproj" />
    <Project Path="Modules/CpuModule/CpuModule.csproj" />
    <Project Path="Modules/GpuModule/GpuModule.csproj" />
    <Project Path="Modules/LogModule/LogModule.csproj" Id="ab5f2270-c9ff-4a95-a2c3-4cb453420424" />
    <Project Path="Modules/MemoryModule/MemoryModule.csproj" Id="02954b9b-fe4c-41e9-a828-8311b7e17dbd" />
    <Project Path="Modules/OsModule/OsModule.csproj" />
    <Project Path="Modules/ResourceModule/ResourceModule.csproj" />
    <Project Path="Modules/StorageModule/StorageModule.csproj" />
  </Folder>
  <Folder Name="/Providers/">
    <Project Path="Providers/HardwareInfoProvider/HardwareInfoProvider.vcxproj" Id="292a69f1-f6b9-4a3a-ac61-aa3aaf35c9b3" />
    <Project Path="Providers/LibreInfoProvider/LibreInfoProvider.csproj" Id="8f50bd84-7567-406f-b021-5ade0fcc563d" />
    <Project Path="Providers/SystemEnvironmentProvider/SystemEnvironmentProvider.csproj" />
    <Project Path="Providers/SystemManagementProvider/SystemManagementProvider.csproj" />
  </Folder>
  <Folder Name="/Services/">
    <Project Path="Services/CpuInfoServices/CpuInfoServices.csproj" />
    <Project Path="Services/GpuInfoServices/GpuInfoServices.csproj" Id="d097b3a0-80c3-4dd7-8dcf-c89166c38952" />
    <Project Path="Services/HardwareService/HardwareService.csproj" Id="6bd20f31-ca40-42b8-bc74-2dbec1ec0d02" />
    <Project Path="Services/RamInfoServices/RamInfoServices.csproj" />
  </Folder>
  <Folder Name="/Shared/">
    <Project Path="Shared/Converters/Converters.csproj" Id="7c6283d6-c0e3-4887-b21f-6117f32593b2" />
    <Project Path="Shared/Crystal.Plot2D/Crystal.Plot2D.csproj" />
    <Project Path="Shared/DataStructures/DataStructures.csproj" Id="ad719134-39ba-4429-a034-2972e49e760b" />
    <Project Path="Shared/SharedDefinitions/SharedDefinitions.csproj" />
    <Project Path="Shared/WpfConverters/WpfConverters.csproj" Id="55f1dd91-6fce-4b5b-b400-f21e4ce52db6" />
  </Folder>
  <Folder Name="/Solution Items/">
    <File Path=".editorconfig" />
  </Folder>
  <Folder Name="/Temporaries/">
    <Project Path="Temporaries/ControlTests/ControlTests.csproj" />
    <Project Path="Temporaries/GpuIObservableDemo/GpuIObservableDemo.csproj" Id="765a6c35-8cc9-403e-a752-0817b0e56aba" />
    <Project Path="Temporaries/InfoGeneratorTests/InfoGeneratorTests.csproj" Id="bf1e8b9f-9506-472c-9687-d80f19f02553" />
    <Project Path="Temporaries/LHMtoObservables/LHMtoObservables.csproj" />
    <Project Path="Temporaries/MemoryCompositionForm/MemoryCompositionForm.csproj" Id="f826d804-2306-466d-854c-42ba7e24c603" />
    <Project Path="Temporaries/QueryGpu/QueryGpu.csproj" Id="21f106d6-94dd-49ba-8607-b3ceb4fcdf5e" />
    <Project Path="Temporaries/TestHardwareService/TestHardwareService.csproj" Id="248ab32e-78bd-44eb-a647-5827b93cd992" />
  </Folder>
  <Folder Name="/Unit Tests/">
    <Project Path="Unit Tests/Crystal.Plot2D.Tests/Crystal.Plot2D.Tests.csproj" Id="36c0be92-5930-4873-9190-2721eb992477" />
    <Project Path="Unit Tests/CrystalMonitorTests/CrystalMonitorTests.csproj" />
    <Project Path="Unit Tests/HardwareObservableTests/HardwareObservableTests.csproj" Id="87a1a386-8cf4-4184-95a8-9f080de2972b" />
  </Folder>
  <Project Path="MainApp/MainApp.csproj" />
</Solution>
