<Solution>
  <Folder Name="/Modules/">
    <Project Path="BiosModule/BiosModule.csproj" />
    <Project Path="CpuModule/CpuModule.csproj" />
    <Project Path="HomeModule/HomeModule.csproj" />
    <Project Path="OsModule/OsModule.csproj" />
    <Project Path="ResourceModule/ResourceModule.csproj" />
  </Folder>
  <Folder Name="/Providers/">
    <Project Path="Providers/SystemManagementProvider/SystemManagementProvider.csproj" />
    <Project Path="SystemEnvironmentProvider/SystemEnvironmentProvider.csproj" />
  </Folder>
  <Folder Name="/Shared/">
    <Project Path="Shared/SharedDefinitions/SharedDefinitions.csproj" />
  </Folder>
  <Project Path="MainApp/MainApp.csproj" />
</Solution>
