<Solution>
  <Configurations>
    <Platform Name="Any CPU" />
    <Platform Name="x64" />
    <Platform Name="x86" />
  </Configurations>
  <Folder Name="/Build/" />
  <Folder Name="/Modules/">
    <Project Path="GpuModule/GpuModule.csproj" Id="9a6be6d7-4c0b-44ef-8cdd-279b370e0a61" />
    <Project Path="Modules/BiosModule/BiosModule.csproj" />
    <Project Path="Modules/CpuModule/CpuModule.csproj" />
    <Project Path="Modules/HomeModule/HomeModule.csproj" />
    <Project Path="Modules/MemoryModule/MemoryModule.csproj" Id="02954b9b-fe4c-41e9-a828-8311b7e17dbd" />
    <Project Path="Modules/OsModule/OsModule.csproj" />
    <Project Path="Modules/ResourceModule/ResourceModule.csproj" />
    <Project Path="StorageModule/StorageModule.csproj" Id="8e81a5e0-bfa1-4469-bc5a-a31970497e71" />
  </Folder>
  <Folder Name="/Providers/">
    <Project Path="Providers/ConsoleApp1/ConsoleApp1.csproj" Id="3352c802-f7fd-4995-b4f0-e852ab1c9a17" />
    <Project Path="Providers/HardwareInfoProvider/HardwareInfoProvider.vcxproj" Id="292a69f1-f6b9-4a3a-ac61-aa3aaf35c9b3" />
    <Project Path="Providers/SystemEnvironmentProvider/SystemEnvironmentProvider.csproj" />
    <Project Path="Providers/SystemManagementProvider/SystemManagementProvider.csproj" />
  </Folder>
  <Folder Name="/Shared/">
    <Project Path="Shared/Converters/Converters.csproj" Id="7c6283d6-c0e3-4887-b21f-6117f32593b2" />
    <Project Path="Shared/SharedDefinitions/SharedDefinitions.csproj" />
  </Folder>
  <Folder Name="/Solution Items/">
    <File Path=".editorconfig" />
  </Folder>
  <Folder Name="/Unit Tests/">
    <Project Path="Unit Tests/ConverterTests/ConverterTests.csproj" Id="a32c8ebd-7183-4d07-b3b1-98d85615a5ed" />
    <Project Path="Unit Tests/SystemManagementProviderTests/SystemManagementProviderTests.csproj" Id="9c5eb659-a90a-4271-8233-e5c24b985c25" />
  </Folder>
  <Project Path="MainApp/MainApp.csproj" />
</Solution>
