
Microsoft Visual Studio Solution File, Format Version 12.00
# Visual Studio Version 17
VisualStudioVersion = 17.0.31912.275
MinimumVisualStudioVersion = 10.0.40219.1
Project("{9A19103F-16F7-4668-BE54-9A1E7A4F7556}") = "Crystal.Plot2D", "Source\Crystal.Plot2D.csproj", "{C347F23A-F273-401A-9FFA-19355778F1F2}"
EndProject
Project("{2150E333-8FDC-42A3-9474-1A3956D46DE8}") = "Samples", "Samples", "{1EFBE1E0-3863-42DD-9A5F-F9CBA4D2BD6B}"
EndProject
Project("{9A19103F-16F7-4668-BE54-9A1E7A4F7556}") = "S001LineGraph", "Samples\S001LineGraph\S001LineGraph.csproj", "{0B0643CC-8B07-4329-B078-D855D0F878FF}"
EndProject
Project("{9A19103F-16F7-4668-BE54-9A1E7A4F7556}") = "S002MarkerGraph", "Samples\S002MarkerGraph\S002MarkerGraph.csproj", "{1E6A6EA2-E487-4BDF-B6AD-2C7A7780CBE3}"
EndProject
Project("{9A19103F-16F7-4668-BE54-9A1E7A4F7556}") = "S000Animation", "Samples\S000Animation\S000Animation.csproj", "{D82B521F-82CC-4BFC-83A7-414D7A79F7BC}"
EndProject
Project("{9A19103F-16F7-4668-BE54-9A1E7A4F7556}") = "S003DataTable", "Samples\S003DataTable\S003DataTable.csproj", "{49D22AEA-6605-463E-89B6-9EE38D24743F}"
EndProject
Project("{9A19103F-16F7-4668-BE54-9A1E7A4F7556}") = "S004Layout", "Samples\S004Layout\S004Layout.csproj", "{738FE311-C2AF-4CFE-BB7F-99E2E86CEC3F}"
EndProject
Project("{9A19103F-16F7-4668-BE54-9A1E7A4F7556}") = "S005LineSample", "Samples\S005LineSample\S005LineSample.csproj", "{3DD6BFC7-F659-4631-A4C1-2656C04676AC}"
EndProject
Project("{9A19103F-16F7-4668-BE54-9A1E7A4F7556}") = "S006ControlTemplate", "Samples\S006ControlTemplate\S006ControlTemplate.csproj", "{3F08A637-8679-4B4E-96B8-AE07AFE3958E}"
EndProject
Project("{9A19103F-16F7-4668-BE54-9A1E7A4F7556}") = "S007DynamicPointAddSample", "Samples\S007DynamicPointAddSample\S007DynamicPointAddSample.csproj", "{A31CDEED-BB34-4B1A-824F-3FDBED39A81D}"
EndProject
Project("{2150E333-8FDC-42A3-9474-1A3956D46DE8}") = "Examples", "Examples", "{A69CA407-4536-48F4-9073-14346E613765}"
EndProject
Project("{9A19103F-16F7-4668-BE54-9A1E7A4F7556}") = "E001MarkerGraph", "Examples\E001MarkerGraph\E001MarkerGraph.csproj", "{946A284B-AFDF-42F8-BF09-96F8FC08ED66}"
EndProject
Project("{9A19103F-16F7-4668-BE54-9A1E7A4F7556}") = "E000HelloPlotter", "Examples\E000HelloPlotter\E000HelloPlotter.csproj", "{D8EBB870-5C3F-4018-AEE4-80C9E68867C2}"
EndProject
Project("{9A19103F-16F7-4668-BE54-9A1E7A4F7556}") = "E002UpdateDataSources", "Examples\E002UpdateDataSources\E002UpdateDataSources.csproj", "{C40F853C-B56D-46D2-8AFF-B872E2D2CCFA}"
EndProject
Project("{9A19103F-16F7-4668-BE54-9A1E7A4F7556}") = "E003StartToEnd", "Examples\E003StartToEnd\E003StartToEnd.csproj", "{495323A3-AC2B-40CC-92C1-9F500F744716}"
EndProject
Project("{9A19103F-16F7-4668-BE54-9A1E7A4F7556}") = "DataFile", "Examples\DataFile\DataFile.csproj", "{B915046E-7DD0-45E0-9A51-EE8FE7AABC58}"
EndProject
Project("{9A19103F-16F7-4668-BE54-9A1E7A4F7556}") = "DataFileDemo", "Examples\DataFileDemo\DataFileDemo.csproj", "{65791AE4-102A-4DDC-B5E4-F2F302599B2B}"
EndProject
Project("{FAE04EC0-301F-11D3-BF4B-00C04F79EFBC}") = "E004Shapes", "Examples\E004Shapes\E004Shapes.csproj", "{E743AC0B-24E5-417D-A0EA-0EC6AE9C746F}"
EndProject
Global
	GlobalSection(SolutionConfigurationPlatforms) = preSolution
		Debug|Any CPU = Debug|Any CPU
		Debug|ARM = Debug|ARM
		Debug|ARM64 = Debug|ARM64
		Debug|Mixed Platforms = Debug|Mixed Platforms
		Debug|x64 = Debug|x64
		Debug|x86 = Debug|x86
		Release|Any CPU = Release|Any CPU
		Release|ARM = Release|ARM
		Release|ARM64 = Release|ARM64
		Release|Mixed Platforms = Release|Mixed Platforms
		Release|x64 = Release|x64
		Release|x86 = Release|x86
		ReleaseXBAP|Any CPU = ReleaseXBAP|Any CPU
		ReleaseXBAP|ARM = ReleaseXBAP|ARM
		ReleaseXBAP|ARM64 = ReleaseXBAP|ARM64
		ReleaseXBAP|Mixed Platforms = ReleaseXBAP|Mixed Platforms
		ReleaseXBAP|x64 = ReleaseXBAP|x64
		ReleaseXBAP|x86 = ReleaseXBAP|x86
	EndGlobalSection
	GlobalSection(ProjectConfigurationPlatforms) = postSolution
		{C347F23A-F273-401A-9FFA-19355778F1F2}.Debug|Any CPU.ActiveCfg = Debug|Any CPU
		{C347F23A-F273-401A-9FFA-19355778F1F2}.Debug|Any CPU.Build.0 = Debug|Any CPU
		{C347F23A-F273-401A-9FFA-19355778F1F2}.Debug|ARM.ActiveCfg = Debug|Any CPU
		{C347F23A-F273-401A-9FFA-19355778F1F2}.Debug|ARM.Build.0 = Debug|Any CPU
		{C347F23A-F273-401A-9FFA-19355778F1F2}.Debug|ARM64.ActiveCfg = Debug|Any CPU
		{C347F23A-F273-401A-9FFA-19355778F1F2}.Debug|ARM64.Build.0 = Debug|Any CPU
		{C347F23A-F273-401A-9FFA-19355778F1F2}.Debug|Mixed Platforms.ActiveCfg = Debug|Any CPU
		{C347F23A-F273-401A-9FFA-19355778F1F2}.Debug|Mixed Platforms.Build.0 = Debug|Any CPU
		{C347F23A-F273-401A-9FFA-19355778F1F2}.Debug|x64.ActiveCfg = Debug|Any CPU
		{C347F23A-F273-401A-9FFA-19355778F1F2}.Debug|x64.Build.0 = Debug|Any CPU
		{C347F23A-F273-401A-9FFA-19355778F1F2}.Debug|x86.ActiveCfg = Debug|Any CPU
		{C347F23A-F273-401A-9FFA-19355778F1F2}.Debug|x86.Build.0 = Debug|Any CPU
		{C347F23A-F273-401A-9FFA-19355778F1F2}.Release|Any CPU.ActiveCfg = Release|Any CPU
		{C347F23A-F273-401A-9FFA-19355778F1F2}.Release|Any CPU.Build.0 = Release|Any CPU
		{C347F23A-F273-401A-9FFA-19355778F1F2}.Release|ARM.ActiveCfg = Release|Any CPU
		{C347F23A-F273-401A-9FFA-19355778F1F2}.Release|ARM.Build.0 = Release|Any CPU
		{C347F23A-F273-401A-9FFA-19355778F1F2}.Release|ARM64.ActiveCfg = Release|Any CPU
		{C347F23A-F273-401A-9FFA-19355778F1F2}.Release|ARM64.Build.0 = Release|Any CPU
		{C347F23A-F273-401A-9FFA-19355778F1F2}.Release|Mixed Platforms.ActiveCfg = Release|Any CPU
		{C347F23A-F273-401A-9FFA-19355778F1F2}.Release|Mixed Platforms.Build.0 = Release|Any CPU
		{C347F23A-F273-401A-9FFA-19355778F1F2}.Release|x64.ActiveCfg = Release|Any CPU
		{C347F23A-F273-401A-9FFA-19355778F1F2}.Release|x64.Build.0 = Release|Any CPU
		{C347F23A-F273-401A-9FFA-19355778F1F2}.Release|x86.ActiveCfg = Release|Any CPU
		{C347F23A-F273-401A-9FFA-19355778F1F2}.Release|x86.Build.0 = Release|Any CPU
		{C347F23A-F273-401A-9FFA-19355778F1F2}.ReleaseXBAP|Any CPU.ActiveCfg = Release|Any CPU
		{C347F23A-F273-401A-9FFA-19355778F1F2}.ReleaseXBAP|Any CPU.Build.0 = Release|Any CPU
		{C347F23A-F273-401A-9FFA-19355778F1F2}.ReleaseXBAP|ARM.ActiveCfg = Release|Any CPU
		{C347F23A-F273-401A-9FFA-19355778F1F2}.ReleaseXBAP|ARM.Build.0 = Release|Any CPU
		{C347F23A-F273-401A-9FFA-19355778F1F2}.ReleaseXBAP|ARM64.ActiveCfg = Release|Any CPU
		{C347F23A-F273-401A-9FFA-19355778F1F2}.ReleaseXBAP|ARM64.Build.0 = Release|Any CPU
		{C347F23A-F273-401A-9FFA-19355778F1F2}.ReleaseXBAP|Mixed Platforms.ActiveCfg = Release|Any CPU
		{C347F23A-F273-401A-9FFA-19355778F1F2}.ReleaseXBAP|Mixed Platforms.Build.0 = Release|Any CPU
		{C347F23A-F273-401A-9FFA-19355778F1F2}.ReleaseXBAP|x64.ActiveCfg = Release|Any CPU
		{C347F23A-F273-401A-9FFA-19355778F1F2}.ReleaseXBAP|x64.Build.0 = Release|Any CPU
		{C347F23A-F273-401A-9FFA-19355778F1F2}.ReleaseXBAP|x86.ActiveCfg = Release|Any CPU
		{C347F23A-F273-401A-9FFA-19355778F1F2}.ReleaseXBAP|x86.Build.0 = Release|Any CPU
		{0B0643CC-8B07-4329-B078-D855D0F878FF}.Debug|Any CPU.ActiveCfg = Debug|Any CPU
		{0B0643CC-8B07-4329-B078-D855D0F878FF}.Debug|Any CPU.Build.0 = Debug|Any CPU
		{0B0643CC-8B07-4329-B078-D855D0F878FF}.Debug|ARM.ActiveCfg = Debug|Any CPU
		{0B0643CC-8B07-4329-B078-D855D0F878FF}.Debug|ARM.Build.0 = Debug|Any CPU
		{0B0643CC-8B07-4329-B078-D855D0F878FF}.Debug|ARM64.ActiveCfg = Debug|Any CPU
		{0B0643CC-8B07-4329-B078-D855D0F878FF}.Debug|ARM64.Build.0 = Debug|Any CPU
		{0B0643CC-8B07-4329-B078-D855D0F878FF}.Debug|Mixed Platforms.ActiveCfg = Debug|Any CPU
		{0B0643CC-8B07-4329-B078-D855D0F878FF}.Debug|Mixed Platforms.Build.0 = Debug|Any CPU
		{0B0643CC-8B07-4329-B078-D855D0F878FF}.Debug|x64.ActiveCfg = Debug|Any CPU
		{0B0643CC-8B07-4329-B078-D855D0F878FF}.Debug|x64.Build.0 = Debug|Any CPU
		{0B0643CC-8B07-4329-B078-D855D0F878FF}.Debug|x86.ActiveCfg = Debug|Any CPU
		{0B0643CC-8B07-4329-B078-D855D0F878FF}.Debug|x86.Build.0 = Debug|Any CPU
		{0B0643CC-8B07-4329-B078-D855D0F878FF}.Release|Any CPU.ActiveCfg = Release|Any CPU
		{0B0643CC-8B07-4329-B078-D855D0F878FF}.Release|Any CPU.Build.0 = Release|Any CPU
		{0B0643CC-8B07-4329-B078-D855D0F878FF}.Release|ARM.ActiveCfg = Release|Any CPU
		{0B0643CC-8B07-4329-B078-D855D0F878FF}.Release|ARM.Build.0 = Release|Any CPU
		{0B0643CC-8B07-4329-B078-D855D0F878FF}.Release|ARM64.ActiveCfg = Release|Any CPU
		{0B0643CC-8B07-4329-B078-D855D0F878FF}.Release|ARM64.Build.0 = Release|Any CPU
		{0B0643CC-8B07-4329-B078-D855D0F878FF}.Release|Mixed Platforms.ActiveCfg = Release|Any CPU
		{0B0643CC-8B07-4329-B078-D855D0F878FF}.Release|Mixed Platforms.Build.0 = Release|Any CPU
		{0B0643CC-8B07-4329-B078-D855D0F878FF}.Release|x64.ActiveCfg = Release|Any CPU
		{0B0643CC-8B07-4329-B078-D855D0F878FF}.Release|x64.Build.0 = Release|Any CPU
		{0B0643CC-8B07-4329-B078-D855D0F878FF}.Release|x86.ActiveCfg = Release|Any CPU
		{0B0643CC-8B07-4329-B078-D855D0F878FF}.Release|x86.Build.0 = Release|Any CPU
		{0B0643CC-8B07-4329-B078-D855D0F878FF}.ReleaseXBAP|Any CPU.ActiveCfg = Release|Any CPU
		{0B0643CC-8B07-4329-B078-D855D0F878FF}.ReleaseXBAP|Any CPU.Build.0 = Release|Any CPU
		{0B0643CC-8B07-4329-B078-D855D0F878FF}.ReleaseXBAP|ARM.ActiveCfg = Release|Any CPU
		{0B0643CC-8B07-4329-B078-D855D0F878FF}.ReleaseXBAP|ARM.Build.0 = Release|Any CPU
		{0B0643CC-8B07-4329-B078-D855D0F878FF}.ReleaseXBAP|ARM64.ActiveCfg = Release|Any CPU
		{0B0643CC-8B07-4329-B078-D855D0F878FF}.ReleaseXBAP|ARM64.Build.0 = Release|Any CPU
		{0B0643CC-8B07-4329-B078-D855D0F878FF}.ReleaseXBAP|Mixed Platforms.ActiveCfg = Release|Any CPU
		{0B0643CC-8B07-4329-B078-D855D0F878FF}.ReleaseXBAP|Mixed Platforms.Build.0 = Release|Any CPU
		{0B0643CC-8B07-4329-B078-D855D0F878FF}.ReleaseXBAP|x64.ActiveCfg = Release|Any CPU
		{0B0643CC-8B07-4329-B078-D855D0F878FF}.ReleaseXBAP|x64.Build.0 = Release|Any CPU
		{0B0643CC-8B07-4329-B078-D855D0F878FF}.ReleaseXBAP|x86.ActiveCfg = Release|Any CPU
		{0B0643CC-8B07-4329-B078-D855D0F878FF}.ReleaseXBAP|x86.Build.0 = Release|Any CPU
		{1E6A6EA2-E487-4BDF-B6AD-2C7A7780CBE3}.Debug|Any CPU.ActiveCfg = Debug|Any CPU
		{1E6A6EA2-E487-4BDF-B6AD-2C7A7780CBE3}.Debug|Any CPU.Build.0 = Debug|Any CPU
		{1E6A6EA2-E487-4BDF-B6AD-2C7A7780CBE3}.Debug|ARM.ActiveCfg = Debug|Any CPU
		{1E6A6EA2-E487-4BDF-B6AD-2C7A7780CBE3}.Debug|ARM.Build.0 = Debug|Any CPU
		{1E6A6EA2-E487-4BDF-B6AD-2C7A7780CBE3}.Debug|ARM64.ActiveCfg = Debug|Any CPU
		{1E6A6EA2-E487-4BDF-B6AD-2C7A7780CBE3}.Debug|ARM64.Build.0 = Debug|Any CPU
		{1E6A6EA2-E487-4BDF-B6AD-2C7A7780CBE3}.Debug|Mixed Platforms.ActiveCfg = Debug|Any CPU
		{1E6A6EA2-E487-4BDF-B6AD-2C7A7780CBE3}.Debug|Mixed Platforms.Build.0 = Debug|Any CPU
		{1E6A6EA2-E487-4BDF-B6AD-2C7A7780CBE3}.Debug|x64.ActiveCfg = Debug|Any CPU
		{1E6A6EA2-E487-4BDF-B6AD-2C7A7780CBE3}.Debug|x64.Build.0 = Debug|Any CPU
		{1E6A6EA2-E487-4BDF-B6AD-2C7A7780CBE3}.Debug|x86.ActiveCfg = Debug|Any CPU
		{1E6A6EA2-E487-4BDF-B6AD-2C7A7780CBE3}.Debug|x86.Build.0 = Debug|Any CPU
		{1E6A6EA2-E487-4BDF-B6AD-2C7A7780CBE3}.Release|Any CPU.ActiveCfg = Release|Any CPU
		{1E6A6EA2-E487-4BDF-B6AD-2C7A7780CBE3}.Release|Any CPU.Build.0 = Release|Any CPU
		{1E6A6EA2-E487-4BDF-B6AD-2C7A7780CBE3}.Release|ARM.ActiveCfg = Release|Any CPU
		{1E6A6EA2-E487-4BDF-B6AD-2C7A7780CBE3}.Release|ARM.Build.0 = Release|Any CPU
		{1E6A6EA2-E487-4BDF-B6AD-2C7A7780CBE3}.Release|ARM64.ActiveCfg = Release|Any CPU
		{1E6A6EA2-E487-4BDF-B6AD-2C7A7780CBE3}.Release|ARM64.Build.0 = Release|Any CPU
		{1E6A6EA2-E487-4BDF-B6AD-2C7A7780CBE3}.Release|Mixed Platforms.ActiveCfg = Release|Any CPU
		{1E6A6EA2-E487-4BDF-B6AD-2C7A7780CBE3}.Release|Mixed Platforms.Build.0 = Release|Any CPU
		{1E6A6EA2-E487-4BDF-B6AD-2C7A7780CBE3}.Release|x64.ActiveCfg = Release|Any CPU
		{1E6A6EA2-E487-4BDF-B6AD-2C7A7780CBE3}.Release|x64.Build.0 = Release|Any CPU
		{1E6A6EA2-E487-4BDF-B6AD-2C7A7780CBE3}.Release|x86.ActiveCfg = Release|Any CPU
		{1E6A6EA2-E487-4BDF-B6AD-2C7A7780CBE3}.Release|x86.Build.0 = Release|Any CPU
		{1E6A6EA2-E487-4BDF-B6AD-2C7A7780CBE3}.ReleaseXBAP|Any CPU.ActiveCfg = Release|Any CPU
		{1E6A6EA2-E487-4BDF-B6AD-2C7A7780CBE3}.ReleaseXBAP|Any CPU.Build.0 = Release|Any CPU
		{1E6A6EA2-E487-4BDF-B6AD-2C7A7780CBE3}.ReleaseXBAP|ARM.ActiveCfg = Release|Any CPU
		{1E6A6EA2-E487-4BDF-B6AD-2C7A7780CBE3}.ReleaseXBAP|ARM.Build.0 = Release|Any CPU
		{1E6A6EA2-E487-4BDF-B6AD-2C7A7780CBE3}.ReleaseXBAP|ARM64.ActiveCfg = Release|Any CPU
		{1E6A6EA2-E487-4BDF-B6AD-2C7A7780CBE3}.ReleaseXBAP|ARM64.Build.0 = Release|Any CPU
		{1E6A6EA2-E487-4BDF-B6AD-2C7A7780CBE3}.ReleaseXBAP|Mixed Platforms.ActiveCfg = Release|Any CPU
		{1E6A6EA2-E487-4BDF-B6AD-2C7A7780CBE3}.ReleaseXBAP|Mixed Platforms.Build.0 = Release|Any CPU
		{1E6A6EA2-E487-4BDF-B6AD-2C7A7780CBE3}.ReleaseXBAP|x64.ActiveCfg = Release|Any CPU
		{1E6A6EA2-E487-4BDF-B6AD-2C7A7780CBE3}.ReleaseXBAP|x64.Build.0 = Release|Any CPU
		{1E6A6EA2-E487-4BDF-B6AD-2C7A7780CBE3}.ReleaseXBAP|x86.ActiveCfg = Release|Any CPU
		{1E6A6EA2-E487-4BDF-B6AD-2C7A7780CBE3}.ReleaseXBAP|x86.Build.0 = Release|Any CPU
		{D82B521F-82CC-4BFC-83A7-414D7A79F7BC}.Debug|Any CPU.ActiveCfg = Debug|Any CPU
		{D82B521F-82CC-4BFC-83A7-414D7A79F7BC}.Debug|Any CPU.Build.0 = Debug|Any CPU
		{D82B521F-82CC-4BFC-83A7-414D7A79F7BC}.Debug|ARM.ActiveCfg = Debug|Any CPU
		{D82B521F-82CC-4BFC-83A7-414D7A79F7BC}.Debug|ARM.Build.0 = Debug|Any CPU
		{D82B521F-82CC-4BFC-83A7-414D7A79F7BC}.Debug|ARM64.ActiveCfg = Debug|Any CPU
		{D82B521F-82CC-4BFC-83A7-414D7A79F7BC}.Debug|ARM64.Build.0 = Debug|Any CPU
		{D82B521F-82CC-4BFC-83A7-414D7A79F7BC}.Debug|Mixed Platforms.ActiveCfg = Debug|Any CPU
		{D82B521F-82CC-4BFC-83A7-414D7A79F7BC}.Debug|Mixed Platforms.Build.0 = Debug|Any CPU
		{D82B521F-82CC-4BFC-83A7-414D7A79F7BC}.Debug|x64.ActiveCfg = Debug|Any CPU
		{D82B521F-82CC-4BFC-83A7-414D7A79F7BC}.Debug|x64.Build.0 = Debug|Any CPU
		{D82B521F-82CC-4BFC-83A7-414D7A79F7BC}.Debug|x86.ActiveCfg = Debug|Any CPU
		{D82B521F-82CC-4BFC-83A7-414D7A79F7BC}.Debug|x86.Build.0 = Debug|Any CPU
		{D82B521F-82CC-4BFC-83A7-414D7A79F7BC}.Release|Any CPU.ActiveCfg = Release|Any CPU
		{D82B521F-82CC-4BFC-83A7-414D7A79F7BC}.Release|Any CPU.Build.0 = Release|Any CPU
		{D82B521F-82CC-4BFC-83A7-414D7A79F7BC}.Release|ARM.ActiveCfg = Release|Any CPU
		{D82B521F-82CC-4BFC-83A7-414D7A79F7BC}.Release|ARM.Build.0 = Release|Any CPU
		{D82B521F-82CC-4BFC-83A7-414D7A79F7BC}.Release|ARM64.ActiveCfg = Release|Any CPU
		{D82B521F-82CC-4BFC-83A7-414D7A79F7BC}.Release|ARM64.Build.0 = Release|Any CPU
		{D82B521F-82CC-4BFC-83A7-414D7A79F7BC}.Release|Mixed Platforms.ActiveCfg = Release|Any CPU
		{D82B521F-82CC-4BFC-83A7-414D7A79F7BC}.Release|Mixed Platforms.Build.0 = Release|Any CPU
		{D82B521F-82CC-4BFC-83A7-414D7A79F7BC}.Release|x64.ActiveCfg = Release|Any CPU
		{D82B521F-82CC-4BFC-83A7-414D7A79F7BC}.Release|x64.Build.0 = Release|Any CPU
		{D82B521F-82CC-4BFC-83A7-414D7A79F7BC}.Release|x86.ActiveCfg = Release|Any CPU
		{D82B521F-82CC-4BFC-83A7-414D7A79F7BC}.Release|x86.Build.0 = Release|Any CPU
		{D82B521F-82CC-4BFC-83A7-414D7A79F7BC}.ReleaseXBAP|Any CPU.ActiveCfg = Release|Any CPU
		{D82B521F-82CC-4BFC-83A7-414D7A79F7BC}.ReleaseXBAP|Any CPU.Build.0 = Release|Any CPU
		{D82B521F-82CC-4BFC-83A7-414D7A79F7BC}.ReleaseXBAP|ARM.ActiveCfg = Release|Any CPU
		{D82B521F-82CC-4BFC-83A7-414D7A79F7BC}.ReleaseXBAP|ARM.Build.0 = Release|Any CPU
		{D82B521F-82CC-4BFC-83A7-414D7A79F7BC}.ReleaseXBAP|ARM64.ActiveCfg = Release|Any CPU
		{D82B521F-82CC-4BFC-83A7-414D7A79F7BC}.ReleaseXBAP|ARM64.Build.0 = Release|Any CPU
		{D82B521F-82CC-4BFC-83A7-414D7A79F7BC}.ReleaseXBAP|Mixed Platforms.ActiveCfg = Release|Any CPU
		{D82B521F-82CC-4BFC-83A7-414D7A79F7BC}.ReleaseXBAP|Mixed Platforms.Build.0 = Release|Any CPU
		{D82B521F-82CC-4BFC-83A7-414D7A79F7BC}.ReleaseXBAP|x64.ActiveCfg = Release|Any CPU
		{D82B521F-82CC-4BFC-83A7-414D7A79F7BC}.ReleaseXBAP|x64.Build.0 = Release|Any CPU
		{D82B521F-82CC-4BFC-83A7-414D7A79F7BC}.ReleaseXBAP|x86.ActiveCfg = Release|Any CPU
		{D82B521F-82CC-4BFC-83A7-414D7A79F7BC}.ReleaseXBAP|x86.Build.0 = Release|Any CPU
		{49D22AEA-6605-463E-89B6-9EE38D24743F}.Debug|Any CPU.ActiveCfg = Debug|Any CPU
		{49D22AEA-6605-463E-89B6-9EE38D24743F}.Debug|Any CPU.Build.0 = Debug|Any CPU
		{49D22AEA-6605-463E-89B6-9EE38D24743F}.Debug|ARM.ActiveCfg = Debug|Any CPU
		{49D22AEA-6605-463E-89B6-9EE38D24743F}.Debug|ARM.Build.0 = Debug|Any CPU
		{49D22AEA-6605-463E-89B6-9EE38D24743F}.Debug|ARM64.ActiveCfg = Debug|Any CPU
		{49D22AEA-6605-463E-89B6-9EE38D24743F}.Debug|ARM64.Build.0 = Debug|Any CPU
		{49D22AEA-6605-463E-89B6-9EE38D24743F}.Debug|Mixed Platforms.ActiveCfg = Debug|Any CPU
		{49D22AEA-6605-463E-89B6-9EE38D24743F}.Debug|Mixed Platforms.Build.0 = Debug|Any CPU
		{49D22AEA-6605-463E-89B6-9EE38D24743F}.Debug|x64.ActiveCfg = Debug|Any CPU
		{49D22AEA-6605-463E-89B6-9EE38D24743F}.Debug|x64.Build.0 = Debug|Any CPU
		{49D22AEA-6605-463E-89B6-9EE38D24743F}.Debug|x86.ActiveCfg = Debug|Any CPU
		{49D22AEA-6605-463E-89B6-9EE38D24743F}.Debug|x86.Build.0 = Debug|Any CPU
		{49D22AEA-6605-463E-89B6-9EE38D24743F}.Release|Any CPU.ActiveCfg = Release|Any CPU
		{49D22AEA-6605-463E-89B6-9EE38D24743F}.Release|Any CPU.Build.0 = Release|Any CPU
		{49D22AEA-6605-463E-89B6-9EE38D24743F}.Release|ARM.ActiveCfg = Release|Any CPU
		{49D22AEA-6605-463E-89B6-9EE38D24743F}.Release|ARM.Build.0 = Release|Any CPU
		{49D22AEA-6605-463E-89B6-9EE38D24743F}.Release|ARM64.ActiveCfg = Release|Any CPU
		{49D22AEA-6605-463E-89B6-9EE38D24743F}.Release|ARM64.Build.0 = Release|Any CPU
		{49D22AEA-6605-463E-89B6-9EE38D24743F}.Release|Mixed Platforms.ActiveCfg = Release|Any CPU
		{49D22AEA-6605-463E-89B6-9EE38D24743F}.Release|Mixed Platforms.Build.0 = Release|Any CPU
		{49D22AEA-6605-463E-89B6-9EE38D24743F}.Release|x64.ActiveCfg = Release|Any CPU
		{49D22AEA-6605-463E-89B6-9EE38D24743F}.Release|x64.Build.0 = Release|Any CPU
		{49D22AEA-6605-463E-89B6-9EE38D24743F}.Release|x86.ActiveCfg = Release|Any CPU
		{49D22AEA-6605-463E-89B6-9EE38D24743F}.Release|x86.Build.0 = Release|Any CPU
		{49D22AEA-6605-463E-89B6-9EE38D24743F}.ReleaseXBAP|Any CPU.ActiveCfg = Release|Any CPU
		{49D22AEA-6605-463E-89B6-9EE38D24743F}.ReleaseXBAP|Any CPU.Build.0 = Release|Any CPU
		{49D22AEA-6605-463E-89B6-9EE38D24743F}.ReleaseXBAP|ARM.ActiveCfg = Release|Any CPU
		{49D22AEA-6605-463E-89B6-9EE38D24743F}.ReleaseXBAP|ARM.Build.0 = Release|Any CPU
		{49D22AEA-6605-463E-89B6-9EE38D24743F}.ReleaseXBAP|ARM64.ActiveCfg = Release|Any CPU
		{49D22AEA-6605-463E-89B6-9EE38D24743F}.ReleaseXBAP|ARM64.Build.0 = Release|Any CPU
		{49D22AEA-6605-463E-89B6-9EE38D24743F}.ReleaseXBAP|Mixed Platforms.ActiveCfg = Release|Any CPU
		{49D22AEA-6605-463E-89B6-9EE38D24743F}.ReleaseXBAP|Mixed Platforms.Build.0 = Release|Any CPU
		{49D22AEA-6605-463E-89B6-9EE38D24743F}.ReleaseXBAP|x64.ActiveCfg = Release|Any CPU
		{49D22AEA-6605-463E-89B6-9EE38D24743F}.ReleaseXBAP|x64.Build.0 = Release|Any CPU
		{49D22AEA-6605-463E-89B6-9EE38D24743F}.ReleaseXBAP|x86.ActiveCfg = Release|Any CPU
		{49D22AEA-6605-463E-89B6-9EE38D24743F}.ReleaseXBAP|x86.Build.0 = Release|Any CPU
		{738FE311-C2AF-4CFE-BB7F-99E2E86CEC3F}.Debug|Any CPU.ActiveCfg = Debug|Any CPU
		{738FE311-C2AF-4CFE-BB7F-99E2E86CEC3F}.Debug|Any CPU.Build.0 = Debug|Any CPU
		{738FE311-C2AF-4CFE-BB7F-99E2E86CEC3F}.Debug|ARM.ActiveCfg = Debug|Any CPU
		{738FE311-C2AF-4CFE-BB7F-99E2E86CEC3F}.Debug|ARM.Build.0 = Debug|Any CPU
		{738FE311-C2AF-4CFE-BB7F-99E2E86CEC3F}.Debug|ARM64.ActiveCfg = Debug|Any CPU
		{738FE311-C2AF-4CFE-BB7F-99E2E86CEC3F}.Debug|ARM64.Build.0 = Debug|Any CPU
		{738FE311-C2AF-4CFE-BB7F-99E2E86CEC3F}.Debug|Mixed Platforms.ActiveCfg = Debug|Any CPU
		{738FE311-C2AF-4CFE-BB7F-99E2E86CEC3F}.Debug|Mixed Platforms.Build.0 = Debug|Any CPU
		{738FE311-C2AF-4CFE-BB7F-99E2E86CEC3F}.Debug|x64.ActiveCfg = Debug|Any CPU
		{738FE311-C2AF-4CFE-BB7F-99E2E86CEC3F}.Debug|x64.Build.0 = Debug|Any CPU
		{738FE311-C2AF-4CFE-BB7F-99E2E86CEC3F}.Debug|x86.ActiveCfg = Debug|Any CPU
		{738FE311-C2AF-4CFE-BB7F-99E2E86CEC3F}.Debug|x86.Build.0 = Debug|Any CPU
		{738FE311-C2AF-4CFE-BB7F-99E2E86CEC3F}.Release|Any CPU.ActiveCfg = Release|Any CPU
		{738FE311-C2AF-4CFE-BB7F-99E2E86CEC3F}.Release|Any CPU.Build.0 = Release|Any CPU
		{738FE311-C2AF-4CFE-BB7F-99E2E86CEC3F}.Release|ARM.ActiveCfg = Release|Any CPU
		{738FE311-C2AF-4CFE-BB7F-99E2E86CEC3F}.Release|ARM.Build.0 = Release|Any CPU
		{738FE311-C2AF-4CFE-BB7F-99E2E86CEC3F}.Release|ARM64.ActiveCfg = Release|Any CPU
		{738FE311-C2AF-4CFE-BB7F-99E2E86CEC3F}.Release|ARM64.Build.0 = Release|Any CPU
		{738FE311-C2AF-4CFE-BB7F-99E2E86CEC3F}.Release|Mixed Platforms.ActiveCfg = Release|Any CPU
		{738FE311-C2AF-4CFE-BB7F-99E2E86CEC3F}.Release|Mixed Platforms.Build.0 = Release|Any CPU
		{738FE311-C2AF-4CFE-BB7F-99E2E86CEC3F}.Release|x64.ActiveCfg = Release|Any CPU
		{738FE311-C2AF-4CFE-BB7F-99E2E86CEC3F}.Release|x64.Build.0 = Release|Any CPU
		{738FE311-C2AF-4CFE-BB7F-99E2E86CEC3F}.Release|x86.ActiveCfg = Release|Any CPU
		{738FE311-C2AF-4CFE-BB7F-99E2E86CEC3F}.Release|x86.Build.0 = Release|Any CPU
		{738FE311-C2AF-4CFE-BB7F-99E2E86CEC3F}.ReleaseXBAP|Any CPU.ActiveCfg = Release|Any CPU
		{738FE311-C2AF-4CFE-BB7F-99E2E86CEC3F}.ReleaseXBAP|Any CPU.Build.0 = Release|Any CPU
		{738FE311-C2AF-4CFE-BB7F-99E2E86CEC3F}.ReleaseXBAP|ARM.ActiveCfg = Release|Any CPU
		{738FE311-C2AF-4CFE-BB7F-99E2E86CEC3F}.ReleaseXBAP|ARM.Build.0 = Release|Any CPU
		{738FE311-C2AF-4CFE-BB7F-99E2E86CEC3F}.ReleaseXBAP|ARM64.ActiveCfg = Release|Any CPU
		{738FE311-C2AF-4CFE-BB7F-99E2E86CEC3F}.ReleaseXBAP|ARM64.Build.0 = Release|Any CPU
		{738FE311-C2AF-4CFE-BB7F-99E2E86CEC3F}.ReleaseXBAP|Mixed Platforms.ActiveCfg = Release|Any CPU
		{738FE311-C2AF-4CFE-BB7F-99E2E86CEC3F}.ReleaseXBAP|Mixed Platforms.Build.0 = Release|Any CPU
		{738FE311-C2AF-4CFE-BB7F-99E2E86CEC3F}.ReleaseXBAP|x64.ActiveCfg = Release|Any CPU
		{738FE311-C2AF-4CFE-BB7F-99E2E86CEC3F}.ReleaseXBAP|x64.Build.0 = Release|Any CPU
		{738FE311-C2AF-4CFE-BB7F-99E2E86CEC3F}.ReleaseXBAP|x86.ActiveCfg = Release|Any CPU
		{738FE311-C2AF-4CFE-BB7F-99E2E86CEC3F}.ReleaseXBAP|x86.Build.0 = Release|Any CPU
		{3DD6BFC7-F659-4631-A4C1-2656C04676AC}.Debug|Any CPU.ActiveCfg = Debug|Any CPU
		{3DD6BFC7-F659-4631-A4C1-2656C04676AC}.Debug|Any CPU.Build.0 = Debug|Any CPU
		{3DD6BFC7-F659-4631-A4C1-2656C04676AC}.Debug|ARM.ActiveCfg = Debug|Any CPU
		{3DD6BFC7-F659-4631-A4C1-2656C04676AC}.Debug|ARM.Build.0 = Debug|Any CPU
		{3DD6BFC7-F659-4631-A4C1-2656C04676AC}.Debug|ARM64.ActiveCfg = Debug|Any CPU
		{3DD6BFC7-F659-4631-A4C1-2656C04676AC}.Debug|ARM64.Build.0 = Debug|Any CPU
		{3DD6BFC7-F659-4631-A4C1-2656C04676AC}.Debug|Mixed Platforms.ActiveCfg = Debug|Any CPU
		{3DD6BFC7-F659-4631-A4C1-2656C04676AC}.Debug|Mixed Platforms.Build.0 = Debug|Any CPU
		{3DD6BFC7-F659-4631-A4C1-2656C04676AC}.Debug|x64.ActiveCfg = Debug|Any CPU
		{3DD6BFC7-F659-4631-A4C1-2656C04676AC}.Debug|x64.Build.0 = Debug|Any CPU
		{3DD6BFC7-F659-4631-A4C1-2656C04676AC}.Debug|x86.ActiveCfg = Debug|Any CPU
		{3DD6BFC7-F659-4631-A4C1-2656C04676AC}.Debug|x86.Build.0 = Debug|Any CPU
		{3DD6BFC7-F659-4631-A4C1-2656C04676AC}.Release|Any CPU.ActiveCfg = Release|Any CPU
		{3DD6BFC7-F659-4631-A4C1-2656C04676AC}.Release|Any CPU.Build.0 = Release|Any CPU
		{3DD6BFC7-F659-4631-A4C1-2656C04676AC}.Release|ARM.ActiveCfg = Release|Any CPU
		{3DD6BFC7-F659-4631-A4C1-2656C04676AC}.Release|ARM.Build.0 = Release|Any CPU
		{3DD6BFC7-F659-4631-A4C1-2656C04676AC}.Release|ARM64.ActiveCfg = Release|Any CPU
		{3DD6BFC7-F659-4631-A4C1-2656C04676AC}.Release|ARM64.Build.0 = Release|Any CPU
		{3DD6BFC7-F659-4631-A4C1-2656C04676AC}.Release|Mixed Platforms.ActiveCfg = Release|Any CPU
		{3DD6BFC7-F659-4631-A4C1-2656C04676AC}.Release|Mixed Platforms.Build.0 = Release|Any CPU
		{3DD6BFC7-F659-4631-A4C1-2656C04676AC}.Release|x64.ActiveCfg = Release|Any CPU
		{3DD6BFC7-F659-4631-A4C1-2656C04676AC}.Release|x64.Build.0 = Release|Any CPU
		{3DD6BFC7-F659-4631-A4C1-2656C04676AC}.Release|x86.ActiveCfg = Release|Any CPU
		{3DD6BFC7-F659-4631-A4C1-2656C04676AC}.Release|x86.Build.0 = Release|Any CPU
		{3DD6BFC7-F659-4631-A4C1-2656C04676AC}.ReleaseXBAP|Any CPU.ActiveCfg = Release|Any CPU
		{3DD6BFC7-F659-4631-A4C1-2656C04676AC}.ReleaseXBAP|Any CPU.Build.0 = Release|Any CPU
		{3DD6BFC7-F659-4631-A4C1-2656C04676AC}.ReleaseXBAP|ARM.ActiveCfg = Release|Any CPU
		{3DD6BFC7-F659-4631-A4C1-2656C04676AC}.ReleaseXBAP|ARM.Build.0 = Release|Any CPU
		{3DD6BFC7-F659-4631-A4C1-2656C04676AC}.ReleaseXBAP|ARM64.ActiveCfg = Release|Any CPU
		{3DD6BFC7-F659-4631-A4C1-2656C04676AC}.ReleaseXBAP|ARM64.Build.0 = Release|Any CPU
		{3DD6BFC7-F659-4631-A4C1-2656C04676AC}.ReleaseXBAP|Mixed Platforms.ActiveCfg = Release|Any CPU
		{3DD6BFC7-F659-4631-A4C1-2656C04676AC}.ReleaseXBAP|Mixed Platforms.Build.0 = Release|Any CPU
		{3DD6BFC7-F659-4631-A4C1-2656C04676AC}.ReleaseXBAP|x64.ActiveCfg = Release|Any CPU
		{3DD6BFC7-F659-4631-A4C1-2656C04676AC}.ReleaseXBAP|x64.Build.0 = Release|Any CPU
		{3DD6BFC7-F659-4631-A4C1-2656C04676AC}.ReleaseXBAP|x86.ActiveCfg = Release|Any CPU
		{3DD6BFC7-F659-4631-A4C1-2656C04676AC}.ReleaseXBAP|x86.Build.0 = Release|Any CPU
		{3F08A637-8679-4B4E-96B8-AE07AFE3958E}.Debug|Any CPU.ActiveCfg = Debug|Any CPU
		{3F08A637-8679-4B4E-96B8-AE07AFE3958E}.Debug|Any CPU.Build.0 = Debug|Any CPU
		{3F08A637-8679-4B4E-96B8-AE07AFE3958E}.Debug|ARM.ActiveCfg = Debug|Any CPU
		{3F08A637-8679-4B4E-96B8-AE07AFE3958E}.Debug|ARM.Build.0 = Debug|Any CPU
		{3F08A637-8679-4B4E-96B8-AE07AFE3958E}.Debug|ARM64.ActiveCfg = Debug|Any CPU
		{3F08A637-8679-4B4E-96B8-AE07AFE3958E}.Debug|ARM64.Build.0 = Debug|Any CPU
		{3F08A637-8679-4B4E-96B8-AE07AFE3958E}.Debug|Mixed Platforms.ActiveCfg = Debug|Any CPU
		{3F08A637-8679-4B4E-96B8-AE07AFE3958E}.Debug|Mixed Platforms.Build.0 = Debug|Any CPU
		{3F08A637-8679-4B4E-96B8-AE07AFE3958E}.Debug|x64.ActiveCfg = Debug|Any CPU
		{3F08A637-8679-4B4E-96B8-AE07AFE3958E}.Debug|x64.Build.0 = Debug|Any CPU
		{3F08A637-8679-4B4E-96B8-AE07AFE3958E}.Debug|x86.ActiveCfg = Debug|Any CPU
		{3F08A637-8679-4B4E-96B8-AE07AFE3958E}.Debug|x86.Build.0 = Debug|Any CPU
		{3F08A637-8679-4B4E-96B8-AE07AFE3958E}.Release|Any CPU.ActiveCfg = Release|Any CPU
		{3F08A637-8679-4B4E-96B8-AE07AFE3958E}.Release|Any CPU.Build.0 = Release|Any CPU
		{3F08A637-8679-4B4E-96B8-AE07AFE3958E}.Release|ARM.ActiveCfg = Release|Any CPU
		{3F08A637-8679-4B4E-96B8-AE07AFE3958E}.Release|ARM.Build.0 = Release|Any CPU
		{3F08A637-8679-4B4E-96B8-AE07AFE3958E}.Release|ARM64.ActiveCfg = Release|Any CPU
		{3F08A637-8679-4B4E-96B8-AE07AFE3958E}.Release|ARM64.Build.0 = Release|Any CPU
		{3F08A637-8679-4B4E-96B8-AE07AFE3958E}.Release|Mixed Platforms.ActiveCfg = Release|Any CPU
		{3F08A637-8679-4B4E-96B8-AE07AFE3958E}.Release|Mixed Platforms.Build.0 = Release|Any CPU
		{3F08A637-8679-4B4E-96B8-AE07AFE3958E}.Release|x64.ActiveCfg = Release|Any CPU
		{3F08A637-8679-4B4E-96B8-AE07AFE3958E}.Release|x64.Build.0 = Release|Any CPU
		{3F08A637-8679-4B4E-96B8-AE07AFE3958E}.Release|x86.ActiveCfg = Release|Any CPU
		{3F08A637-8679-4B4E-96B8-AE07AFE3958E}.Release|x86.Build.0 = Release|Any CPU
		{3F08A637-8679-4B4E-96B8-AE07AFE3958E}.ReleaseXBAP|Any CPU.ActiveCfg = Release|Any CPU
		{3F08A637-8679-4B4E-96B8-AE07AFE3958E}.ReleaseXBAP|Any CPU.Build.0 = Release|Any CPU
		{3F08A637-8679-4B4E-96B8-AE07AFE3958E}.ReleaseXBAP|ARM.ActiveCfg = Release|Any CPU
		{3F08A637-8679-4B4E-96B8-AE07AFE3958E}.ReleaseXBAP|ARM.Build.0 = Release|Any CPU
		{3F08A637-8679-4B4E-96B8-AE07AFE3958E}.ReleaseXBAP|ARM64.ActiveCfg = Release|Any CPU
		{3F08A637-8679-4B4E-96B8-AE07AFE3958E}.ReleaseXBAP|ARM64.Build.0 = Release|Any CPU
		{3F08A637-8679-4B4E-96B8-AE07AFE3958E}.ReleaseXBAP|Mixed Platforms.ActiveCfg = Release|Any CPU
		{3F08A637-8679-4B4E-96B8-AE07AFE3958E}.ReleaseXBAP|Mixed Platforms.Build.0 = Release|Any CPU
		{3F08A637-8679-4B4E-96B8-AE07AFE3958E}.ReleaseXBAP|x64.ActiveCfg = Release|Any CPU
		{3F08A637-8679-4B4E-96B8-AE07AFE3958E}.ReleaseXBAP|x64.Build.0 = Release|Any CPU
		{3F08A637-8679-4B4E-96B8-AE07AFE3958E}.ReleaseXBAP|x86.ActiveCfg = Release|Any CPU
		{3F08A637-8679-4B4E-96B8-AE07AFE3958E}.ReleaseXBAP|x86.Build.0 = Release|Any CPU
		{A31CDEED-BB34-4B1A-824F-3FDBED39A81D}.Debug|Any CPU.ActiveCfg = Debug|Any CPU
		{A31CDEED-BB34-4B1A-824F-3FDBED39A81D}.Debug|Any CPU.Build.0 = Debug|Any CPU
		{A31CDEED-BB34-4B1A-824F-3FDBED39A81D}.Debug|ARM.ActiveCfg = Debug|Any CPU
		{A31CDEED-BB34-4B1A-824F-3FDBED39A81D}.Debug|ARM.Build.0 = Debug|Any CPU
		{A31CDEED-BB34-4B1A-824F-3FDBED39A81D}.Debug|ARM64.ActiveCfg = Debug|Any CPU
		{A31CDEED-BB34-4B1A-824F-3FDBED39A81D}.Debug|ARM64.Build.0 = Debug|Any CPU
		{A31CDEED-BB34-4B1A-824F-3FDBED39A81D}.Debug|Mixed Platforms.ActiveCfg = Debug|Any CPU
		{A31CDEED-BB34-4B1A-824F-3FDBED39A81D}.Debug|Mixed Platforms.Build.0 = Debug|Any CPU
		{A31CDEED-BB34-4B1A-824F-3FDBED39A81D}.Debug|x64.ActiveCfg = Debug|Any CPU
		{A31CDEED-BB34-4B1A-824F-3FDBED39A81D}.Debug|x64.Build.0 = Debug|Any CPU
		{A31CDEED-BB34-4B1A-824F-3FDBED39A81D}.Debug|x86.ActiveCfg = Debug|Any CPU
		{A31CDEED-BB34-4B1A-824F-3FDBED39A81D}.Debug|x86.Build.0 = Debug|Any CPU
		{A31CDEED-BB34-4B1A-824F-3FDBED39A81D}.Release|Any CPU.ActiveCfg = Release|Any CPU
		{A31CDEED-BB34-4B1A-824F-3FDBED39A81D}.Release|Any CPU.Build.0 = Release|Any CPU
		{A31CDEED-BB34-4B1A-824F-3FDBED39A81D}.Release|ARM.ActiveCfg = Release|Any CPU
		{A31CDEED-BB34-4B1A-824F-3FDBED39A81D}.Release|ARM.Build.0 = Release|Any CPU
		{A31CDEED-BB34-4B1A-824F-3FDBED39A81D}.Release|ARM64.ActiveCfg = Release|Any CPU
		{A31CDEED-BB34-4B1A-824F-3FDBED39A81D}.Release|ARM64.Build.0 = Release|Any CPU
		{A31CDEED-BB34-4B1A-824F-3FDBED39A81D}.Release|Mixed Platforms.ActiveCfg = Release|Any CPU
		{A31CDEED-BB34-4B1A-824F-3FDBED39A81D}.Release|Mixed Platforms.Build.0 = Release|Any CPU
		{A31CDEED-BB34-4B1A-824F-3FDBED39A81D}.Release|x64.ActiveCfg = Release|Any CPU
		{A31CDEED-BB34-4B1A-824F-3FDBED39A81D}.Release|x64.Build.0 = Release|Any CPU
		{A31CDEED-BB34-4B1A-824F-3FDBED39A81D}.Release|x86.ActiveCfg = Release|Any CPU
		{A31CDEED-BB34-4B1A-824F-3FDBED39A81D}.Release|x86.Build.0 = Release|Any CPU
		{A31CDEED-BB34-4B1A-824F-3FDBED39A81D}.ReleaseXBAP|Any CPU.ActiveCfg = Release|Any CPU
		{A31CDEED-BB34-4B1A-824F-3FDBED39A81D}.ReleaseXBAP|Any CPU.Build.0 = Release|Any CPU
		{A31CDEED-BB34-4B1A-824F-3FDBED39A81D}.ReleaseXBAP|ARM.ActiveCfg = Release|Any CPU
		{A31CDEED-BB34-4B1A-824F-3FDBED39A81D}.ReleaseXBAP|ARM.Build.0 = Release|Any CPU
		{A31CDEED-BB34-4B1A-824F-3FDBED39A81D}.ReleaseXBAP|ARM64.ActiveCfg = Release|Any CPU
		{A31CDEED-BB34-4B1A-824F-3FDBED39A81D}.ReleaseXBAP|ARM64.Build.0 = Release|Any CPU
		{A31CDEED-BB34-4B1A-824F-3FDBED39A81D}.ReleaseXBAP|Mixed Platforms.ActiveCfg = Release|Any CPU
		{A31CDEED-BB34-4B1A-824F-3FDBED39A81D}.ReleaseXBAP|Mixed Platforms.Build.0 = Release|Any CPU
		{A31CDEED-BB34-4B1A-824F-3FDBED39A81D}.ReleaseXBAP|x64.ActiveCfg = Release|Any CPU
		{A31CDEED-BB34-4B1A-824F-3FDBED39A81D}.ReleaseXBAP|x64.Build.0 = Release|Any CPU
		{A31CDEED-BB34-4B1A-824F-3FDBED39A81D}.ReleaseXBAP|x86.ActiveCfg = Release|Any CPU
		{A31CDEED-BB34-4B1A-824F-3FDBED39A81D}.ReleaseXBAP|x86.Build.0 = Release|Any CPU
		{946A284B-AFDF-42F8-BF09-96F8FC08ED66}.Debug|Any CPU.ActiveCfg = Debug|Any CPU
		{946A284B-AFDF-42F8-BF09-96F8FC08ED66}.Debug|Any CPU.Build.0 = Debug|Any CPU
		{946A284B-AFDF-42F8-BF09-96F8FC08ED66}.Debug|ARM.ActiveCfg = Debug|Any CPU
		{946A284B-AFDF-42F8-BF09-96F8FC08ED66}.Debug|ARM.Build.0 = Debug|Any CPU
		{946A284B-AFDF-42F8-BF09-96F8FC08ED66}.Debug|ARM64.ActiveCfg = Debug|Any CPU
		{946A284B-AFDF-42F8-BF09-96F8FC08ED66}.Debug|ARM64.Build.0 = Debug|Any CPU
		{946A284B-AFDF-42F8-BF09-96F8FC08ED66}.Debug|Mixed Platforms.ActiveCfg = Debug|Any CPU
		{946A284B-AFDF-42F8-BF09-96F8FC08ED66}.Debug|Mixed Platforms.Build.0 = Debug|Any CPU
		{946A284B-AFDF-42F8-BF09-96F8FC08ED66}.Debug|x64.ActiveCfg = Debug|Any CPU
		{946A284B-AFDF-42F8-BF09-96F8FC08ED66}.Debug|x64.Build.0 = Debug|Any CPU
		{946A284B-AFDF-42F8-BF09-96F8FC08ED66}.Debug|x86.ActiveCfg = Debug|Any CPU
		{946A284B-AFDF-42F8-BF09-96F8FC08ED66}.Debug|x86.Build.0 = Debug|Any CPU
		{946A284B-AFDF-42F8-BF09-96F8FC08ED66}.Release|Any CPU.ActiveCfg = Release|Any CPU
		{946A284B-AFDF-42F8-BF09-96F8FC08ED66}.Release|Any CPU.Build.0 = Release|Any CPU
		{946A284B-AFDF-42F8-BF09-96F8FC08ED66}.Release|ARM.ActiveCfg = Release|Any CPU
		{946A284B-AFDF-42F8-BF09-96F8FC08ED66}.Release|ARM.Build.0 = Release|Any CPU
		{946A284B-AFDF-42F8-BF09-96F8FC08ED66}.Release|ARM64.ActiveCfg = Release|Any CPU
		{946A284B-AFDF-42F8-BF09-96F8FC08ED66}.Release|ARM64.Build.0 = Release|Any CPU
		{946A284B-AFDF-42F8-BF09-96F8FC08ED66}.Release|Mixed Platforms.ActiveCfg = Release|Any CPU
		{946A284B-AFDF-42F8-BF09-96F8FC08ED66}.Release|Mixed Platforms.Build.0 = Release|Any CPU
		{946A284B-AFDF-42F8-BF09-96F8FC08ED66}.Release|x64.ActiveCfg = Release|Any CPU
		{946A284B-AFDF-42F8-BF09-96F8FC08ED66}.Release|x64.Build.0 = Release|Any CPU
		{946A284B-AFDF-42F8-BF09-96F8FC08ED66}.Release|x86.ActiveCfg = Release|Any CPU
		{946A284B-AFDF-42F8-BF09-96F8FC08ED66}.Release|x86.Build.0 = Release|Any CPU
		{946A284B-AFDF-42F8-BF09-96F8FC08ED66}.ReleaseXBAP|Any CPU.ActiveCfg = Release|Any CPU
		{946A284B-AFDF-42F8-BF09-96F8FC08ED66}.ReleaseXBAP|Any CPU.Build.0 = Release|Any CPU
		{946A284B-AFDF-42F8-BF09-96F8FC08ED66}.ReleaseXBAP|ARM.ActiveCfg = Release|Any CPU
		{946A284B-AFDF-42F8-BF09-96F8FC08ED66}.ReleaseXBAP|ARM.Build.0 = Release|Any CPU
		{946A284B-AFDF-42F8-BF09-96F8FC08ED66}.ReleaseXBAP|ARM64.ActiveCfg = Release|Any CPU
		{946A284B-AFDF-42F8-BF09-96F8FC08ED66}.ReleaseXBAP|ARM64.Build.0 = Release|Any CPU
		{946A284B-AFDF-42F8-BF09-96F8FC08ED66}.ReleaseXBAP|Mixed Platforms.ActiveCfg = Release|Any CPU
		{946A284B-AFDF-42F8-BF09-96F8FC08ED66}.ReleaseXBAP|Mixed Platforms.Build.0 = Release|Any CPU
		{946A284B-AFDF-42F8-BF09-96F8FC08ED66}.ReleaseXBAP|x64.ActiveCfg = Release|Any CPU
		{946A284B-AFDF-42F8-BF09-96F8FC08ED66}.ReleaseXBAP|x64.Build.0 = Release|Any CPU
		{946A284B-AFDF-42F8-BF09-96F8FC08ED66}.ReleaseXBAP|x86.ActiveCfg = Release|Any CPU
		{946A284B-AFDF-42F8-BF09-96F8FC08ED66}.ReleaseXBAP|x86.Build.0 = Release|Any CPU
		{D8EBB870-5C3F-4018-AEE4-80C9E68867C2}.Debug|Any CPU.ActiveCfg = Debug|Any CPU
		{D8EBB870-5C3F-4018-AEE4-80C9E68867C2}.Debug|Any CPU.Build.0 = Debug|Any CPU
		{D8EBB870-5C3F-4018-AEE4-80C9E68867C2}.Debug|ARM.ActiveCfg = Debug|Any CPU
		{D8EBB870-5C3F-4018-AEE4-80C9E68867C2}.Debug|ARM.Build.0 = Debug|Any CPU
		{D8EBB870-5C3F-4018-AEE4-80C9E68867C2}.Debug|ARM64.ActiveCfg = Debug|Any CPU
		{D8EBB870-5C3F-4018-AEE4-80C9E68867C2}.Debug|ARM64.Build.0 = Debug|Any CPU
		{D8EBB870-5C3F-4018-AEE4-80C9E68867C2}.Debug|Mixed Platforms.ActiveCfg = Debug|Any CPU
		{D8EBB870-5C3F-4018-AEE4-80C9E68867C2}.Debug|Mixed Platforms.Build.0 = Debug|Any CPU
		{D8EBB870-5C3F-4018-AEE4-80C9E68867C2}.Debug|x64.ActiveCfg = Debug|Any CPU
		{D8EBB870-5C3F-4018-AEE4-80C9E68867C2}.Debug|x64.Build.0 = Debug|Any CPU
		{D8EBB870-5C3F-4018-AEE4-80C9E68867C2}.Debug|x86.ActiveCfg = Debug|Any CPU
		{D8EBB870-5C3F-4018-AEE4-80C9E68867C2}.Debug|x86.Build.0 = Debug|Any CPU
		{D8EBB870-5C3F-4018-AEE4-80C9E68867C2}.Release|Any CPU.ActiveCfg = Release|Any CPU
		{D8EBB870-5C3F-4018-AEE4-80C9E68867C2}.Release|Any CPU.Build.0 = Release|Any CPU
		{D8EBB870-5C3F-4018-AEE4-80C9E68867C2}.Release|ARM.ActiveCfg = Release|Any CPU
		{D8EBB870-5C3F-4018-AEE4-80C9E68867C2}.Release|ARM.Build.0 = Release|Any CPU
		{D8EBB870-5C3F-4018-AEE4-80C9E68867C2}.Release|ARM64.ActiveCfg = Release|Any CPU
		{D8EBB870-5C3F-4018-AEE4-80C9E68867C2}.Release|ARM64.Build.0 = Release|Any CPU
		{D8EBB870-5C3F-4018-AEE4-80C9E68867C2}.Release|Mixed Platforms.ActiveCfg = Release|Any CPU
		{D8EBB870-5C3F-4018-AEE4-80C9E68867C2}.Release|Mixed Platforms.Build.0 = Release|Any CPU
		{D8EBB870-5C3F-4018-AEE4-80C9E68867C2}.Release|x64.ActiveCfg = Release|Any CPU
		{D8EBB870-5C3F-4018-AEE4-80C9E68867C2}.Release|x64.Build.0 = Release|Any CPU
		{D8EBB870-5C3F-4018-AEE4-80C9E68867C2}.Release|x86.ActiveCfg = Release|Any CPU
		{D8EBB870-5C3F-4018-AEE4-80C9E68867C2}.Release|x86.Build.0 = Release|Any CPU
		{D8EBB870-5C3F-4018-AEE4-80C9E68867C2}.ReleaseXBAP|Any CPU.ActiveCfg = Release|Any CPU
		{D8EBB870-5C3F-4018-AEE4-80C9E68867C2}.ReleaseXBAP|Any CPU.Build.0 = Release|Any CPU
		{D8EBB870-5C3F-4018-AEE4-80C9E68867C2}.ReleaseXBAP|ARM.ActiveCfg = Release|Any CPU
		{D8EBB870-5C3F-4018-AEE4-80C9E68867C2}.ReleaseXBAP|ARM.Build.0 = Release|Any CPU
		{D8EBB870-5C3F-4018-AEE4-80C9E68867C2}.ReleaseXBAP|ARM64.ActiveCfg = Release|Any CPU
		{D8EBB870-5C3F-4018-AEE4-80C9E68867C2}.ReleaseXBAP|ARM64.Build.0 = Release|Any CPU
		{D8EBB870-5C3F-4018-AEE4-80C9E68867C2}.ReleaseXBAP|Mixed Platforms.ActiveCfg = Release|Any CPU
		{D8EBB870-5C3F-4018-AEE4-80C9E68867C2}.ReleaseXBAP|Mixed Platforms.Build.0 = Release|Any CPU
		{D8EBB870-5C3F-4018-AEE4-80C9E68867C2}.ReleaseXBAP|x64.ActiveCfg = Release|Any CPU
		{D8EBB870-5C3F-4018-AEE4-80C9E68867C2}.ReleaseXBAP|x64.Build.0 = Release|Any CPU
		{D8EBB870-5C3F-4018-AEE4-80C9E68867C2}.ReleaseXBAP|x86.ActiveCfg = Release|Any CPU
		{D8EBB870-5C3F-4018-AEE4-80C9E68867C2}.ReleaseXBAP|x86.Build.0 = Release|Any CPU
		{C40F853C-B56D-46D2-8AFF-B872E2D2CCFA}.Debug|Any CPU.ActiveCfg = Debug|Any CPU
		{C40F853C-B56D-46D2-8AFF-B872E2D2CCFA}.Debug|Any CPU.Build.0 = Debug|Any CPU
		{C40F853C-B56D-46D2-8AFF-B872E2D2CCFA}.Debug|ARM.ActiveCfg = Debug|Any CPU
		{C40F853C-B56D-46D2-8AFF-B872E2D2CCFA}.Debug|ARM.Build.0 = Debug|Any CPU
		{C40F853C-B56D-46D2-8AFF-B872E2D2CCFA}.Debug|ARM64.ActiveCfg = Debug|Any CPU
		{C40F853C-B56D-46D2-8AFF-B872E2D2CCFA}.Debug|ARM64.Build.0 = Debug|Any CPU
		{C40F853C-B56D-46D2-8AFF-B872E2D2CCFA}.Debug|Mixed Platforms.ActiveCfg = Debug|Any CPU
		{C40F853C-B56D-46D2-8AFF-B872E2D2CCFA}.Debug|Mixed Platforms.Build.0 = Debug|Any CPU
		{C40F853C-B56D-46D2-8AFF-B872E2D2CCFA}.Debug|x64.ActiveCfg = Debug|Any CPU
		{C40F853C-B56D-46D2-8AFF-B872E2D2CCFA}.Debug|x64.Build.0 = Debug|Any CPU
		{C40F853C-B56D-46D2-8AFF-B872E2D2CCFA}.Debug|x86.ActiveCfg = Debug|Any CPU
		{C40F853C-B56D-46D2-8AFF-B872E2D2CCFA}.Debug|x86.Build.0 = Debug|Any CPU
		{C40F853C-B56D-46D2-8AFF-B872E2D2CCFA}.Release|Any CPU.ActiveCfg = Release|Any CPU
		{C40F853C-B56D-46D2-8AFF-B872E2D2CCFA}.Release|Any CPU.Build.0 = Release|Any CPU
		{C40F853C-B56D-46D2-8AFF-B872E2D2CCFA}.Release|ARM.ActiveCfg = Release|Any CPU
		{C40F853C-B56D-46D2-8AFF-B872E2D2CCFA}.Release|ARM.Build.0 = Release|Any CPU
		{C40F853C-B56D-46D2-8AFF-B872E2D2CCFA}.Release|ARM64.ActiveCfg = Release|Any CPU
		{C40F853C-B56D-46D2-8AFF-B872E2D2CCFA}.Release|ARM64.Build.0 = Release|Any CPU
		{C40F853C-B56D-46D2-8AFF-B872E2D2CCFA}.Release|Mixed Platforms.ActiveCfg = Release|Any CPU
		{C40F853C-B56D-46D2-8AFF-B872E2D2CCFA}.Release|Mixed Platforms.Build.0 = Release|Any CPU
		{C40F853C-B56D-46D2-8AFF-B872E2D2CCFA}.Release|x64.ActiveCfg = Release|Any CPU
		{C40F853C-B56D-46D2-8AFF-B872E2D2CCFA}.Release|x64.Build.0 = Release|Any CPU
		{C40F853C-B56D-46D2-8AFF-B872E2D2CCFA}.Release|x86.ActiveCfg = Release|Any CPU
		{C40F853C-B56D-46D2-8AFF-B872E2D2CCFA}.Release|x86.Build.0 = Release|Any CPU
		{C40F853C-B56D-46D2-8AFF-B872E2D2CCFA}.ReleaseXBAP|Any CPU.ActiveCfg = Release|Any CPU
		{C40F853C-B56D-46D2-8AFF-B872E2D2CCFA}.ReleaseXBAP|Any CPU.Build.0 = Release|Any CPU
		{C40F853C-B56D-46D2-8AFF-B872E2D2CCFA}.ReleaseXBAP|ARM.ActiveCfg = Release|Any CPU
		{C40F853C-B56D-46D2-8AFF-B872E2D2CCFA}.ReleaseXBAP|ARM.Build.0 = Release|Any CPU
		{C40F853C-B56D-46D2-8AFF-B872E2D2CCFA}.ReleaseXBAP|ARM64.ActiveCfg = Release|Any CPU
		{C40F853C-B56D-46D2-8AFF-B872E2D2CCFA}.ReleaseXBAP|ARM64.Build.0 = Release|Any CPU
		{C40F853C-B56D-46D2-8AFF-B872E2D2CCFA}.ReleaseXBAP|Mixed Platforms.ActiveCfg = Release|Any CPU
		{C40F853C-B56D-46D2-8AFF-B872E2D2CCFA}.ReleaseXBAP|Mixed Platforms.Build.0 = Release|Any CPU
		{C40F853C-B56D-46D2-8AFF-B872E2D2CCFA}.ReleaseXBAP|x64.ActiveCfg = Release|Any CPU
		{C40F853C-B56D-46D2-8AFF-B872E2D2CCFA}.ReleaseXBAP|x64.Build.0 = Release|Any CPU
		{C40F853C-B56D-46D2-8AFF-B872E2D2CCFA}.ReleaseXBAP|x86.ActiveCfg = Release|Any CPU
		{C40F853C-B56D-46D2-8AFF-B872E2D2CCFA}.ReleaseXBAP|x86.Build.0 = Release|Any CPU
		{495323A3-AC2B-40CC-92C1-9F500F744716}.Debug|Any CPU.ActiveCfg = Debug|Any CPU
		{495323A3-AC2B-40CC-92C1-9F500F744716}.Debug|Any CPU.Build.0 = Debug|Any CPU
		{495323A3-AC2B-40CC-92C1-9F500F744716}.Debug|ARM.ActiveCfg = Debug|Any CPU
		{495323A3-AC2B-40CC-92C1-9F500F744716}.Debug|ARM.Build.0 = Debug|Any CPU
		{495323A3-AC2B-40CC-92C1-9F500F744716}.Debug|ARM64.ActiveCfg = Debug|Any CPU
		{495323A3-AC2B-40CC-92C1-9F500F744716}.Debug|ARM64.Build.0 = Debug|Any CPU
		{495323A3-AC2B-40CC-92C1-9F500F744716}.Debug|Mixed Platforms.ActiveCfg = Debug|Any CPU
		{495323A3-AC2B-40CC-92C1-9F500F744716}.Debug|Mixed Platforms.Build.0 = Debug|Any CPU
		{495323A3-AC2B-40CC-92C1-9F500F744716}.Debug|x64.ActiveCfg = Debug|Any CPU
		{495323A3-AC2B-40CC-92C1-9F500F744716}.Debug|x64.Build.0 = Debug|Any CPU
		{495323A3-AC2B-40CC-92C1-9F500F744716}.Debug|x86.ActiveCfg = Debug|Any CPU
		{495323A3-AC2B-40CC-92C1-9F500F744716}.Debug|x86.Build.0 = Debug|Any CPU
		{495323A3-AC2B-40CC-92C1-9F500F744716}.Release|Any CPU.ActiveCfg = Release|Any CPU
		{495323A3-AC2B-40CC-92C1-9F500F744716}.Release|Any CPU.Build.0 = Release|Any CPU
		{495323A3-AC2B-40CC-92C1-9F500F744716}.Release|ARM.ActiveCfg = Release|Any CPU
		{495323A3-AC2B-40CC-92C1-9F500F744716}.Release|ARM.Build.0 = Release|Any CPU
		{495323A3-AC2B-40CC-92C1-9F500F744716}.Release|ARM64.ActiveCfg = Release|Any CPU
		{495323A3-AC2B-40CC-92C1-9F500F744716}.Release|ARM64.Build.0 = Release|Any CPU
		{495323A3-AC2B-40CC-92C1-9F500F744716}.Release|Mixed Platforms.ActiveCfg = Release|Any CPU
		{495323A3-AC2B-40CC-92C1-9F500F744716}.Release|Mixed Platforms.Build.0 = Release|Any CPU
		{495323A3-AC2B-40CC-92C1-9F500F744716}.Release|x64.ActiveCfg = Release|Any CPU
		{495323A3-AC2B-40CC-92C1-9F500F744716}.Release|x64.Build.0 = Release|Any CPU
		{495323A3-AC2B-40CC-92C1-9F500F744716}.Release|x86.ActiveCfg = Release|Any CPU
		{495323A3-AC2B-40CC-92C1-9F500F744716}.Release|x86.Build.0 = Release|Any CPU
		{495323A3-AC2B-40CC-92C1-9F500F744716}.ReleaseXBAP|Any CPU.ActiveCfg = Release|Any CPU
		{495323A3-AC2B-40CC-92C1-9F500F744716}.ReleaseXBAP|Any CPU.Build.0 = Release|Any CPU
		{495323A3-AC2B-40CC-92C1-9F500F744716}.ReleaseXBAP|ARM.ActiveCfg = Release|Any CPU
		{495323A3-AC2B-40CC-92C1-9F500F744716}.ReleaseXBAP|ARM.Build.0 = Release|Any CPU
		{495323A3-AC2B-40CC-92C1-9F500F744716}.ReleaseXBAP|ARM64.ActiveCfg = Release|Any CPU
		{495323A3-AC2B-40CC-92C1-9F500F744716}.ReleaseXBAP|ARM64.Build.0 = Release|Any CPU
		{495323A3-AC2B-40CC-92C1-9F500F744716}.ReleaseXBAP|Mixed Platforms.ActiveCfg = Release|Any CPU
		{495323A3-AC2B-40CC-92C1-9F500F744716}.ReleaseXBAP|Mixed Platforms.Build.0 = Release|Any CPU
		{495323A3-AC2B-40CC-92C1-9F500F744716}.ReleaseXBAP|x64.ActiveCfg = Release|Any CPU
		{495323A3-AC2B-40CC-92C1-9F500F744716}.ReleaseXBAP|x64.Build.0 = Release|Any CPU
		{495323A3-AC2B-40CC-92C1-9F500F744716}.ReleaseXBAP|x86.ActiveCfg = Release|Any CPU
		{495323A3-AC2B-40CC-92C1-9F500F744716}.ReleaseXBAP|x86.Build.0 = Release|Any CPU
		{B915046E-7DD0-45E0-9A51-EE8FE7AABC58}.Debug|Any CPU.ActiveCfg = Debug|Any CPU
		{B915046E-7DD0-45E0-9A51-EE8FE7AABC58}.Debug|Any CPU.Build.0 = Debug|Any CPU
		{B915046E-7DD0-45E0-9A51-EE8FE7AABC58}.Debug|ARM.ActiveCfg = Debug|Any CPU
		{B915046E-7DD0-45E0-9A51-EE8FE7AABC58}.Debug|ARM.Build.0 = Debug|Any CPU
		{B915046E-7DD0-45E0-9A51-EE8FE7AABC58}.Debug|ARM64.ActiveCfg = Debug|Any CPU
		{B915046E-7DD0-45E0-9A51-EE8FE7AABC58}.Debug|ARM64.Build.0 = Debug|Any CPU
		{B915046E-7DD0-45E0-9A51-EE8FE7AABC58}.Debug|Mixed Platforms.ActiveCfg = Debug|Any CPU
		{B915046E-7DD0-45E0-9A51-EE8FE7AABC58}.Debug|Mixed Platforms.Build.0 = Debug|Any CPU
		{B915046E-7DD0-45E0-9A51-EE8FE7AABC58}.Debug|x64.ActiveCfg = Debug|Any CPU
		{B915046E-7DD0-45E0-9A51-EE8FE7AABC58}.Debug|x64.Build.0 = Debug|Any CPU
		{B915046E-7DD0-45E0-9A51-EE8FE7AABC58}.Debug|x86.ActiveCfg = Debug|Any CPU
		{B915046E-7DD0-45E0-9A51-EE8FE7AABC58}.Debug|x86.Build.0 = Debug|Any CPU
		{B915046E-7DD0-45E0-9A51-EE8FE7AABC58}.Release|Any CPU.ActiveCfg = Release|Any CPU
		{B915046E-7DD0-45E0-9A51-EE8FE7AABC58}.Release|Any CPU.Build.0 = Release|Any CPU
		{B915046E-7DD0-45E0-9A51-EE8FE7AABC58}.Release|ARM.ActiveCfg = Release|Any CPU
		{B915046E-7DD0-45E0-9A51-EE8FE7AABC58}.Release|ARM.Build.0 = Release|Any CPU
		{B915046E-7DD0-45E0-9A51-EE8FE7AABC58}.Release|ARM64.ActiveCfg = Release|Any CPU
		{B915046E-7DD0-45E0-9A51-EE8FE7AABC58}.Release|ARM64.Build.0 = Release|Any CPU
		{B915046E-7DD0-45E0-9A51-EE8FE7AABC58}.Release|Mixed Platforms.ActiveCfg = Release|Any CPU
		{B915046E-7DD0-45E0-9A51-EE8FE7AABC58}.Release|Mixed Platforms.Build.0 = Release|Any CPU
		{B915046E-7DD0-45E0-9A51-EE8FE7AABC58}.Release|x64.ActiveCfg = Release|Any CPU
		{B915046E-7DD0-45E0-9A51-EE8FE7AABC58}.Release|x64.Build.0 = Release|Any CPU
		{B915046E-7DD0-45E0-9A51-EE8FE7AABC58}.Release|x86.ActiveCfg = Release|Any CPU
		{B915046E-7DD0-45E0-9A51-EE8FE7AABC58}.Release|x86.Build.0 = Release|Any CPU
		{B915046E-7DD0-45E0-9A51-EE8FE7AABC58}.ReleaseXBAP|Any CPU.ActiveCfg = Release|Any CPU
		{B915046E-7DD0-45E0-9A51-EE8FE7AABC58}.ReleaseXBAP|Any CPU.Build.0 = Release|Any CPU
		{B915046E-7DD0-45E0-9A51-EE8FE7AABC58}.ReleaseXBAP|ARM.ActiveCfg = Release|Any CPU
		{B915046E-7DD0-45E0-9A51-EE8FE7AABC58}.ReleaseXBAP|ARM.Build.0 = Release|Any CPU
		{B915046E-7DD0-45E0-9A51-EE8FE7AABC58}.ReleaseXBAP|ARM64.ActiveCfg = Release|Any CPU
		{B915046E-7DD0-45E0-9A51-EE8FE7AABC58}.ReleaseXBAP|ARM64.Build.0 = Release|Any CPU
		{B915046E-7DD0-45E0-9A51-EE8FE7AABC58}.ReleaseXBAP|Mixed Platforms.ActiveCfg = Release|Any CPU
		{B915046E-7DD0-45E0-9A51-EE8FE7AABC58}.ReleaseXBAP|Mixed Platforms.Build.0 = Release|Any CPU
		{B915046E-7DD0-45E0-9A51-EE8FE7AABC58}.ReleaseXBAP|x64.ActiveCfg = Release|Any CPU
		{B915046E-7DD0-45E0-9A51-EE8FE7AABC58}.ReleaseXBAP|x64.Build.0 = Release|Any CPU
		{B915046E-7DD0-45E0-9A51-EE8FE7AABC58}.ReleaseXBAP|x86.ActiveCfg = Release|Any CPU
		{B915046E-7DD0-45E0-9A51-EE8FE7AABC58}.ReleaseXBAP|x86.Build.0 = Release|Any CPU
		{65791AE4-102A-4DDC-B5E4-F2F302599B2B}.Debug|Any CPU.ActiveCfg = Debug|Any CPU
		{65791AE4-102A-4DDC-B5E4-F2F302599B2B}.Debug|Any CPU.Build.0 = Debug|Any CPU
		{65791AE4-102A-4DDC-B5E4-F2F302599B2B}.Debug|ARM.ActiveCfg = Debug|Any CPU
		{65791AE4-102A-4DDC-B5E4-F2F302599B2B}.Debug|ARM.Build.0 = Debug|Any CPU
		{65791AE4-102A-4DDC-B5E4-F2F302599B2B}.Debug|ARM64.ActiveCfg = Debug|Any CPU
		{65791AE4-102A-4DDC-B5E4-F2F302599B2B}.Debug|ARM64.Build.0 = Debug|Any CPU
		{65791AE4-102A-4DDC-B5E4-F2F302599B2B}.Debug|Mixed Platforms.ActiveCfg = Debug|Any CPU
		{65791AE4-102A-4DDC-B5E4-F2F302599B2B}.Debug|Mixed Platforms.Build.0 = Debug|Any CPU
		{65791AE4-102A-4DDC-B5E4-F2F302599B2B}.Debug|x64.ActiveCfg = Debug|Any CPU
		{65791AE4-102A-4DDC-B5E4-F2F302599B2B}.Debug|x64.Build.0 = Debug|Any CPU
		{65791AE4-102A-4DDC-B5E4-F2F302599B2B}.Debug|x86.ActiveCfg = Debug|Any CPU
		{65791AE4-102A-4DDC-B5E4-F2F302599B2B}.Debug|x86.Build.0 = Debug|Any CPU
		{65791AE4-102A-4DDC-B5E4-F2F302599B2B}.Release|Any CPU.ActiveCfg = Release|Any CPU
		{65791AE4-102A-4DDC-B5E4-F2F302599B2B}.Release|Any CPU.Build.0 = Release|Any CPU
		{65791AE4-102A-4DDC-B5E4-F2F302599B2B}.Release|ARM.ActiveCfg = Release|Any CPU
		{65791AE4-102A-4DDC-B5E4-F2F302599B2B}.Release|ARM.Build.0 = Release|Any CPU
		{65791AE4-102A-4DDC-B5E4-F2F302599B2B}.Release|ARM64.ActiveCfg = Release|Any CPU
		{65791AE4-102A-4DDC-B5E4-F2F302599B2B}.Release|ARM64.Build.0 = Release|Any CPU
		{65791AE4-102A-4DDC-B5E4-F2F302599B2B}.Release|Mixed Platforms.ActiveCfg = Release|Any CPU
		{65791AE4-102A-4DDC-B5E4-F2F302599B2B}.Release|Mixed Platforms.Build.0 = Release|Any CPU
		{65791AE4-102A-4DDC-B5E4-F2F302599B2B}.Release|x64.ActiveCfg = Release|Any CPU
		{65791AE4-102A-4DDC-B5E4-F2F302599B2B}.Release|x64.Build.0 = Release|Any CPU
		{65791AE4-102A-4DDC-B5E4-F2F302599B2B}.Release|x86.ActiveCfg = Release|Any CPU
		{65791AE4-102A-4DDC-B5E4-F2F302599B2B}.Release|x86.Build.0 = Release|Any CPU
		{65791AE4-102A-4DDC-B5E4-F2F302599B2B}.ReleaseXBAP|Any CPU.ActiveCfg = Release|Any CPU
		{65791AE4-102A-4DDC-B5E4-F2F302599B2B}.ReleaseXBAP|Any CPU.Build.0 = Release|Any CPU
		{65791AE4-102A-4DDC-B5E4-F2F302599B2B}.ReleaseXBAP|ARM.ActiveCfg = Release|Any CPU
		{65791AE4-102A-4DDC-B5E4-F2F302599B2B}.ReleaseXBAP|ARM.Build.0 = Release|Any CPU
		{65791AE4-102A-4DDC-B5E4-F2F302599B2B}.ReleaseXBAP|ARM64.ActiveCfg = Release|Any CPU
		{65791AE4-102A-4DDC-B5E4-F2F302599B2B}.ReleaseXBAP|ARM64.Build.0 = Release|Any CPU
		{65791AE4-102A-4DDC-B5E4-F2F302599B2B}.ReleaseXBAP|Mixed Platforms.ActiveCfg = Release|Any CPU
		{65791AE4-102A-4DDC-B5E4-F2F302599B2B}.ReleaseXBAP|Mixed Platforms.Build.0 = Release|Any CPU
		{65791AE4-102A-4DDC-B5E4-F2F302599B2B}.ReleaseXBAP|x64.ActiveCfg = Release|Any CPU
		{65791AE4-102A-4DDC-B5E4-F2F302599B2B}.ReleaseXBAP|x64.Build.0 = Release|Any CPU
		{65791AE4-102A-4DDC-B5E4-F2F302599B2B}.ReleaseXBAP|x86.ActiveCfg = Release|Any CPU
		{65791AE4-102A-4DDC-B5E4-F2F302599B2B}.ReleaseXBAP|x86.Build.0 = Release|Any CPU
		{E743AC0B-24E5-417D-A0EA-0EC6AE9C746F}.Debug|Any CPU.ActiveCfg = Debug|Any CPU
		{E743AC0B-24E5-417D-A0EA-0EC6AE9C746F}.Debug|Any CPU.Build.0 = Debug|Any CPU
		{E743AC0B-24E5-417D-A0EA-0EC6AE9C746F}.Debug|ARM.ActiveCfg = Debug|Any CPU
		{E743AC0B-24E5-417D-A0EA-0EC6AE9C746F}.Debug|ARM.Build.0 = Debug|Any CPU
		{E743AC0B-24E5-417D-A0EA-0EC6AE9C746F}.Debug|ARM64.ActiveCfg = Debug|Any CPU
		{E743AC0B-24E5-417D-A0EA-0EC6AE9C746F}.Debug|ARM64.Build.0 = Debug|Any CPU
		{E743AC0B-24E5-417D-A0EA-0EC6AE9C746F}.Debug|Mixed Platforms.ActiveCfg = Debug|Any CPU
		{E743AC0B-24E5-417D-A0EA-0EC6AE9C746F}.Debug|Mixed Platforms.Build.0 = Debug|Any CPU
		{E743AC0B-24E5-417D-A0EA-0EC6AE9C746F}.Debug|x64.ActiveCfg = Debug|Any CPU
		{E743AC0B-24E5-417D-A0EA-0EC6AE9C746F}.Debug|x64.Build.0 = Debug|Any CPU
		{E743AC0B-24E5-417D-A0EA-0EC6AE9C746F}.Debug|x86.ActiveCfg = Debug|Any CPU
		{E743AC0B-24E5-417D-A0EA-0EC6AE9C746F}.Debug|x86.Build.0 = Debug|Any CPU
		{E743AC0B-24E5-417D-A0EA-0EC6AE9C746F}.Release|Any CPU.ActiveCfg = Release|Any CPU
		{E743AC0B-24E5-417D-A0EA-0EC6AE9C746F}.Release|Any CPU.Build.0 = Release|Any CPU
		{E743AC0B-24E5-417D-A0EA-0EC6AE9C746F}.Release|ARM.ActiveCfg = Release|Any CPU
		{E743AC0B-24E5-417D-A0EA-0EC6AE9C746F}.Release|ARM.Build.0 = Release|Any CPU
		{E743AC0B-24E5-417D-A0EA-0EC6AE9C746F}.Release|ARM64.ActiveCfg = Release|Any CPU
		{E743AC0B-24E5-417D-A0EA-0EC6AE9C746F}.Release|ARM64.Build.0 = Release|Any CPU
		{E743AC0B-24E5-417D-A0EA-0EC6AE9C746F}.Release|Mixed Platforms.ActiveCfg = Release|Any CPU
		{E743AC0B-24E5-417D-A0EA-0EC6AE9C746F}.Release|Mixed Platforms.Build.0 = Release|Any CPU
		{E743AC0B-24E5-417D-A0EA-0EC6AE9C746F}.Release|x64.ActiveCfg = Release|Any CPU
		{E743AC0B-24E5-417D-A0EA-0EC6AE9C746F}.Release|x64.Build.0 = Release|Any CPU
		{E743AC0B-24E5-417D-A0EA-0EC6AE9C746F}.Release|x86.ActiveCfg = Release|Any CPU
		{E743AC0B-24E5-417D-A0EA-0EC6AE9C746F}.Release|x86.Build.0 = Release|Any CPU
		{E743AC0B-24E5-417D-A0EA-0EC6AE9C746F}.ReleaseXBAP|Any CPU.ActiveCfg = Release|Any CPU
		{E743AC0B-24E5-417D-A0EA-0EC6AE9C746F}.ReleaseXBAP|Any CPU.Build.0 = Release|Any CPU
		{E743AC0B-24E5-417D-A0EA-0EC6AE9C746F}.ReleaseXBAP|ARM.ActiveCfg = Release|Any CPU
		{E743AC0B-24E5-417D-A0EA-0EC6AE9C746F}.ReleaseXBAP|ARM.Build.0 = Release|Any CPU
		{E743AC0B-24E5-417D-A0EA-0EC6AE9C746F}.ReleaseXBAP|ARM64.ActiveCfg = Release|Any CPU
		{E743AC0B-24E5-417D-A0EA-0EC6AE9C746F}.ReleaseXBAP|ARM64.Build.0 = Release|Any CPU
		{E743AC0B-24E5-417D-A0EA-0EC6AE9C746F}.ReleaseXBAP|Mixed Platforms.ActiveCfg = Release|Any CPU
		{E743AC0B-24E5-417D-A0EA-0EC6AE9C746F}.ReleaseXBAP|Mixed Platforms.Build.0 = Release|Any CPU
		{E743AC0B-24E5-417D-A0EA-0EC6AE9C746F}.ReleaseXBAP|x64.ActiveCfg = Release|Any CPU
		{E743AC0B-24E5-417D-A0EA-0EC6AE9C746F}.ReleaseXBAP|x64.Build.0 = Release|Any CPU
		{E743AC0B-24E5-417D-A0EA-0EC6AE9C746F}.ReleaseXBAP|x86.ActiveCfg = Release|Any CPU
		{E743AC0B-24E5-417D-A0EA-0EC6AE9C746F}.ReleaseXBAP|x86.Build.0 = Release|Any CPU
	EndGlobalSection
	GlobalSection(SolutionProperties) = preSolution
		HideSolutionNode = FALSE
	EndGlobalSection
	GlobalSection(NestedProjects) = preSolution
		{0B0643CC-8B07-4329-B078-D855D0F878FF} = {1EFBE1E0-3863-42DD-9A5F-F9CBA4D2BD6B}
		{1E6A6EA2-E487-4BDF-B6AD-2C7A7780CBE3} = {1EFBE1E0-3863-42DD-9A5F-F9CBA4D2BD6B}
		{D82B521F-82CC-4BFC-83A7-414D7A79F7BC} = {1EFBE1E0-3863-42DD-9A5F-F9CBA4D2BD6B}
		{49D22AEA-6605-463E-89B6-9EE38D24743F} = {1EFBE1E0-3863-42DD-9A5F-F9CBA4D2BD6B}
		{738FE311-C2AF-4CFE-BB7F-99E2E86CEC3F} = {1EFBE1E0-3863-42DD-9A5F-F9CBA4D2BD6B}
		{3DD6BFC7-F659-4631-A4C1-2656C04676AC} = {1EFBE1E0-3863-42DD-9A5F-F9CBA4D2BD6B}
		{3F08A637-8679-4B4E-96B8-AE07AFE3958E} = {1EFBE1E0-3863-42DD-9A5F-F9CBA4D2BD6B}
		{A31CDEED-BB34-4B1A-824F-3FDBED39A81D} = {1EFBE1E0-3863-42DD-9A5F-F9CBA4D2BD6B}
		{946A284B-AFDF-42F8-BF09-96F8FC08ED66} = {A69CA407-4536-48F4-9073-14346E613765}
		{D8EBB870-5C3F-4018-AEE4-80C9E68867C2} = {A69CA407-4536-48F4-9073-14346E613765}
		{C40F853C-B56D-46D2-8AFF-B872E2D2CCFA} = {A69CA407-4536-48F4-9073-14346E613765}
		{495323A3-AC2B-40CC-92C1-9F500F744716} = {A69CA407-4536-48F4-9073-14346E613765}
		{B915046E-7DD0-45E0-9A51-EE8FE7AABC58} = {A69CA407-4536-48F4-9073-14346E613765}
		{65791AE4-102A-4DDC-B5E4-F2F302599B2B} = {A69CA407-4536-48F4-9073-14346E613765}
		{E743AC0B-24E5-417D-A0EA-0EC6AE9C746F} = {A69CA407-4536-48F4-9073-14346E613765}
	EndGlobalSection
	GlobalSection(ExtensibilityGlobals) = postSolution
		SolutionGuid = {5D391DEC-2789-4249-B635-72BF7B7EC3FC}
	EndGlobalSection
EndGlobal
