
Microsoft Visual Studio Solution File, Format Version 12.00
# Visual Studio Version 17
VisualStudioVersion = 17.0.31912.275
MinimumVisualStudioVersion = 10.0.40219.1
Project("{2150E333-8FDC-42A3-9474-1A3956D46DE8}") = "Samples", "Samples", "{CF2A6BC3-25A6-4B73-A195-87AA8C4C4CBB}"
EndProject
Project("{FAE04EC0-301F-11D3-BF4B-00C04F79EFBC}") = "JinHu.Visualization.Plotter2D", "JinHu.Visualization.Plotter2D\JinHu.Visualization.Plotter2D.csproj", "{ECD37682-DF7E-409F-912D-0965634556B5}"
EndProject
Project("{FAE04EC0-301F-11D3-BF4B-00C04F79EFBC}") = "LineChart_1", "Samples\LineChart_1\LineChart_1.csproj", "{0301133F-14B3-4753-BB15-49E701E15391}"
EndProject
Project("{FAE04EC0-301F-11D3-BF4B-00C04F79EFBC}") = "Plotter2DSample1", "Samples\Plotter2DSample1\Plotter2DSample1.csproj", "{C258F6AC-1ACB-4B0E-B2F9-1A616EC3568B}"
EndProject
Project("{2150E333-8FDC-42A3-9474-1A3956D46DE8}") = "Solution Items", "Solution Items", "{4481714A-6884-4233-B809-AE6CC4F06F12}"
EndProject
Project("{FAE04EC0-301F-11D3-BF4B-00C04F79EFBC}") = "PlotterLayoutSample", "Samples\PlotterLayoutSample\PlotterLayoutSample.csproj", "{74265DE7-A026-4682-B2D6-23CD1246593B}"
EndProject
Project("{2150E333-8FDC-42A3-9474-1A3956D46DE8}") = "v0.2", "v0.2", "{3C19F100-9E82-402E-90BE-3A9879F0AA6B}"
EndProject
Project("{FAE04EC0-301F-11D3-BF4B-00C04F79EFBC}") = "V02.01.HelloAdvPlotter", "Samples\v0.2\V02.01.HelloAdvPlotter\V02.01.HelloAdvPlotter.csproj", "{EE5F0399-11AA-4D66-B953-A3DD9854D4F6}"
EndProject
Project("{FAE04EC0-301F-11D3-BF4B-00C04F79EFBC}") = "V02.02.AnimationSample", "Samples\v0.2\V02.02.AnimationSample\V02.02.AnimationSample.csproj", "{215A65DB-3A0E-440B-92DC-D56A05335CFB}"
EndProject
Project("{2150E333-8FDC-42A3-9474-1A3956D46DE8}") = "v0.3", "v0.3", "{F8A0E2AE-233B-4548-9A9A-D5D6228B1C02}"
EndProject
Project("{FAE04EC0-301F-11D3-BF4B-00C04F79EFBC}") = "V03.01.IsolineSample", "Samples\v0.3\V03.01.IsolineSample\V03.01.IsolineSample.csproj", "{B83C31AA-8B5A-4DF8-9E1A-4CB059F8FABC}"
EndProject
Project("{FAE04EC0-301F-11D3-BF4B-00C04F79EFBC}") = "V02.03.DataTableSample", "Samples\v0.2\V02.03.DataTableSample\V02.03.DataTableSample.csproj", "{21744E54-D757-498B-913E-A4A5DE124279}"
EndProject
Project("{FAE04EC0-301F-11D3-BF4B-00C04F79EFBC}") = "V02.04.MarkerSample", "Samples\v0.2\V02.04.MarkerSample\V02.04.MarkerSample.csproj", "{A42058FD-B6E0-4D7A-8545-65E85E5F5BF3}"
EndProject
Project("{2150E333-8FDC-42A3-9474-1A3956D46DE8}") = "VisualizationSuite", "VisualizationSuite", "{28740583-6AF8-43C6-B89E-C2952955D6F0}"
EndProject
Project("{FAE04EC0-301F-11D3-BF4B-00C04F79EFBC}") = "VisualizeData", "VisualizationSuite\VisualizeData\VisualizeData.csproj", "{26126F36-9A16-4559-B3DC-0D6512F0DF99}"
EndProject
Project("{FAE04EC0-301F-11D3-BF4B-00C04F79EFBC}") = "JinHu.Visualization.Plotter2DUnitTests", "JinHu.Visualization.Plotter2DUnitTests\JinHu.Visualization.Plotter2DUnitTests.csproj", "{EDE2FCED-8BB8-4E31-99F2-DDCD962C88E4}"
EndProject
Project("{FAE04EC0-301F-11D3-BF4B-00C04F79EFBC}") = "V0205DataTable2", "Samples\v0.2\V0205DataTable2\V0205DataTable2.csproj", "{D4847D41-925B-405E-8F42-6079BA0ABA90}"
EndProject
Project("{2150E333-8FDC-42A3-9474-1A3956D46DE8}") = "TestBeds", "TestBeds", "{DB1FFF47-B103-42AD-99B5-E1F4B6FA671E}"
EndProject
Project("{2150E333-8FDC-42A3-9474-1A3956D46DE8}") = "LineGraphs", "LineGraphs", "{14A6CB64-0F8C-467A-9EE7-EE88FE0DF63F}"
EndProject
Project("{FAE04EC0-301F-11D3-BF4B-00C04F79EFBC}") = "LineGraphTest01", "TestBeds\LineGraphs\LineGraphTest01\LineGraphTest01.csproj", "{8C608E5C-7FF3-48BC-B0BA-C6CE8104B322}"
EndProject
Project("{FAE04EC0-301F-11D3-BF4B-00C04F79EFBC}") = "LineGraphTest02", "TestBeds\LineGraphs\LineGraphTest02\LineGraphTest02.csproj", "{D46BF86E-08B3-4F26-ABE1-B5845334D2E2}"
EndProject
Project("{2150E333-8FDC-42A3-9474-1A3956D46DE8}") = "MarkerGraphs", "MarkerGraphs", "{E568929B-D8CF-4635-8F8D-BF00284F2481}"
EndProject
Project("{FAE04EC0-301F-11D3-BF4B-00C04F79EFBC}") = "MarkerGraphTest01", "TestBeds\MarkerGraphs\MarkerGraphTest01\MarkerGraphTest01.csproj", "{315ADE29-36E3-48A2-A3BD-D3D475E117BF}"
EndProject
Project("{FAE04EC0-301F-11D3-BF4B-00C04F79EFBC}") = "MarkerGraphTest02", "TestBeds\MarkerGraphs\MarkerGraphTest02\MarkerGraphTest02.csproj", "{79921745-D950-4B4B-BF8D-FBCAD701E11D}"
EndProject
Project("{FAE04EC0-301F-11D3-BF4B-00C04F79EFBC}") = "LayoutTest01", "TestBeds\Layout\LayoutTest01\LayoutTest01.csproj", "{5FCC793D-2DB6-434D-B468-F53851447180}"
EndProject
Project("{2150E333-8FDC-42A3-9474-1A3956D46DE8}") = "Layout", "Layout", "{190005B6-9A16-45C5-8F7D-994D694BE10E}"
EndProject
Project("{2150E333-8FDC-42A3-9474-1A3956D46DE8}") = "Isoline", "Isoline", "{FD77472E-1E2E-4B51-8E43-EAC167F88555}"
EndProject
Project("{FAE04EC0-301F-11D3-BF4B-00C04F79EFBC}") = "LayoutTest02", "TestBeds\Layout\LayoutTest02\LayoutTest02.csproj", "{E417A3EF-D3D2-4EEA-B739-1429B93245F1}"
EndProject
Project("{FAE04EC0-301F-11D3-BF4B-00C04F79EFBC}") = "IsolineTest01", "TestBeds\Isoline\IsolineTest01\IsolineTest01.csproj", "{18122A99-D645-404A-8F24-84FAA3A4EDAE}"
EndProject
Project("{FAE04EC0-301F-11D3-BF4B-00C04F79EFBC}") = "IsolineTest02", "TestBeds\Isoline\IsolineTest02\IsolineTest02.csproj", "{A05F8825-8485-4022-BDA8-63CDAD22A03B}"
EndProject
Project("{FAE04EC0-301F-11D3-BF4B-00C04F79EFBC}") = "Dotnet5Demo", "Dotnet5Demo\Dotnet5Demo.csproj", "{1A89CF06-9F64-4F5E-B5E6-F1618BED6EBE}"
EndProject
Global
	GlobalSection(SolutionConfigurationPlatforms) = preSolution
		Debug|Any CPU = Debug|Any CPU
		Debug|ARM = Debug|ARM
		Debug|ARM64 = Debug|ARM64
		Debug|Mixed Platforms = Debug|Mixed Platforms
		Debug|x64 = Debug|x64
		Debug|x86 = Debug|x86
		Release|Any CPU = Release|Any CPU
		Release|ARM = Release|ARM
		Release|ARM64 = Release|ARM64
		Release|Mixed Platforms = Release|Mixed Platforms
		Release|x64 = Release|x64
		Release|x86 = Release|x86
		ReleaseXBAP|Any CPU = ReleaseXBAP|Any CPU
		ReleaseXBAP|ARM = ReleaseXBAP|ARM
		ReleaseXBAP|ARM64 = ReleaseXBAP|ARM64
		ReleaseXBAP|Mixed Platforms = ReleaseXBAP|Mixed Platforms
		ReleaseXBAP|x64 = ReleaseXBAP|x64
		ReleaseXBAP|x86 = ReleaseXBAP|x86
	EndGlobalSection
	GlobalSection(ProjectConfigurationPlatforms) = postSolution
		{ECD37682-DF7E-409F-912D-0965634556B5}.Debug|Any CPU.ActiveCfg = Debug|Any CPU
		{ECD37682-DF7E-409F-912D-0965634556B5}.Debug|Any CPU.Build.0 = Debug|Any CPU
		{ECD37682-DF7E-409F-912D-0965634556B5}.Debug|ARM.ActiveCfg = Debug|Any CPU
		{ECD37682-DF7E-409F-912D-0965634556B5}.Debug|ARM.Build.0 = Debug|Any CPU
		{ECD37682-DF7E-409F-912D-0965634556B5}.Debug|ARM64.ActiveCfg = Debug|Any CPU
		{ECD37682-DF7E-409F-912D-0965634556B5}.Debug|ARM64.Build.0 = Debug|Any CPU
		{ECD37682-DF7E-409F-912D-0965634556B5}.Debug|Mixed Platforms.ActiveCfg = Debug|Any CPU
		{ECD37682-DF7E-409F-912D-0965634556B5}.Debug|Mixed Platforms.Build.0 = Debug|Any CPU
		{ECD37682-DF7E-409F-912D-0965634556B5}.Debug|x64.ActiveCfg = Debug|Any CPU
		{ECD37682-DF7E-409F-912D-0965634556B5}.Debug|x64.Build.0 = Debug|Any CPU
		{ECD37682-DF7E-409F-912D-0965634556B5}.Debug|x86.ActiveCfg = Debug|Any CPU
		{ECD37682-DF7E-409F-912D-0965634556B5}.Release|Any CPU.ActiveCfg = Release|Any CPU
		{ECD37682-DF7E-409F-912D-0965634556B5}.Release|Any CPU.Build.0 = Release|Any CPU
		{ECD37682-DF7E-409F-912D-0965634556B5}.Release|ARM.ActiveCfg = Release|Any CPU
		{ECD37682-DF7E-409F-912D-0965634556B5}.Release|ARM.Build.0 = Release|Any CPU
		{ECD37682-DF7E-409F-912D-0965634556B5}.Release|ARM64.ActiveCfg = Release|Any CPU
		{ECD37682-DF7E-409F-912D-0965634556B5}.Release|ARM64.Build.0 = Release|Any CPU
		{ECD37682-DF7E-409F-912D-0965634556B5}.Release|Mixed Platforms.ActiveCfg = Release|Any CPU
		{ECD37682-DF7E-409F-912D-0965634556B5}.Release|Mixed Platforms.Build.0 = Release|Any CPU
		{ECD37682-DF7E-409F-912D-0965634556B5}.Release|x64.ActiveCfg = Release|Any CPU
		{ECD37682-DF7E-409F-912D-0965634556B5}.Release|x64.Build.0 = Release|Any CPU
		{ECD37682-DF7E-409F-912D-0965634556B5}.Release|x86.ActiveCfg = Release|Any CPU
		{ECD37682-DF7E-409F-912D-0965634556B5}.ReleaseXBAP|Any CPU.ActiveCfg = ReleaseXBAP|Any CPU
		{ECD37682-DF7E-409F-912D-0965634556B5}.ReleaseXBAP|Any CPU.Build.0 = ReleaseXBAP|Any CPU
		{ECD37682-DF7E-409F-912D-0965634556B5}.ReleaseXBAP|ARM.ActiveCfg = ReleaseXBAP|Any CPU
		{ECD37682-DF7E-409F-912D-0965634556B5}.ReleaseXBAP|ARM.Build.0 = ReleaseXBAP|Any CPU
		{ECD37682-DF7E-409F-912D-0965634556B5}.ReleaseXBAP|ARM64.ActiveCfg = ReleaseXBAP|Any CPU
		{ECD37682-DF7E-409F-912D-0965634556B5}.ReleaseXBAP|ARM64.Build.0 = ReleaseXBAP|Any CPU
		{ECD37682-DF7E-409F-912D-0965634556B5}.ReleaseXBAP|Mixed Platforms.ActiveCfg = ReleaseXBAP|Any CPU
		{ECD37682-DF7E-409F-912D-0965634556B5}.ReleaseXBAP|Mixed Platforms.Build.0 = ReleaseXBAP|Any CPU
		{ECD37682-DF7E-409F-912D-0965634556B5}.ReleaseXBAP|x64.ActiveCfg = ReleaseXBAP|Any CPU
		{ECD37682-DF7E-409F-912D-0965634556B5}.ReleaseXBAP|x64.Build.0 = ReleaseXBAP|Any CPU
		{ECD37682-DF7E-409F-912D-0965634556B5}.ReleaseXBAP|x86.ActiveCfg = ReleaseXBAP|Any CPU
		{0301133F-14B3-4753-BB15-49E701E15391}.Debug|Any CPU.ActiveCfg = Debug|Any CPU
		{0301133F-14B3-4753-BB15-49E701E15391}.Debug|Any CPU.Build.0 = Debug|Any CPU
		{0301133F-14B3-4753-BB15-49E701E15391}.Debug|ARM.ActiveCfg = Debug|Any CPU
		{0301133F-14B3-4753-BB15-49E701E15391}.Debug|ARM.Build.0 = Debug|Any CPU
		{0301133F-14B3-4753-BB15-49E701E15391}.Debug|ARM64.ActiveCfg = Debug|Any CPU
		{0301133F-14B3-4753-BB15-49E701E15391}.Debug|ARM64.Build.0 = Debug|Any CPU
		{0301133F-14B3-4753-BB15-49E701E15391}.Debug|Mixed Platforms.ActiveCfg = Debug|Any CPU
		{0301133F-14B3-4753-BB15-49E701E15391}.Debug|Mixed Platforms.Build.0 = Debug|Any CPU
		{0301133F-14B3-4753-BB15-49E701E15391}.Debug|x64.ActiveCfg = Debug|Any CPU
		{0301133F-14B3-4753-BB15-49E701E15391}.Debug|x64.Build.0 = Debug|Any CPU
		{0301133F-14B3-4753-BB15-49E701E15391}.Debug|x86.ActiveCfg = Debug|Any CPU
		{0301133F-14B3-4753-BB15-49E701E15391}.Release|Any CPU.ActiveCfg = Release|Any CPU
		{0301133F-14B3-4753-BB15-49E701E15391}.Release|Any CPU.Build.0 = Release|Any CPU
		{0301133F-14B3-4753-BB15-49E701E15391}.Release|ARM.ActiveCfg = Release|Any CPU
		{0301133F-14B3-4753-BB15-49E701E15391}.Release|ARM.Build.0 = Release|Any CPU
		{0301133F-14B3-4753-BB15-49E701E15391}.Release|ARM64.ActiveCfg = Release|Any CPU
		{0301133F-14B3-4753-BB15-49E701E15391}.Release|ARM64.Build.0 = Release|Any CPU
		{0301133F-14B3-4753-BB15-49E701E15391}.Release|Mixed Platforms.ActiveCfg = Release|Any CPU
		{0301133F-14B3-4753-BB15-49E701E15391}.Release|Mixed Platforms.Build.0 = Release|Any CPU
		{0301133F-14B3-4753-BB15-49E701E15391}.Release|x64.ActiveCfg = Release|Any CPU
		{0301133F-14B3-4753-BB15-49E701E15391}.Release|x64.Build.0 = Release|Any CPU
		{0301133F-14B3-4753-BB15-49E701E15391}.Release|x86.ActiveCfg = Release|Any CPU
		{0301133F-14B3-4753-BB15-49E701E15391}.ReleaseXBAP|Any CPU.ActiveCfg = Release|Any CPU
		{0301133F-14B3-4753-BB15-49E701E15391}.ReleaseXBAP|Any CPU.Build.0 = Release|Any CPU
		{0301133F-14B3-4753-BB15-49E701E15391}.ReleaseXBAP|ARM.ActiveCfg = Release|Any CPU
		{0301133F-14B3-4753-BB15-49E701E15391}.ReleaseXBAP|ARM.Build.0 = Release|Any CPU
		{0301133F-14B3-4753-BB15-49E701E15391}.ReleaseXBAP|ARM64.ActiveCfg = Release|Any CPU
		{0301133F-14B3-4753-BB15-49E701E15391}.ReleaseXBAP|ARM64.Build.0 = Release|Any CPU
		{0301133F-14B3-4753-BB15-49E701E15391}.ReleaseXBAP|Mixed Platforms.ActiveCfg = Release|Any CPU
		{0301133F-14B3-4753-BB15-49E701E15391}.ReleaseXBAP|Mixed Platforms.Build.0 = Release|Any CPU
		{0301133F-14B3-4753-BB15-49E701E15391}.ReleaseXBAP|x64.ActiveCfg = Release|Any CPU
		{0301133F-14B3-4753-BB15-49E701E15391}.ReleaseXBAP|x64.Build.0 = Release|Any CPU
		{0301133F-14B3-4753-BB15-49E701E15391}.ReleaseXBAP|x86.ActiveCfg = Release|Any CPU
		{C258F6AC-1ACB-4B0E-B2F9-1A616EC3568B}.Debug|Any CPU.ActiveCfg = Debug|Any CPU
		{C258F6AC-1ACB-4B0E-B2F9-1A616EC3568B}.Debug|Any CPU.Build.0 = Debug|Any CPU
		{C258F6AC-1ACB-4B0E-B2F9-1A616EC3568B}.Debug|ARM.ActiveCfg = Debug|Any CPU
		{C258F6AC-1ACB-4B0E-B2F9-1A616EC3568B}.Debug|ARM.Build.0 = Debug|Any CPU
		{C258F6AC-1ACB-4B0E-B2F9-1A616EC3568B}.Debug|ARM64.ActiveCfg = Debug|Any CPU
		{C258F6AC-1ACB-4B0E-B2F9-1A616EC3568B}.Debug|ARM64.Build.0 = Debug|Any CPU
		{C258F6AC-1ACB-4B0E-B2F9-1A616EC3568B}.Debug|Mixed Platforms.ActiveCfg = Debug|Any CPU
		{C258F6AC-1ACB-4B0E-B2F9-1A616EC3568B}.Debug|Mixed Platforms.Build.0 = Debug|Any CPU
		{C258F6AC-1ACB-4B0E-B2F9-1A616EC3568B}.Debug|x64.ActiveCfg = Debug|Any CPU
		{C258F6AC-1ACB-4B0E-B2F9-1A616EC3568B}.Debug|x64.Build.0 = Debug|Any CPU
		{C258F6AC-1ACB-4B0E-B2F9-1A616EC3568B}.Debug|x86.ActiveCfg = Debug|Any CPU
		{C258F6AC-1ACB-4B0E-B2F9-1A616EC3568B}.Release|Any CPU.ActiveCfg = Release|Any CPU
		{C258F6AC-1ACB-4B0E-B2F9-1A616EC3568B}.Release|Any CPU.Build.0 = Release|Any CPU
		{C258F6AC-1ACB-4B0E-B2F9-1A616EC3568B}.Release|ARM.ActiveCfg = Release|Any CPU
		{C258F6AC-1ACB-4B0E-B2F9-1A616EC3568B}.Release|ARM.Build.0 = Release|Any CPU
		{C258F6AC-1ACB-4B0E-B2F9-1A616EC3568B}.Release|ARM64.ActiveCfg = Release|Any CPU
		{C258F6AC-1ACB-4B0E-B2F9-1A616EC3568B}.Release|ARM64.Build.0 = Release|Any CPU
		{C258F6AC-1ACB-4B0E-B2F9-1A616EC3568B}.Release|Mixed Platforms.ActiveCfg = Release|Any CPU
		{C258F6AC-1ACB-4B0E-B2F9-1A616EC3568B}.Release|Mixed Platforms.Build.0 = Release|Any CPU
		{C258F6AC-1ACB-4B0E-B2F9-1A616EC3568B}.Release|x64.ActiveCfg = Release|Any CPU
		{C258F6AC-1ACB-4B0E-B2F9-1A616EC3568B}.Release|x64.Build.0 = Release|Any CPU
		{C258F6AC-1ACB-4B0E-B2F9-1A616EC3568B}.Release|x86.ActiveCfg = Release|Any CPU
		{C258F6AC-1ACB-4B0E-B2F9-1A616EC3568B}.ReleaseXBAP|Any CPU.ActiveCfg = Release|Any CPU
		{C258F6AC-1ACB-4B0E-B2F9-1A616EC3568B}.ReleaseXBAP|Any CPU.Build.0 = Release|Any CPU
		{C258F6AC-1ACB-4B0E-B2F9-1A616EC3568B}.ReleaseXBAP|ARM.ActiveCfg = Release|Any CPU
		{C258F6AC-1ACB-4B0E-B2F9-1A616EC3568B}.ReleaseXBAP|ARM.Build.0 = Release|Any CPU
		{C258F6AC-1ACB-4B0E-B2F9-1A616EC3568B}.ReleaseXBAP|ARM64.ActiveCfg = Release|Any CPU
		{C258F6AC-1ACB-4B0E-B2F9-1A616EC3568B}.ReleaseXBAP|ARM64.Build.0 = Release|Any CPU
		{C258F6AC-1ACB-4B0E-B2F9-1A616EC3568B}.ReleaseXBAP|Mixed Platforms.ActiveCfg = Release|Any CPU
		{C258F6AC-1ACB-4B0E-B2F9-1A616EC3568B}.ReleaseXBAP|Mixed Platforms.Build.0 = Release|Any CPU
		{C258F6AC-1ACB-4B0E-B2F9-1A616EC3568B}.ReleaseXBAP|x64.ActiveCfg = Release|Any CPU
		{C258F6AC-1ACB-4B0E-B2F9-1A616EC3568B}.ReleaseXBAP|x64.Build.0 = Release|Any CPU
		{C258F6AC-1ACB-4B0E-B2F9-1A616EC3568B}.ReleaseXBAP|x86.ActiveCfg = Release|Any CPU
		{74265DE7-A026-4682-B2D6-23CD1246593B}.Debug|Any CPU.ActiveCfg = Debug|Any CPU
		{74265DE7-A026-4682-B2D6-23CD1246593B}.Debug|Any CPU.Build.0 = Debug|Any CPU
		{74265DE7-A026-4682-B2D6-23CD1246593B}.Debug|ARM.ActiveCfg = Debug|Any CPU
		{74265DE7-A026-4682-B2D6-23CD1246593B}.Debug|ARM.Build.0 = Debug|Any CPU
		{74265DE7-A026-4682-B2D6-23CD1246593B}.Debug|ARM64.ActiveCfg = Debug|Any CPU
		{74265DE7-A026-4682-B2D6-23CD1246593B}.Debug|ARM64.Build.0 = Debug|Any CPU
		{74265DE7-A026-4682-B2D6-23CD1246593B}.Debug|Mixed Platforms.ActiveCfg = Debug|Any CPU
		{74265DE7-A026-4682-B2D6-23CD1246593B}.Debug|Mixed Platforms.Build.0 = Debug|Any CPU
		{74265DE7-A026-4682-B2D6-23CD1246593B}.Debug|x64.ActiveCfg = Debug|Any CPU
		{74265DE7-A026-4682-B2D6-23CD1246593B}.Debug|x64.Build.0 = Debug|Any CPU
		{74265DE7-A026-4682-B2D6-23CD1246593B}.Debug|x86.ActiveCfg = Debug|Any CPU
		{74265DE7-A026-4682-B2D6-23CD1246593B}.Release|Any CPU.ActiveCfg = Release|Any CPU
		{74265DE7-A026-4682-B2D6-23CD1246593B}.Release|Any CPU.Build.0 = Release|Any CPU
		{74265DE7-A026-4682-B2D6-23CD1246593B}.Release|ARM.ActiveCfg = Release|Any CPU
		{74265DE7-A026-4682-B2D6-23CD1246593B}.Release|ARM.Build.0 = Release|Any CPU
		{74265DE7-A026-4682-B2D6-23CD1246593B}.Release|ARM64.ActiveCfg = Release|Any CPU
		{74265DE7-A026-4682-B2D6-23CD1246593B}.Release|ARM64.Build.0 = Release|Any CPU
		{74265DE7-A026-4682-B2D6-23CD1246593B}.Release|Mixed Platforms.ActiveCfg = Release|Any CPU
		{74265DE7-A026-4682-B2D6-23CD1246593B}.Release|Mixed Platforms.Build.0 = Release|Any CPU
		{74265DE7-A026-4682-B2D6-23CD1246593B}.Release|x64.ActiveCfg = Release|Any CPU
		{74265DE7-A026-4682-B2D6-23CD1246593B}.Release|x64.Build.0 = Release|Any CPU
		{74265DE7-A026-4682-B2D6-23CD1246593B}.Release|x86.ActiveCfg = Release|Any CPU
		{74265DE7-A026-4682-B2D6-23CD1246593B}.ReleaseXBAP|Any CPU.ActiveCfg = Release|Any CPU
		{74265DE7-A026-4682-B2D6-23CD1246593B}.ReleaseXBAP|Any CPU.Build.0 = Release|Any CPU
		{74265DE7-A026-4682-B2D6-23CD1246593B}.ReleaseXBAP|ARM.ActiveCfg = Release|Any CPU
		{74265DE7-A026-4682-B2D6-23CD1246593B}.ReleaseXBAP|ARM.Build.0 = Release|Any CPU
		{74265DE7-A026-4682-B2D6-23CD1246593B}.ReleaseXBAP|ARM64.ActiveCfg = Release|Any CPU
		{74265DE7-A026-4682-B2D6-23CD1246593B}.ReleaseXBAP|ARM64.Build.0 = Release|Any CPU
		{74265DE7-A026-4682-B2D6-23CD1246593B}.ReleaseXBAP|Mixed Platforms.ActiveCfg = Release|Any CPU
		{74265DE7-A026-4682-B2D6-23CD1246593B}.ReleaseXBAP|Mixed Platforms.Build.0 = Release|Any CPU
		{74265DE7-A026-4682-B2D6-23CD1246593B}.ReleaseXBAP|x64.ActiveCfg = Release|Any CPU
		{74265DE7-A026-4682-B2D6-23CD1246593B}.ReleaseXBAP|x64.Build.0 = Release|Any CPU
		{74265DE7-A026-4682-B2D6-23CD1246593B}.ReleaseXBAP|x86.ActiveCfg = Release|Any CPU
		{EE5F0399-11AA-4D66-B953-A3DD9854D4F6}.Debug|Any CPU.ActiveCfg = Debug|Any CPU
		{EE5F0399-11AA-4D66-B953-A3DD9854D4F6}.Debug|Any CPU.Build.0 = Debug|Any CPU
		{EE5F0399-11AA-4D66-B953-A3DD9854D4F6}.Debug|ARM.ActiveCfg = Debug|Any CPU
		{EE5F0399-11AA-4D66-B953-A3DD9854D4F6}.Debug|ARM.Build.0 = Debug|Any CPU
		{EE5F0399-11AA-4D66-B953-A3DD9854D4F6}.Debug|ARM64.ActiveCfg = Debug|Any CPU
		{EE5F0399-11AA-4D66-B953-A3DD9854D4F6}.Debug|ARM64.Build.0 = Debug|Any CPU
		{EE5F0399-11AA-4D66-B953-A3DD9854D4F6}.Debug|Mixed Platforms.ActiveCfg = Debug|Any CPU
		{EE5F0399-11AA-4D66-B953-A3DD9854D4F6}.Debug|Mixed Platforms.Build.0 = Debug|Any CPU
		{EE5F0399-11AA-4D66-B953-A3DD9854D4F6}.Debug|x64.ActiveCfg = Debug|Any CPU
		{EE5F0399-11AA-4D66-B953-A3DD9854D4F6}.Debug|x64.Build.0 = Debug|Any CPU
		{EE5F0399-11AA-4D66-B953-A3DD9854D4F6}.Debug|x86.ActiveCfg = Debug|Any CPU
		{EE5F0399-11AA-4D66-B953-A3DD9854D4F6}.Release|Any CPU.ActiveCfg = Release|Any CPU
		{EE5F0399-11AA-4D66-B953-A3DD9854D4F6}.Release|Any CPU.Build.0 = Release|Any CPU
		{EE5F0399-11AA-4D66-B953-A3DD9854D4F6}.Release|ARM.ActiveCfg = Release|Any CPU
		{EE5F0399-11AA-4D66-B953-A3DD9854D4F6}.Release|ARM.Build.0 = Release|Any CPU
		{EE5F0399-11AA-4D66-B953-A3DD9854D4F6}.Release|ARM64.ActiveCfg = Release|Any CPU
		{EE5F0399-11AA-4D66-B953-A3DD9854D4F6}.Release|ARM64.Build.0 = Release|Any CPU
		{EE5F0399-11AA-4D66-B953-A3DD9854D4F6}.Release|Mixed Platforms.ActiveCfg = Release|Any CPU
		{EE5F0399-11AA-4D66-B953-A3DD9854D4F6}.Release|Mixed Platforms.Build.0 = Release|Any CPU
		{EE5F0399-11AA-4D66-B953-A3DD9854D4F6}.Release|x64.ActiveCfg = Release|Any CPU
		{EE5F0399-11AA-4D66-B953-A3DD9854D4F6}.Release|x64.Build.0 = Release|Any CPU
		{EE5F0399-11AA-4D66-B953-A3DD9854D4F6}.Release|x86.ActiveCfg = Release|Any CPU
		{EE5F0399-11AA-4D66-B953-A3DD9854D4F6}.ReleaseXBAP|Any CPU.ActiveCfg = Release|Any CPU
		{EE5F0399-11AA-4D66-B953-A3DD9854D4F6}.ReleaseXBAP|Any CPU.Build.0 = Release|Any CPU
		{EE5F0399-11AA-4D66-B953-A3DD9854D4F6}.ReleaseXBAP|ARM.ActiveCfg = Release|Any CPU
		{EE5F0399-11AA-4D66-B953-A3DD9854D4F6}.ReleaseXBAP|ARM.Build.0 = Release|Any CPU
		{EE5F0399-11AA-4D66-B953-A3DD9854D4F6}.ReleaseXBAP|ARM64.ActiveCfg = Release|Any CPU
		{EE5F0399-11AA-4D66-B953-A3DD9854D4F6}.ReleaseXBAP|ARM64.Build.0 = Release|Any CPU
		{EE5F0399-11AA-4D66-B953-A3DD9854D4F6}.ReleaseXBAP|Mixed Platforms.ActiveCfg = Release|Any CPU
		{EE5F0399-11AA-4D66-B953-A3DD9854D4F6}.ReleaseXBAP|Mixed Platforms.Build.0 = Release|Any CPU
		{EE5F0399-11AA-4D66-B953-A3DD9854D4F6}.ReleaseXBAP|x64.ActiveCfg = Release|Any CPU
		{EE5F0399-11AA-4D66-B953-A3DD9854D4F6}.ReleaseXBAP|x64.Build.0 = Release|Any CPU
		{EE5F0399-11AA-4D66-B953-A3DD9854D4F6}.ReleaseXBAP|x86.ActiveCfg = Release|Any CPU
		{215A65DB-3A0E-440B-92DC-D56A05335CFB}.Debug|Any CPU.ActiveCfg = Debug|Any CPU
		{215A65DB-3A0E-440B-92DC-D56A05335CFB}.Debug|Any CPU.Build.0 = Debug|Any CPU
		{215A65DB-3A0E-440B-92DC-D56A05335CFB}.Debug|ARM.ActiveCfg = Debug|Any CPU
		{215A65DB-3A0E-440B-92DC-D56A05335CFB}.Debug|ARM.Build.0 = Debug|Any CPU
		{215A65DB-3A0E-440B-92DC-D56A05335CFB}.Debug|ARM64.ActiveCfg = Debug|Any CPU
		{215A65DB-3A0E-440B-92DC-D56A05335CFB}.Debug|ARM64.Build.0 = Debug|Any CPU
		{215A65DB-3A0E-440B-92DC-D56A05335CFB}.Debug|Mixed Platforms.ActiveCfg = Debug|Any CPU
		{215A65DB-3A0E-440B-92DC-D56A05335CFB}.Debug|Mixed Platforms.Build.0 = Debug|Any CPU
		{215A65DB-3A0E-440B-92DC-D56A05335CFB}.Debug|x64.ActiveCfg = Debug|Any CPU
		{215A65DB-3A0E-440B-92DC-D56A05335CFB}.Debug|x64.Build.0 = Debug|Any CPU
		{215A65DB-3A0E-440B-92DC-D56A05335CFB}.Debug|x86.ActiveCfg = Debug|Any CPU
		{215A65DB-3A0E-440B-92DC-D56A05335CFB}.Release|Any CPU.ActiveCfg = Release|Any CPU
		{215A65DB-3A0E-440B-92DC-D56A05335CFB}.Release|Any CPU.Build.0 = Release|Any CPU
		{215A65DB-3A0E-440B-92DC-D56A05335CFB}.Release|ARM.ActiveCfg = Release|Any CPU
		{215A65DB-3A0E-440B-92DC-D56A05335CFB}.Release|ARM.Build.0 = Release|Any CPU
		{215A65DB-3A0E-440B-92DC-D56A05335CFB}.Release|ARM64.ActiveCfg = Release|Any CPU
		{215A65DB-3A0E-440B-92DC-D56A05335CFB}.Release|ARM64.Build.0 = Release|Any CPU
		{215A65DB-3A0E-440B-92DC-D56A05335CFB}.Release|Mixed Platforms.ActiveCfg = Release|Any CPU
		{215A65DB-3A0E-440B-92DC-D56A05335CFB}.Release|Mixed Platforms.Build.0 = Release|Any CPU
		{215A65DB-3A0E-440B-92DC-D56A05335CFB}.Release|x64.ActiveCfg = Release|Any CPU
		{215A65DB-3A0E-440B-92DC-D56A05335CFB}.Release|x64.Build.0 = Release|Any CPU
		{215A65DB-3A0E-440B-92DC-D56A05335CFB}.Release|x86.ActiveCfg = Release|Any CPU
		{215A65DB-3A0E-440B-92DC-D56A05335CFB}.ReleaseXBAP|Any CPU.ActiveCfg = Release|Any CPU
		{215A65DB-3A0E-440B-92DC-D56A05335CFB}.ReleaseXBAP|Any CPU.Build.0 = Release|Any CPU
		{215A65DB-3A0E-440B-92DC-D56A05335CFB}.ReleaseXBAP|ARM.ActiveCfg = Release|Any CPU
		{215A65DB-3A0E-440B-92DC-D56A05335CFB}.ReleaseXBAP|ARM.Build.0 = Release|Any CPU
		{215A65DB-3A0E-440B-92DC-D56A05335CFB}.ReleaseXBAP|ARM64.ActiveCfg = Release|Any CPU
		{215A65DB-3A0E-440B-92DC-D56A05335CFB}.ReleaseXBAP|ARM64.Build.0 = Release|Any CPU
		{215A65DB-3A0E-440B-92DC-D56A05335CFB}.ReleaseXBAP|Mixed Platforms.ActiveCfg = Release|Any CPU
		{215A65DB-3A0E-440B-92DC-D56A05335CFB}.ReleaseXBAP|Mixed Platforms.Build.0 = Release|Any CPU
		{215A65DB-3A0E-440B-92DC-D56A05335CFB}.ReleaseXBAP|x64.ActiveCfg = Release|Any CPU
		{215A65DB-3A0E-440B-92DC-D56A05335CFB}.ReleaseXBAP|x64.Build.0 = Release|Any CPU
		{215A65DB-3A0E-440B-92DC-D56A05335CFB}.ReleaseXBAP|x86.ActiveCfg = Release|Any CPU
		{B83C31AA-8B5A-4DF8-9E1A-4CB059F8FABC}.Debug|Any CPU.ActiveCfg = Debug|Any CPU
		{B83C31AA-8B5A-4DF8-9E1A-4CB059F8FABC}.Debug|Any CPU.Build.0 = Debug|Any CPU
		{B83C31AA-8B5A-4DF8-9E1A-4CB059F8FABC}.Debug|ARM.ActiveCfg = Debug|Any CPU
		{B83C31AA-8B5A-4DF8-9E1A-4CB059F8FABC}.Debug|ARM.Build.0 = Debug|Any CPU
		{B83C31AA-8B5A-4DF8-9E1A-4CB059F8FABC}.Debug|ARM64.ActiveCfg = Debug|Any CPU
		{B83C31AA-8B5A-4DF8-9E1A-4CB059F8FABC}.Debug|ARM64.Build.0 = Debug|Any CPU
		{B83C31AA-8B5A-4DF8-9E1A-4CB059F8FABC}.Debug|Mixed Platforms.ActiveCfg = Debug|Any CPU
		{B83C31AA-8B5A-4DF8-9E1A-4CB059F8FABC}.Debug|Mixed Platforms.Build.0 = Debug|Any CPU
		{B83C31AA-8B5A-4DF8-9E1A-4CB059F8FABC}.Debug|x64.ActiveCfg = Debug|Any CPU
		{B83C31AA-8B5A-4DF8-9E1A-4CB059F8FABC}.Debug|x64.Build.0 = Debug|Any CPU
		{B83C31AA-8B5A-4DF8-9E1A-4CB059F8FABC}.Debug|x86.ActiveCfg = Debug|Any CPU
		{B83C31AA-8B5A-4DF8-9E1A-4CB059F8FABC}.Release|Any CPU.ActiveCfg = Release|Any CPU
		{B83C31AA-8B5A-4DF8-9E1A-4CB059F8FABC}.Release|Any CPU.Build.0 = Release|Any CPU
		{B83C31AA-8B5A-4DF8-9E1A-4CB059F8FABC}.Release|ARM.ActiveCfg = Release|Any CPU
		{B83C31AA-8B5A-4DF8-9E1A-4CB059F8FABC}.Release|ARM.Build.0 = Release|Any CPU
		{B83C31AA-8B5A-4DF8-9E1A-4CB059F8FABC}.Release|ARM64.ActiveCfg = Release|Any CPU
		{B83C31AA-8B5A-4DF8-9E1A-4CB059F8FABC}.Release|ARM64.Build.0 = Release|Any CPU
		{B83C31AA-8B5A-4DF8-9E1A-4CB059F8FABC}.Release|Mixed Platforms.ActiveCfg = Release|Any CPU
		{B83C31AA-8B5A-4DF8-9E1A-4CB059F8FABC}.Release|Mixed Platforms.Build.0 = Release|Any CPU
		{B83C31AA-8B5A-4DF8-9E1A-4CB059F8FABC}.Release|x64.ActiveCfg = Release|Any CPU
		{B83C31AA-8B5A-4DF8-9E1A-4CB059F8FABC}.Release|x64.Build.0 = Release|Any CPU
		{B83C31AA-8B5A-4DF8-9E1A-4CB059F8FABC}.Release|x86.ActiveCfg = Release|Any CPU
		{B83C31AA-8B5A-4DF8-9E1A-4CB059F8FABC}.ReleaseXBAP|Any CPU.ActiveCfg = Release|Any CPU
		{B83C31AA-8B5A-4DF8-9E1A-4CB059F8FABC}.ReleaseXBAP|Any CPU.Build.0 = Release|Any CPU
		{B83C31AA-8B5A-4DF8-9E1A-4CB059F8FABC}.ReleaseXBAP|ARM.ActiveCfg = Release|Any CPU
		{B83C31AA-8B5A-4DF8-9E1A-4CB059F8FABC}.ReleaseXBAP|ARM.Build.0 = Release|Any CPU
		{B83C31AA-8B5A-4DF8-9E1A-4CB059F8FABC}.ReleaseXBAP|ARM64.ActiveCfg = Release|Any CPU
		{B83C31AA-8B5A-4DF8-9E1A-4CB059F8FABC}.ReleaseXBAP|ARM64.Build.0 = Release|Any CPU
		{B83C31AA-8B5A-4DF8-9E1A-4CB059F8FABC}.ReleaseXBAP|Mixed Platforms.ActiveCfg = Release|Any CPU
		{B83C31AA-8B5A-4DF8-9E1A-4CB059F8FABC}.ReleaseXBAP|Mixed Platforms.Build.0 = Release|Any CPU
		{B83C31AA-8B5A-4DF8-9E1A-4CB059F8FABC}.ReleaseXBAP|x64.ActiveCfg = Release|Any CPU
		{B83C31AA-8B5A-4DF8-9E1A-4CB059F8FABC}.ReleaseXBAP|x64.Build.0 = Release|Any CPU
		{B83C31AA-8B5A-4DF8-9E1A-4CB059F8FABC}.ReleaseXBAP|x86.ActiveCfg = Release|Any CPU
		{21744E54-D757-498B-913E-A4A5DE124279}.Debug|Any CPU.ActiveCfg = Debug|Any CPU
		{21744E54-D757-498B-913E-A4A5DE124279}.Debug|Any CPU.Build.0 = Debug|Any CPU
		{21744E54-D757-498B-913E-A4A5DE124279}.Debug|ARM.ActiveCfg = Debug|Any CPU
		{21744E54-D757-498B-913E-A4A5DE124279}.Debug|ARM.Build.0 = Debug|Any CPU
		{21744E54-D757-498B-913E-A4A5DE124279}.Debug|ARM64.ActiveCfg = Debug|Any CPU
		{21744E54-D757-498B-913E-A4A5DE124279}.Debug|ARM64.Build.0 = Debug|Any CPU
		{21744E54-D757-498B-913E-A4A5DE124279}.Debug|Mixed Platforms.ActiveCfg = Debug|Any CPU
		{21744E54-D757-498B-913E-A4A5DE124279}.Debug|Mixed Platforms.Build.0 = Debug|Any CPU
		{21744E54-D757-498B-913E-A4A5DE124279}.Debug|x64.ActiveCfg = Debug|Any CPU
		{21744E54-D757-498B-913E-A4A5DE124279}.Debug|x64.Build.0 = Debug|Any CPU
		{21744E54-D757-498B-913E-A4A5DE124279}.Debug|x86.ActiveCfg = Debug|Any CPU
		{21744E54-D757-498B-913E-A4A5DE124279}.Release|Any CPU.ActiveCfg = Release|Any CPU
		{21744E54-D757-498B-913E-A4A5DE124279}.Release|Any CPU.Build.0 = Release|Any CPU
		{21744E54-D757-498B-913E-A4A5DE124279}.Release|ARM.ActiveCfg = Release|Any CPU
		{21744E54-D757-498B-913E-A4A5DE124279}.Release|ARM.Build.0 = Release|Any CPU
		{21744E54-D757-498B-913E-A4A5DE124279}.Release|ARM64.ActiveCfg = Release|Any CPU
		{21744E54-D757-498B-913E-A4A5DE124279}.Release|ARM64.Build.0 = Release|Any CPU
		{21744E54-D757-498B-913E-A4A5DE124279}.Release|Mixed Platforms.ActiveCfg = Release|Any CPU
		{21744E54-D757-498B-913E-A4A5DE124279}.Release|Mixed Platforms.Build.0 = Release|Any CPU
		{21744E54-D757-498B-913E-A4A5DE124279}.Release|x64.ActiveCfg = Release|Any CPU
		{21744E54-D757-498B-913E-A4A5DE124279}.Release|x64.Build.0 = Release|Any CPU
		{21744E54-D757-498B-913E-A4A5DE124279}.Release|x86.ActiveCfg = Release|Any CPU
		{21744E54-D757-498B-913E-A4A5DE124279}.ReleaseXBAP|Any CPU.ActiveCfg = Release|Any CPU
		{21744E54-D757-498B-913E-A4A5DE124279}.ReleaseXBAP|Any CPU.Build.0 = Release|Any CPU
		{21744E54-D757-498B-913E-A4A5DE124279}.ReleaseXBAP|ARM.ActiveCfg = Release|Any CPU
		{21744E54-D757-498B-913E-A4A5DE124279}.ReleaseXBAP|ARM.Build.0 = Release|Any CPU
		{21744E54-D757-498B-913E-A4A5DE124279}.ReleaseXBAP|ARM64.ActiveCfg = Release|Any CPU
		{21744E54-D757-498B-913E-A4A5DE124279}.ReleaseXBAP|ARM64.Build.0 = Release|Any CPU
		{21744E54-D757-498B-913E-A4A5DE124279}.ReleaseXBAP|Mixed Platforms.ActiveCfg = Release|Any CPU
		{21744E54-D757-498B-913E-A4A5DE124279}.ReleaseXBAP|Mixed Platforms.Build.0 = Release|Any CPU
		{21744E54-D757-498B-913E-A4A5DE124279}.ReleaseXBAP|x64.ActiveCfg = Release|Any CPU
		{21744E54-D757-498B-913E-A4A5DE124279}.ReleaseXBAP|x64.Build.0 = Release|Any CPU
		{21744E54-D757-498B-913E-A4A5DE124279}.ReleaseXBAP|x86.ActiveCfg = Release|Any CPU
		{A42058FD-B6E0-4D7A-8545-65E85E5F5BF3}.Debug|Any CPU.ActiveCfg = Debug|Any CPU
		{A42058FD-B6E0-4D7A-8545-65E85E5F5BF3}.Debug|Any CPU.Build.0 = Debug|Any CPU
		{A42058FD-B6E0-4D7A-8545-65E85E5F5BF3}.Debug|ARM.ActiveCfg = Debug|Any CPU
		{A42058FD-B6E0-4D7A-8545-65E85E5F5BF3}.Debug|ARM.Build.0 = Debug|Any CPU
		{A42058FD-B6E0-4D7A-8545-65E85E5F5BF3}.Debug|ARM64.ActiveCfg = Debug|Any CPU
		{A42058FD-B6E0-4D7A-8545-65E85E5F5BF3}.Debug|ARM64.Build.0 = Debug|Any CPU
		{A42058FD-B6E0-4D7A-8545-65E85E5F5BF3}.Debug|Mixed Platforms.ActiveCfg = Debug|Any CPU
		{A42058FD-B6E0-4D7A-8545-65E85E5F5BF3}.Debug|Mixed Platforms.Build.0 = Debug|Any CPU
		{A42058FD-B6E0-4D7A-8545-65E85E5F5BF3}.Debug|x64.ActiveCfg = Debug|Any CPU
		{A42058FD-B6E0-4D7A-8545-65E85E5F5BF3}.Debug|x64.Build.0 = Debug|Any CPU
		{A42058FD-B6E0-4D7A-8545-65E85E5F5BF3}.Debug|x86.ActiveCfg = Debug|Any CPU
		{A42058FD-B6E0-4D7A-8545-65E85E5F5BF3}.Release|Any CPU.ActiveCfg = Release|Any CPU
		{A42058FD-B6E0-4D7A-8545-65E85E5F5BF3}.Release|Any CPU.Build.0 = Release|Any CPU
		{A42058FD-B6E0-4D7A-8545-65E85E5F5BF3}.Release|ARM.ActiveCfg = Release|Any CPU
		{A42058FD-B6E0-4D7A-8545-65E85E5F5BF3}.Release|ARM.Build.0 = Release|Any CPU
		{A42058FD-B6E0-4D7A-8545-65E85E5F5BF3}.Release|ARM64.ActiveCfg = Release|Any CPU
		{A42058FD-B6E0-4D7A-8545-65E85E5F5BF3}.Release|ARM64.Build.0 = Release|Any CPU
		{A42058FD-B6E0-4D7A-8545-65E85E5F5BF3}.Release|Mixed Platforms.ActiveCfg = Release|Any CPU
		{A42058FD-B6E0-4D7A-8545-65E85E5F5BF3}.Release|Mixed Platforms.Build.0 = Release|Any CPU
		{A42058FD-B6E0-4D7A-8545-65E85E5F5BF3}.Release|x64.ActiveCfg = Release|Any CPU
		{A42058FD-B6E0-4D7A-8545-65E85E5F5BF3}.Release|x64.Build.0 = Release|Any CPU
		{A42058FD-B6E0-4D7A-8545-65E85E5F5BF3}.Release|x86.ActiveCfg = Release|Any CPU
		{A42058FD-B6E0-4D7A-8545-65E85E5F5BF3}.ReleaseXBAP|Any CPU.ActiveCfg = Release|Any CPU
		{A42058FD-B6E0-4D7A-8545-65E85E5F5BF3}.ReleaseXBAP|Any CPU.Build.0 = Release|Any CPU
		{A42058FD-B6E0-4D7A-8545-65E85E5F5BF3}.ReleaseXBAP|ARM.ActiveCfg = Release|Any CPU
		{A42058FD-B6E0-4D7A-8545-65E85E5F5BF3}.ReleaseXBAP|ARM.Build.0 = Release|Any CPU
		{A42058FD-B6E0-4D7A-8545-65E85E5F5BF3}.ReleaseXBAP|ARM64.ActiveCfg = Release|Any CPU
		{A42058FD-B6E0-4D7A-8545-65E85E5F5BF3}.ReleaseXBAP|ARM64.Build.0 = Release|Any CPU
		{A42058FD-B6E0-4D7A-8545-65E85E5F5BF3}.ReleaseXBAP|Mixed Platforms.ActiveCfg = Release|Any CPU
		{A42058FD-B6E0-4D7A-8545-65E85E5F5BF3}.ReleaseXBAP|Mixed Platforms.Build.0 = Release|Any CPU
		{A42058FD-B6E0-4D7A-8545-65E85E5F5BF3}.ReleaseXBAP|x64.ActiveCfg = Release|Any CPU
		{A42058FD-B6E0-4D7A-8545-65E85E5F5BF3}.ReleaseXBAP|x64.Build.0 = Release|Any CPU
		{A42058FD-B6E0-4D7A-8545-65E85E5F5BF3}.ReleaseXBAP|x86.ActiveCfg = Release|Any CPU
		{26126F36-9A16-4559-B3DC-0D6512F0DF99}.Debug|Any CPU.ActiveCfg = Debug|Any CPU
		{26126F36-9A16-4559-B3DC-0D6512F0DF99}.Debug|Any CPU.Build.0 = Debug|Any CPU
		{26126F36-9A16-4559-B3DC-0D6512F0DF99}.Debug|ARM.ActiveCfg = Debug|Any CPU
		{26126F36-9A16-4559-B3DC-0D6512F0DF99}.Debug|ARM.Build.0 = Debug|Any CPU
		{26126F36-9A16-4559-B3DC-0D6512F0DF99}.Debug|ARM64.ActiveCfg = Debug|Any CPU
		{26126F36-9A16-4559-B3DC-0D6512F0DF99}.Debug|ARM64.Build.0 = Debug|Any CPU
		{26126F36-9A16-4559-B3DC-0D6512F0DF99}.Debug|Mixed Platforms.ActiveCfg = Debug|Any CPU
		{26126F36-9A16-4559-B3DC-0D6512F0DF99}.Debug|Mixed Platforms.Build.0 = Debug|Any CPU
		{26126F36-9A16-4559-B3DC-0D6512F0DF99}.Debug|x64.ActiveCfg = Debug|Any CPU
		{26126F36-9A16-4559-B3DC-0D6512F0DF99}.Debug|x64.Build.0 = Debug|Any CPU
		{26126F36-9A16-4559-B3DC-0D6512F0DF99}.Debug|x86.ActiveCfg = Debug|Any CPU
		{26126F36-9A16-4559-B3DC-0D6512F0DF99}.Debug|x86.Build.0 = Debug|Any CPU
		{26126F36-9A16-4559-B3DC-0D6512F0DF99}.Release|Any CPU.ActiveCfg = Release|Any CPU
		{26126F36-9A16-4559-B3DC-0D6512F0DF99}.Release|Any CPU.Build.0 = Release|Any CPU
		{26126F36-9A16-4559-B3DC-0D6512F0DF99}.Release|ARM.ActiveCfg = Release|Any CPU
		{26126F36-9A16-4559-B3DC-0D6512F0DF99}.Release|ARM.Build.0 = Release|Any CPU
		{26126F36-9A16-4559-B3DC-0D6512F0DF99}.Release|ARM64.ActiveCfg = Release|Any CPU
		{26126F36-9A16-4559-B3DC-0D6512F0DF99}.Release|ARM64.Build.0 = Release|Any CPU
		{26126F36-9A16-4559-B3DC-0D6512F0DF99}.Release|Mixed Platforms.ActiveCfg = Release|Any CPU
		{26126F36-9A16-4559-B3DC-0D6512F0DF99}.Release|Mixed Platforms.Build.0 = Release|Any CPU
		{26126F36-9A16-4559-B3DC-0D6512F0DF99}.Release|x64.ActiveCfg = Release|Any CPU
		{26126F36-9A16-4559-B3DC-0D6512F0DF99}.Release|x64.Build.0 = Release|Any CPU
		{26126F36-9A16-4559-B3DC-0D6512F0DF99}.Release|x86.ActiveCfg = Release|Any CPU
		{26126F36-9A16-4559-B3DC-0D6512F0DF99}.Release|x86.Build.0 = Release|Any CPU
		{26126F36-9A16-4559-B3DC-0D6512F0DF99}.ReleaseXBAP|Any CPU.ActiveCfg = Release|Any CPU
		{26126F36-9A16-4559-B3DC-0D6512F0DF99}.ReleaseXBAP|Any CPU.Build.0 = Release|Any CPU
		{26126F36-9A16-4559-B3DC-0D6512F0DF99}.ReleaseXBAP|ARM.ActiveCfg = Release|Any CPU
		{26126F36-9A16-4559-B3DC-0D6512F0DF99}.ReleaseXBAP|ARM.Build.0 = Release|Any CPU
		{26126F36-9A16-4559-B3DC-0D6512F0DF99}.ReleaseXBAP|ARM64.ActiveCfg = Release|Any CPU
		{26126F36-9A16-4559-B3DC-0D6512F0DF99}.ReleaseXBAP|ARM64.Build.0 = Release|Any CPU
		{26126F36-9A16-4559-B3DC-0D6512F0DF99}.ReleaseXBAP|Mixed Platforms.ActiveCfg = Release|Any CPU
		{26126F36-9A16-4559-B3DC-0D6512F0DF99}.ReleaseXBAP|Mixed Platforms.Build.0 = Release|Any CPU
		{26126F36-9A16-4559-B3DC-0D6512F0DF99}.ReleaseXBAP|x64.ActiveCfg = Release|Any CPU
		{26126F36-9A16-4559-B3DC-0D6512F0DF99}.ReleaseXBAP|x64.Build.0 = Release|Any CPU
		{26126F36-9A16-4559-B3DC-0D6512F0DF99}.ReleaseXBAP|x86.ActiveCfg = Release|Any CPU
		{26126F36-9A16-4559-B3DC-0D6512F0DF99}.ReleaseXBAP|x86.Build.0 = Release|Any CPU
		{EDE2FCED-8BB8-4E31-99F2-DDCD962C88E4}.Debug|Any CPU.ActiveCfg = Debug|Any CPU
		{EDE2FCED-8BB8-4E31-99F2-DDCD962C88E4}.Debug|Any CPU.Build.0 = Debug|Any CPU
		{EDE2FCED-8BB8-4E31-99F2-DDCD962C88E4}.Debug|ARM.ActiveCfg = Debug|Any CPU
		{EDE2FCED-8BB8-4E31-99F2-DDCD962C88E4}.Debug|ARM.Build.0 = Debug|Any CPU
		{EDE2FCED-8BB8-4E31-99F2-DDCD962C88E4}.Debug|ARM64.ActiveCfg = Debug|Any CPU
		{EDE2FCED-8BB8-4E31-99F2-DDCD962C88E4}.Debug|ARM64.Build.0 = Debug|Any CPU
		{EDE2FCED-8BB8-4E31-99F2-DDCD962C88E4}.Debug|Mixed Platforms.ActiveCfg = Debug|Any CPU
		{EDE2FCED-8BB8-4E31-99F2-DDCD962C88E4}.Debug|Mixed Platforms.Build.0 = Debug|Any CPU
		{EDE2FCED-8BB8-4E31-99F2-DDCD962C88E4}.Debug|x64.ActiveCfg = Debug|Any CPU
		{EDE2FCED-8BB8-4E31-99F2-DDCD962C88E4}.Debug|x64.Build.0 = Debug|Any CPU
		{EDE2FCED-8BB8-4E31-99F2-DDCD962C88E4}.Debug|x86.ActiveCfg = Debug|Any CPU
		{EDE2FCED-8BB8-4E31-99F2-DDCD962C88E4}.Debug|x86.Build.0 = Debug|Any CPU
		{EDE2FCED-8BB8-4E31-99F2-DDCD962C88E4}.Release|Any CPU.ActiveCfg = Release|Any CPU
		{EDE2FCED-8BB8-4E31-99F2-DDCD962C88E4}.Release|Any CPU.Build.0 = Release|Any CPU
		{EDE2FCED-8BB8-4E31-99F2-DDCD962C88E4}.Release|ARM.ActiveCfg = Release|Any CPU
		{EDE2FCED-8BB8-4E31-99F2-DDCD962C88E4}.Release|ARM.Build.0 = Release|Any CPU
		{EDE2FCED-8BB8-4E31-99F2-DDCD962C88E4}.Release|ARM64.ActiveCfg = Release|Any CPU
		{EDE2FCED-8BB8-4E31-99F2-DDCD962C88E4}.Release|ARM64.Build.0 = Release|Any CPU
		{EDE2FCED-8BB8-4E31-99F2-DDCD962C88E4}.Release|Mixed Platforms.ActiveCfg = Release|Any CPU
		{EDE2FCED-8BB8-4E31-99F2-DDCD962C88E4}.Release|Mixed Platforms.Build.0 = Release|Any CPU
		{EDE2FCED-8BB8-4E31-99F2-DDCD962C88E4}.Release|x64.ActiveCfg = Release|Any CPU
		{EDE2FCED-8BB8-4E31-99F2-DDCD962C88E4}.Release|x64.Build.0 = Release|Any CPU
		{EDE2FCED-8BB8-4E31-99F2-DDCD962C88E4}.Release|x86.ActiveCfg = Release|Any CPU
		{EDE2FCED-8BB8-4E31-99F2-DDCD962C88E4}.Release|x86.Build.0 = Release|Any CPU
		{EDE2FCED-8BB8-4E31-99F2-DDCD962C88E4}.ReleaseXBAP|Any CPU.ActiveCfg = Release|Any CPU
		{EDE2FCED-8BB8-4E31-99F2-DDCD962C88E4}.ReleaseXBAP|Any CPU.Build.0 = Release|Any CPU
		{EDE2FCED-8BB8-4E31-99F2-DDCD962C88E4}.ReleaseXBAP|ARM.ActiveCfg = Release|Any CPU
		{EDE2FCED-8BB8-4E31-99F2-DDCD962C88E4}.ReleaseXBAP|ARM.Build.0 = Release|Any CPU
		{EDE2FCED-8BB8-4E31-99F2-DDCD962C88E4}.ReleaseXBAP|ARM64.ActiveCfg = Release|Any CPU
		{EDE2FCED-8BB8-4E31-99F2-DDCD962C88E4}.ReleaseXBAP|ARM64.Build.0 = Release|Any CPU
		{EDE2FCED-8BB8-4E31-99F2-DDCD962C88E4}.ReleaseXBAP|Mixed Platforms.ActiveCfg = Release|Any CPU
		{EDE2FCED-8BB8-4E31-99F2-DDCD962C88E4}.ReleaseXBAP|Mixed Platforms.Build.0 = Release|Any CPU
		{EDE2FCED-8BB8-4E31-99F2-DDCD962C88E4}.ReleaseXBAP|x64.ActiveCfg = Release|Any CPU
		{EDE2FCED-8BB8-4E31-99F2-DDCD962C88E4}.ReleaseXBAP|x64.Build.0 = Release|Any CPU
		{EDE2FCED-8BB8-4E31-99F2-DDCD962C88E4}.ReleaseXBAP|x86.ActiveCfg = Release|Any CPU
		{EDE2FCED-8BB8-4E31-99F2-DDCD962C88E4}.ReleaseXBAP|x86.Build.0 = Release|Any CPU
		{D4847D41-925B-405E-8F42-6079BA0ABA90}.Debug|Any CPU.ActiveCfg = Debug|Any CPU
		{D4847D41-925B-405E-8F42-6079BA0ABA90}.Debug|Any CPU.Build.0 = Debug|Any CPU
		{D4847D41-925B-405E-8F42-6079BA0ABA90}.Debug|ARM.ActiveCfg = Debug|Any CPU
		{D4847D41-925B-405E-8F42-6079BA0ABA90}.Debug|ARM.Build.0 = Debug|Any CPU
		{D4847D41-925B-405E-8F42-6079BA0ABA90}.Debug|ARM64.ActiveCfg = Debug|Any CPU
		{D4847D41-925B-405E-8F42-6079BA0ABA90}.Debug|ARM64.Build.0 = Debug|Any CPU
		{D4847D41-925B-405E-8F42-6079BA0ABA90}.Debug|Mixed Platforms.ActiveCfg = Debug|Any CPU
		{D4847D41-925B-405E-8F42-6079BA0ABA90}.Debug|Mixed Platforms.Build.0 = Debug|Any CPU
		{D4847D41-925B-405E-8F42-6079BA0ABA90}.Debug|x64.ActiveCfg = Debug|Any CPU
		{D4847D41-925B-405E-8F42-6079BA0ABA90}.Debug|x64.Build.0 = Debug|Any CPU
		{D4847D41-925B-405E-8F42-6079BA0ABA90}.Debug|x86.ActiveCfg = Debug|Any CPU
		{D4847D41-925B-405E-8F42-6079BA0ABA90}.Debug|x86.Build.0 = Debug|Any CPU
		{D4847D41-925B-405E-8F42-6079BA0ABA90}.Release|Any CPU.ActiveCfg = Release|Any CPU
		{D4847D41-925B-405E-8F42-6079BA0ABA90}.Release|Any CPU.Build.0 = Release|Any CPU
		{D4847D41-925B-405E-8F42-6079BA0ABA90}.Release|ARM.ActiveCfg = Release|Any CPU
		{D4847D41-925B-405E-8F42-6079BA0ABA90}.Release|ARM.Build.0 = Release|Any CPU
		{D4847D41-925B-405E-8F42-6079BA0ABA90}.Release|ARM64.ActiveCfg = Release|Any CPU
		{D4847D41-925B-405E-8F42-6079BA0ABA90}.Release|ARM64.Build.0 = Release|Any CPU
		{D4847D41-925B-405E-8F42-6079BA0ABA90}.Release|Mixed Platforms.ActiveCfg = Release|Any CPU
		{D4847D41-925B-405E-8F42-6079BA0ABA90}.Release|Mixed Platforms.Build.0 = Release|Any CPU
		{D4847D41-925B-405E-8F42-6079BA0ABA90}.Release|x64.ActiveCfg = Release|Any CPU
		{D4847D41-925B-405E-8F42-6079BA0ABA90}.Release|x64.Build.0 = Release|Any CPU
		{D4847D41-925B-405E-8F42-6079BA0ABA90}.Release|x86.ActiveCfg = Release|Any CPU
		{D4847D41-925B-405E-8F42-6079BA0ABA90}.Release|x86.Build.0 = Release|Any CPU
		{D4847D41-925B-405E-8F42-6079BA0ABA90}.ReleaseXBAP|Any CPU.ActiveCfg = Release|Any CPU
		{D4847D41-925B-405E-8F42-6079BA0ABA90}.ReleaseXBAP|Any CPU.Build.0 = Release|Any CPU
		{D4847D41-925B-405E-8F42-6079BA0ABA90}.ReleaseXBAP|ARM.ActiveCfg = Release|Any CPU
		{D4847D41-925B-405E-8F42-6079BA0ABA90}.ReleaseXBAP|ARM.Build.0 = Release|Any CPU
		{D4847D41-925B-405E-8F42-6079BA0ABA90}.ReleaseXBAP|ARM64.ActiveCfg = Release|Any CPU
		{D4847D41-925B-405E-8F42-6079BA0ABA90}.ReleaseXBAP|ARM64.Build.0 = Release|Any CPU
		{D4847D41-925B-405E-8F42-6079BA0ABA90}.ReleaseXBAP|Mixed Platforms.ActiveCfg = Release|Any CPU
		{D4847D41-925B-405E-8F42-6079BA0ABA90}.ReleaseXBAP|Mixed Platforms.Build.0 = Release|Any CPU
		{D4847D41-925B-405E-8F42-6079BA0ABA90}.ReleaseXBAP|x64.ActiveCfg = Release|Any CPU
		{D4847D41-925B-405E-8F42-6079BA0ABA90}.ReleaseXBAP|x64.Build.0 = Release|Any CPU
		{D4847D41-925B-405E-8F42-6079BA0ABA90}.ReleaseXBAP|x86.ActiveCfg = Release|Any CPU
		{D4847D41-925B-405E-8F42-6079BA0ABA90}.ReleaseXBAP|x86.Build.0 = Release|Any CPU
		{8C608E5C-7FF3-48BC-B0BA-C6CE8104B322}.Debug|Any CPU.ActiveCfg = Debug|Any CPU
		{8C608E5C-7FF3-48BC-B0BA-C6CE8104B322}.Debug|Any CPU.Build.0 = Debug|Any CPU
		{8C608E5C-7FF3-48BC-B0BA-C6CE8104B322}.Debug|ARM.ActiveCfg = Debug|Any CPU
		{8C608E5C-7FF3-48BC-B0BA-C6CE8104B322}.Debug|ARM.Build.0 = Debug|Any CPU
		{8C608E5C-7FF3-48BC-B0BA-C6CE8104B322}.Debug|ARM64.ActiveCfg = Debug|Any CPU
		{8C608E5C-7FF3-48BC-B0BA-C6CE8104B322}.Debug|ARM64.Build.0 = Debug|Any CPU
		{8C608E5C-7FF3-48BC-B0BA-C6CE8104B322}.Debug|Mixed Platforms.ActiveCfg = Debug|Any CPU
		{8C608E5C-7FF3-48BC-B0BA-C6CE8104B322}.Debug|Mixed Platforms.Build.0 = Debug|Any CPU
		{8C608E5C-7FF3-48BC-B0BA-C6CE8104B322}.Debug|x64.ActiveCfg = Debug|Any CPU
		{8C608E5C-7FF3-48BC-B0BA-C6CE8104B322}.Debug|x64.Build.0 = Debug|Any CPU
		{8C608E5C-7FF3-48BC-B0BA-C6CE8104B322}.Debug|x86.ActiveCfg = Debug|Any CPU
		{8C608E5C-7FF3-48BC-B0BA-C6CE8104B322}.Debug|x86.Build.0 = Debug|Any CPU
		{8C608E5C-7FF3-48BC-B0BA-C6CE8104B322}.Release|Any CPU.ActiveCfg = Release|Any CPU
		{8C608E5C-7FF3-48BC-B0BA-C6CE8104B322}.Release|Any CPU.Build.0 = Release|Any CPU
		{8C608E5C-7FF3-48BC-B0BA-C6CE8104B322}.Release|ARM.ActiveCfg = Release|Any CPU
		{8C608E5C-7FF3-48BC-B0BA-C6CE8104B322}.Release|ARM.Build.0 = Release|Any CPU
		{8C608E5C-7FF3-48BC-B0BA-C6CE8104B322}.Release|ARM64.ActiveCfg = Release|Any CPU
		{8C608E5C-7FF3-48BC-B0BA-C6CE8104B322}.Release|ARM64.Build.0 = Release|Any CPU
		{8C608E5C-7FF3-48BC-B0BA-C6CE8104B322}.Release|Mixed Platforms.ActiveCfg = Release|Any CPU
		{8C608E5C-7FF3-48BC-B0BA-C6CE8104B322}.Release|Mixed Platforms.Build.0 = Release|Any CPU
		{8C608E5C-7FF3-48BC-B0BA-C6CE8104B322}.Release|x64.ActiveCfg = Release|Any CPU
		{8C608E5C-7FF3-48BC-B0BA-C6CE8104B322}.Release|x64.Build.0 = Release|Any CPU
		{8C608E5C-7FF3-48BC-B0BA-C6CE8104B322}.Release|x86.ActiveCfg = Release|Any CPU
		{8C608E5C-7FF3-48BC-B0BA-C6CE8104B322}.Release|x86.Build.0 = Release|Any CPU
		{8C608E5C-7FF3-48BC-B0BA-C6CE8104B322}.ReleaseXBAP|Any CPU.ActiveCfg = Release|Any CPU
		{8C608E5C-7FF3-48BC-B0BA-C6CE8104B322}.ReleaseXBAP|Any CPU.Build.0 = Release|Any CPU
		{8C608E5C-7FF3-48BC-B0BA-C6CE8104B322}.ReleaseXBAP|ARM.ActiveCfg = Release|Any CPU
		{8C608E5C-7FF3-48BC-B0BA-C6CE8104B322}.ReleaseXBAP|ARM.Build.0 = Release|Any CPU
		{8C608E5C-7FF3-48BC-B0BA-C6CE8104B322}.ReleaseXBAP|ARM64.ActiveCfg = Release|Any CPU
		{8C608E5C-7FF3-48BC-B0BA-C6CE8104B322}.ReleaseXBAP|ARM64.Build.0 = Release|Any CPU
		{8C608E5C-7FF3-48BC-B0BA-C6CE8104B322}.ReleaseXBAP|Mixed Platforms.ActiveCfg = Release|Any CPU
		{8C608E5C-7FF3-48BC-B0BA-C6CE8104B322}.ReleaseXBAP|Mixed Platforms.Build.0 = Release|Any CPU
		{8C608E5C-7FF3-48BC-B0BA-C6CE8104B322}.ReleaseXBAP|x64.ActiveCfg = Release|Any CPU
		{8C608E5C-7FF3-48BC-B0BA-C6CE8104B322}.ReleaseXBAP|x64.Build.0 = Release|Any CPU
		{8C608E5C-7FF3-48BC-B0BA-C6CE8104B322}.ReleaseXBAP|x86.ActiveCfg = Release|Any CPU
		{8C608E5C-7FF3-48BC-B0BA-C6CE8104B322}.ReleaseXBAP|x86.Build.0 = Release|Any CPU
		{D46BF86E-08B3-4F26-ABE1-B5845334D2E2}.Debug|Any CPU.ActiveCfg = Debug|Any CPU
		{D46BF86E-08B3-4F26-ABE1-B5845334D2E2}.Debug|Any CPU.Build.0 = Debug|Any CPU
		{D46BF86E-08B3-4F26-ABE1-B5845334D2E2}.Debug|ARM.ActiveCfg = Debug|Any CPU
		{D46BF86E-08B3-4F26-ABE1-B5845334D2E2}.Debug|ARM.Build.0 = Debug|Any CPU
		{D46BF86E-08B3-4F26-ABE1-B5845334D2E2}.Debug|ARM64.ActiveCfg = Debug|Any CPU
		{D46BF86E-08B3-4F26-ABE1-B5845334D2E2}.Debug|ARM64.Build.0 = Debug|Any CPU
		{D46BF86E-08B3-4F26-ABE1-B5845334D2E2}.Debug|Mixed Platforms.ActiveCfg = Debug|Any CPU
		{D46BF86E-08B3-4F26-ABE1-B5845334D2E2}.Debug|Mixed Platforms.Build.0 = Debug|Any CPU
		{D46BF86E-08B3-4F26-ABE1-B5845334D2E2}.Debug|x64.ActiveCfg = Debug|Any CPU
		{D46BF86E-08B3-4F26-ABE1-B5845334D2E2}.Debug|x64.Build.0 = Debug|Any CPU
		{D46BF86E-08B3-4F26-ABE1-B5845334D2E2}.Debug|x86.ActiveCfg = Debug|Any CPU
		{D46BF86E-08B3-4F26-ABE1-B5845334D2E2}.Debug|x86.Build.0 = Debug|Any CPU
		{D46BF86E-08B3-4F26-ABE1-B5845334D2E2}.Release|Any CPU.ActiveCfg = Release|Any CPU
		{D46BF86E-08B3-4F26-ABE1-B5845334D2E2}.Release|Any CPU.Build.0 = Release|Any CPU
		{D46BF86E-08B3-4F26-ABE1-B5845334D2E2}.Release|ARM.ActiveCfg = Release|Any CPU
		{D46BF86E-08B3-4F26-ABE1-B5845334D2E2}.Release|ARM.Build.0 = Release|Any CPU
		{D46BF86E-08B3-4F26-ABE1-B5845334D2E2}.Release|ARM64.ActiveCfg = Release|Any CPU
		{D46BF86E-08B3-4F26-ABE1-B5845334D2E2}.Release|ARM64.Build.0 = Release|Any CPU
		{D46BF86E-08B3-4F26-ABE1-B5845334D2E2}.Release|Mixed Platforms.ActiveCfg = Release|Any CPU
		{D46BF86E-08B3-4F26-ABE1-B5845334D2E2}.Release|Mixed Platforms.Build.0 = Release|Any CPU
		{D46BF86E-08B3-4F26-ABE1-B5845334D2E2}.Release|x64.ActiveCfg = Release|Any CPU
		{D46BF86E-08B3-4F26-ABE1-B5845334D2E2}.Release|x64.Build.0 = Release|Any CPU
		{D46BF86E-08B3-4F26-ABE1-B5845334D2E2}.Release|x86.ActiveCfg = Release|Any CPU
		{D46BF86E-08B3-4F26-ABE1-B5845334D2E2}.Release|x86.Build.0 = Release|Any CPU
		{D46BF86E-08B3-4F26-ABE1-B5845334D2E2}.ReleaseXBAP|Any CPU.ActiveCfg = Release|Any CPU
		{D46BF86E-08B3-4F26-ABE1-B5845334D2E2}.ReleaseXBAP|Any CPU.Build.0 = Release|Any CPU
		{D46BF86E-08B3-4F26-ABE1-B5845334D2E2}.ReleaseXBAP|ARM.ActiveCfg = Release|Any CPU
		{D46BF86E-08B3-4F26-ABE1-B5845334D2E2}.ReleaseXBAP|ARM.Build.0 = Release|Any CPU
		{D46BF86E-08B3-4F26-ABE1-B5845334D2E2}.ReleaseXBAP|ARM64.ActiveCfg = Release|Any CPU
		{D46BF86E-08B3-4F26-ABE1-B5845334D2E2}.ReleaseXBAP|ARM64.Build.0 = Release|Any CPU
		{D46BF86E-08B3-4F26-ABE1-B5845334D2E2}.ReleaseXBAP|Mixed Platforms.ActiveCfg = Release|Any CPU
		{D46BF86E-08B3-4F26-ABE1-B5845334D2E2}.ReleaseXBAP|Mixed Platforms.Build.0 = Release|Any CPU
		{D46BF86E-08B3-4F26-ABE1-B5845334D2E2}.ReleaseXBAP|x64.ActiveCfg = Release|Any CPU
		{D46BF86E-08B3-4F26-ABE1-B5845334D2E2}.ReleaseXBAP|x64.Build.0 = Release|Any CPU
		{D46BF86E-08B3-4F26-ABE1-B5845334D2E2}.ReleaseXBAP|x86.ActiveCfg = Release|Any CPU
		{D46BF86E-08B3-4F26-ABE1-B5845334D2E2}.ReleaseXBAP|x86.Build.0 = Release|Any CPU
		{315ADE29-36E3-48A2-A3BD-D3D475E117BF}.Debug|Any CPU.ActiveCfg = Debug|Any CPU
		{315ADE29-36E3-48A2-A3BD-D3D475E117BF}.Debug|Any CPU.Build.0 = Debug|Any CPU
		{315ADE29-36E3-48A2-A3BD-D3D475E117BF}.Debug|ARM.ActiveCfg = Debug|Any CPU
		{315ADE29-36E3-48A2-A3BD-D3D475E117BF}.Debug|ARM.Build.0 = Debug|Any CPU
		{315ADE29-36E3-48A2-A3BD-D3D475E117BF}.Debug|ARM64.ActiveCfg = Debug|Any CPU
		{315ADE29-36E3-48A2-A3BD-D3D475E117BF}.Debug|ARM64.Build.0 = Debug|Any CPU
		{315ADE29-36E3-48A2-A3BD-D3D475E117BF}.Debug|Mixed Platforms.ActiveCfg = Debug|Any CPU
		{315ADE29-36E3-48A2-A3BD-D3D475E117BF}.Debug|Mixed Platforms.Build.0 = Debug|Any CPU
		{315ADE29-36E3-48A2-A3BD-D3D475E117BF}.Debug|x64.ActiveCfg = Debug|Any CPU
		{315ADE29-36E3-48A2-A3BD-D3D475E117BF}.Debug|x64.Build.0 = Debug|Any CPU
		{315ADE29-36E3-48A2-A3BD-D3D475E117BF}.Debug|x86.ActiveCfg = Debug|Any CPU
		{315ADE29-36E3-48A2-A3BD-D3D475E117BF}.Debug|x86.Build.0 = Debug|Any CPU
		{315ADE29-36E3-48A2-A3BD-D3D475E117BF}.Release|Any CPU.ActiveCfg = Release|Any CPU
		{315ADE29-36E3-48A2-A3BD-D3D475E117BF}.Release|Any CPU.Build.0 = Release|Any CPU
		{315ADE29-36E3-48A2-A3BD-D3D475E117BF}.Release|ARM.ActiveCfg = Release|Any CPU
		{315ADE29-36E3-48A2-A3BD-D3D475E117BF}.Release|ARM.Build.0 = Release|Any CPU
		{315ADE29-36E3-48A2-A3BD-D3D475E117BF}.Release|ARM64.ActiveCfg = Release|Any CPU
		{315ADE29-36E3-48A2-A3BD-D3D475E117BF}.Release|ARM64.Build.0 = Release|Any CPU
		{315ADE29-36E3-48A2-A3BD-D3D475E117BF}.Release|Mixed Platforms.ActiveCfg = Release|Any CPU
		{315ADE29-36E3-48A2-A3BD-D3D475E117BF}.Release|Mixed Platforms.Build.0 = Release|Any CPU
		{315ADE29-36E3-48A2-A3BD-D3D475E117BF}.Release|x64.ActiveCfg = Release|Any CPU
		{315ADE29-36E3-48A2-A3BD-D3D475E117BF}.Release|x64.Build.0 = Release|Any CPU
		{315ADE29-36E3-48A2-A3BD-D3D475E117BF}.Release|x86.ActiveCfg = Release|Any CPU
		{315ADE29-36E3-48A2-A3BD-D3D475E117BF}.Release|x86.Build.0 = Release|Any CPU
		{315ADE29-36E3-48A2-A3BD-D3D475E117BF}.ReleaseXBAP|Any CPU.ActiveCfg = Release|Any CPU
		{315ADE29-36E3-48A2-A3BD-D3D475E117BF}.ReleaseXBAP|Any CPU.Build.0 = Release|Any CPU
		{315ADE29-36E3-48A2-A3BD-D3D475E117BF}.ReleaseXBAP|ARM.ActiveCfg = Release|Any CPU
		{315ADE29-36E3-48A2-A3BD-D3D475E117BF}.ReleaseXBAP|ARM.Build.0 = Release|Any CPU
		{315ADE29-36E3-48A2-A3BD-D3D475E117BF}.ReleaseXBAP|ARM64.ActiveCfg = Release|Any CPU
		{315ADE29-36E3-48A2-A3BD-D3D475E117BF}.ReleaseXBAP|ARM64.Build.0 = Release|Any CPU
		{315ADE29-36E3-48A2-A3BD-D3D475E117BF}.ReleaseXBAP|Mixed Platforms.ActiveCfg = Release|Any CPU
		{315ADE29-36E3-48A2-A3BD-D3D475E117BF}.ReleaseXBAP|Mixed Platforms.Build.0 = Release|Any CPU
		{315ADE29-36E3-48A2-A3BD-D3D475E117BF}.ReleaseXBAP|x64.ActiveCfg = Release|Any CPU
		{315ADE29-36E3-48A2-A3BD-D3D475E117BF}.ReleaseXBAP|x64.Build.0 = Release|Any CPU
		{315ADE29-36E3-48A2-A3BD-D3D475E117BF}.ReleaseXBAP|x86.ActiveCfg = Release|Any CPU
		{315ADE29-36E3-48A2-A3BD-D3D475E117BF}.ReleaseXBAP|x86.Build.0 = Release|Any CPU
		{79921745-D950-4B4B-BF8D-FBCAD701E11D}.Debug|Any CPU.ActiveCfg = Debug|Any CPU
		{79921745-D950-4B4B-BF8D-FBCAD701E11D}.Debug|Any CPU.Build.0 = Debug|Any CPU
		{79921745-D950-4B4B-BF8D-FBCAD701E11D}.Debug|ARM.ActiveCfg = Debug|Any CPU
		{79921745-D950-4B4B-BF8D-FBCAD701E11D}.Debug|ARM.Build.0 = Debug|Any CPU
		{79921745-D950-4B4B-BF8D-FBCAD701E11D}.Debug|ARM64.ActiveCfg = Debug|Any CPU
		{79921745-D950-4B4B-BF8D-FBCAD701E11D}.Debug|ARM64.Build.0 = Debug|Any CPU
		{79921745-D950-4B4B-BF8D-FBCAD701E11D}.Debug|Mixed Platforms.ActiveCfg = Debug|Any CPU
		{79921745-D950-4B4B-BF8D-FBCAD701E11D}.Debug|Mixed Platforms.Build.0 = Debug|Any CPU
		{79921745-D950-4B4B-BF8D-FBCAD701E11D}.Debug|x64.ActiveCfg = Debug|Any CPU
		{79921745-D950-4B4B-BF8D-FBCAD701E11D}.Debug|x64.Build.0 = Debug|Any CPU
		{79921745-D950-4B4B-BF8D-FBCAD701E11D}.Debug|x86.ActiveCfg = Debug|Any CPU
		{79921745-D950-4B4B-BF8D-FBCAD701E11D}.Debug|x86.Build.0 = Debug|Any CPU
		{79921745-D950-4B4B-BF8D-FBCAD701E11D}.Release|Any CPU.ActiveCfg = Release|Any CPU
		{79921745-D950-4B4B-BF8D-FBCAD701E11D}.Release|Any CPU.Build.0 = Release|Any CPU
		{79921745-D950-4B4B-BF8D-FBCAD701E11D}.Release|ARM.ActiveCfg = Release|Any CPU
		{79921745-D950-4B4B-BF8D-FBCAD701E11D}.Release|ARM.Build.0 = Release|Any CPU
		{79921745-D950-4B4B-BF8D-FBCAD701E11D}.Release|ARM64.ActiveCfg = Release|Any CPU
		{79921745-D950-4B4B-BF8D-FBCAD701E11D}.Release|ARM64.Build.0 = Release|Any CPU
		{79921745-D950-4B4B-BF8D-FBCAD701E11D}.Release|Mixed Platforms.ActiveCfg = Release|Any CPU
		{79921745-D950-4B4B-BF8D-FBCAD701E11D}.Release|Mixed Platforms.Build.0 = Release|Any CPU
		{79921745-D950-4B4B-BF8D-FBCAD701E11D}.Release|x64.ActiveCfg = Release|Any CPU
		{79921745-D950-4B4B-BF8D-FBCAD701E11D}.Release|x64.Build.0 = Release|Any CPU
		{79921745-D950-4B4B-BF8D-FBCAD701E11D}.Release|x86.ActiveCfg = Release|Any CPU
		{79921745-D950-4B4B-BF8D-FBCAD701E11D}.Release|x86.Build.0 = Release|Any CPU
		{79921745-D950-4B4B-BF8D-FBCAD701E11D}.ReleaseXBAP|Any CPU.ActiveCfg = Release|Any CPU
		{79921745-D950-4B4B-BF8D-FBCAD701E11D}.ReleaseXBAP|Any CPU.Build.0 = Release|Any CPU
		{79921745-D950-4B4B-BF8D-FBCAD701E11D}.ReleaseXBAP|ARM.ActiveCfg = Release|Any CPU
		{79921745-D950-4B4B-BF8D-FBCAD701E11D}.ReleaseXBAP|ARM.Build.0 = Release|Any CPU
		{79921745-D950-4B4B-BF8D-FBCAD701E11D}.ReleaseXBAP|ARM64.ActiveCfg = Release|Any CPU
		{79921745-D950-4B4B-BF8D-FBCAD701E11D}.ReleaseXBAP|ARM64.Build.0 = Release|Any CPU
		{79921745-D950-4B4B-BF8D-FBCAD701E11D}.ReleaseXBAP|Mixed Platforms.ActiveCfg = Release|Any CPU
		{79921745-D950-4B4B-BF8D-FBCAD701E11D}.ReleaseXBAP|Mixed Platforms.Build.0 = Release|Any CPU
		{79921745-D950-4B4B-BF8D-FBCAD701E11D}.ReleaseXBAP|x64.ActiveCfg = Release|Any CPU
		{79921745-D950-4B4B-BF8D-FBCAD701E11D}.ReleaseXBAP|x64.Build.0 = Release|Any CPU
		{79921745-D950-4B4B-BF8D-FBCAD701E11D}.ReleaseXBAP|x86.ActiveCfg = Release|Any CPU
		{79921745-D950-4B4B-BF8D-FBCAD701E11D}.ReleaseXBAP|x86.Build.0 = Release|Any CPU
		{5FCC793D-2DB6-434D-B468-F53851447180}.Debug|Any CPU.ActiveCfg = Debug|Any CPU
		{5FCC793D-2DB6-434D-B468-F53851447180}.Debug|Any CPU.Build.0 = Debug|Any CPU
		{5FCC793D-2DB6-434D-B468-F53851447180}.Debug|ARM.ActiveCfg = Debug|Any CPU
		{5FCC793D-2DB6-434D-B468-F53851447180}.Debug|ARM.Build.0 = Debug|Any CPU
		{5FCC793D-2DB6-434D-B468-F53851447180}.Debug|ARM64.ActiveCfg = Debug|Any CPU
		{5FCC793D-2DB6-434D-B468-F53851447180}.Debug|ARM64.Build.0 = Debug|Any CPU
		{5FCC793D-2DB6-434D-B468-F53851447180}.Debug|Mixed Platforms.ActiveCfg = Debug|Any CPU
		{5FCC793D-2DB6-434D-B468-F53851447180}.Debug|Mixed Platforms.Build.0 = Debug|Any CPU
		{5FCC793D-2DB6-434D-B468-F53851447180}.Debug|x64.ActiveCfg = Debug|Any CPU
		{5FCC793D-2DB6-434D-B468-F53851447180}.Debug|x64.Build.0 = Debug|Any CPU
		{5FCC793D-2DB6-434D-B468-F53851447180}.Debug|x86.ActiveCfg = Debug|Any CPU
		{5FCC793D-2DB6-434D-B468-F53851447180}.Debug|x86.Build.0 = Debug|Any CPU
		{5FCC793D-2DB6-434D-B468-F53851447180}.Release|Any CPU.ActiveCfg = Release|Any CPU
		{5FCC793D-2DB6-434D-B468-F53851447180}.Release|Any CPU.Build.0 = Release|Any CPU
		{5FCC793D-2DB6-434D-B468-F53851447180}.Release|ARM.ActiveCfg = Release|Any CPU
		{5FCC793D-2DB6-434D-B468-F53851447180}.Release|ARM.Build.0 = Release|Any CPU
		{5FCC793D-2DB6-434D-B468-F53851447180}.Release|ARM64.ActiveCfg = Release|Any CPU
		{5FCC793D-2DB6-434D-B468-F53851447180}.Release|ARM64.Build.0 = Release|Any CPU
		{5FCC793D-2DB6-434D-B468-F53851447180}.Release|Mixed Platforms.ActiveCfg = Release|Any CPU
		{5FCC793D-2DB6-434D-B468-F53851447180}.Release|Mixed Platforms.Build.0 = Release|Any CPU
		{5FCC793D-2DB6-434D-B468-F53851447180}.Release|x64.ActiveCfg = Release|Any CPU
		{5FCC793D-2DB6-434D-B468-F53851447180}.Release|x64.Build.0 = Release|Any CPU
		{5FCC793D-2DB6-434D-B468-F53851447180}.Release|x86.ActiveCfg = Release|Any CPU
		{5FCC793D-2DB6-434D-B468-F53851447180}.Release|x86.Build.0 = Release|Any CPU
		{5FCC793D-2DB6-434D-B468-F53851447180}.ReleaseXBAP|Any CPU.ActiveCfg = Release|Any CPU
		{5FCC793D-2DB6-434D-B468-F53851447180}.ReleaseXBAP|Any CPU.Build.0 = Release|Any CPU
		{5FCC793D-2DB6-434D-B468-F53851447180}.ReleaseXBAP|ARM.ActiveCfg = Release|Any CPU
		{5FCC793D-2DB6-434D-B468-F53851447180}.ReleaseXBAP|ARM.Build.0 = Release|Any CPU
		{5FCC793D-2DB6-434D-B468-F53851447180}.ReleaseXBAP|ARM64.ActiveCfg = Release|Any CPU
		{5FCC793D-2DB6-434D-B468-F53851447180}.ReleaseXBAP|ARM64.Build.0 = Release|Any CPU
		{5FCC793D-2DB6-434D-B468-F53851447180}.ReleaseXBAP|Mixed Platforms.ActiveCfg = Release|Any CPU
		{5FCC793D-2DB6-434D-B468-F53851447180}.ReleaseXBAP|Mixed Platforms.Build.0 = Release|Any CPU
		{5FCC793D-2DB6-434D-B468-F53851447180}.ReleaseXBAP|x64.ActiveCfg = Release|Any CPU
		{5FCC793D-2DB6-434D-B468-F53851447180}.ReleaseXBAP|x64.Build.0 = Release|Any CPU
		{5FCC793D-2DB6-434D-B468-F53851447180}.ReleaseXBAP|x86.ActiveCfg = Release|Any CPU
		{5FCC793D-2DB6-434D-B468-F53851447180}.ReleaseXBAP|x86.Build.0 = Release|Any CPU
		{E417A3EF-D3D2-4EEA-B739-1429B93245F1}.Debug|Any CPU.ActiveCfg = Debug|Any CPU
		{E417A3EF-D3D2-4EEA-B739-1429B93245F1}.Debug|Any CPU.Build.0 = Debug|Any CPU
		{E417A3EF-D3D2-4EEA-B739-1429B93245F1}.Debug|ARM.ActiveCfg = Debug|Any CPU
		{E417A3EF-D3D2-4EEA-B739-1429B93245F1}.Debug|ARM.Build.0 = Debug|Any CPU
		{E417A3EF-D3D2-4EEA-B739-1429B93245F1}.Debug|ARM64.ActiveCfg = Debug|Any CPU
		{E417A3EF-D3D2-4EEA-B739-1429B93245F1}.Debug|ARM64.Build.0 = Debug|Any CPU
		{E417A3EF-D3D2-4EEA-B739-1429B93245F1}.Debug|Mixed Platforms.ActiveCfg = Debug|Any CPU
		{E417A3EF-D3D2-4EEA-B739-1429B93245F1}.Debug|Mixed Platforms.Build.0 = Debug|Any CPU
		{E417A3EF-D3D2-4EEA-B739-1429B93245F1}.Debug|x64.ActiveCfg = Debug|Any CPU
		{E417A3EF-D3D2-4EEA-B739-1429B93245F1}.Debug|x64.Build.0 = Debug|Any CPU
		{E417A3EF-D3D2-4EEA-B739-1429B93245F1}.Debug|x86.ActiveCfg = Debug|Any CPU
		{E417A3EF-D3D2-4EEA-B739-1429B93245F1}.Debug|x86.Build.0 = Debug|Any CPU
		{E417A3EF-D3D2-4EEA-B739-1429B93245F1}.Release|Any CPU.ActiveCfg = Release|Any CPU
		{E417A3EF-D3D2-4EEA-B739-1429B93245F1}.Release|Any CPU.Build.0 = Release|Any CPU
		{E417A3EF-D3D2-4EEA-B739-1429B93245F1}.Release|ARM.ActiveCfg = Release|Any CPU
		{E417A3EF-D3D2-4EEA-B739-1429B93245F1}.Release|ARM.Build.0 = Release|Any CPU
		{E417A3EF-D3D2-4EEA-B739-1429B93245F1}.Release|ARM64.ActiveCfg = Release|Any CPU
		{E417A3EF-D3D2-4EEA-B739-1429B93245F1}.Release|ARM64.Build.0 = Release|Any CPU
		{E417A3EF-D3D2-4EEA-B739-1429B93245F1}.Release|Mixed Platforms.ActiveCfg = Release|Any CPU
		{E417A3EF-D3D2-4EEA-B739-1429B93245F1}.Release|Mixed Platforms.Build.0 = Release|Any CPU
		{E417A3EF-D3D2-4EEA-B739-1429B93245F1}.Release|x64.ActiveCfg = Release|Any CPU
		{E417A3EF-D3D2-4EEA-B739-1429B93245F1}.Release|x64.Build.0 = Release|Any CPU
		{E417A3EF-D3D2-4EEA-B739-1429B93245F1}.Release|x86.ActiveCfg = Release|Any CPU
		{E417A3EF-D3D2-4EEA-B739-1429B93245F1}.Release|x86.Build.0 = Release|Any CPU
		{E417A3EF-D3D2-4EEA-B739-1429B93245F1}.ReleaseXBAP|Any CPU.ActiveCfg = Release|Any CPU
		{E417A3EF-D3D2-4EEA-B739-1429B93245F1}.ReleaseXBAP|Any CPU.Build.0 = Release|Any CPU
		{E417A3EF-D3D2-4EEA-B739-1429B93245F1}.ReleaseXBAP|ARM.ActiveCfg = Release|Any CPU
		{E417A3EF-D3D2-4EEA-B739-1429B93245F1}.ReleaseXBAP|ARM.Build.0 = Release|Any CPU
		{E417A3EF-D3D2-4EEA-B739-1429B93245F1}.ReleaseXBAP|ARM64.ActiveCfg = Release|Any CPU
		{E417A3EF-D3D2-4EEA-B739-1429B93245F1}.ReleaseXBAP|ARM64.Build.0 = Release|Any CPU
		{E417A3EF-D3D2-4EEA-B739-1429B93245F1}.ReleaseXBAP|Mixed Platforms.ActiveCfg = Release|Any CPU
		{E417A3EF-D3D2-4EEA-B739-1429B93245F1}.ReleaseXBAP|Mixed Platforms.Build.0 = Release|Any CPU
		{E417A3EF-D3D2-4EEA-B739-1429B93245F1}.ReleaseXBAP|x64.ActiveCfg = Release|Any CPU
		{E417A3EF-D3D2-4EEA-B739-1429B93245F1}.ReleaseXBAP|x64.Build.0 = Release|Any CPU
		{E417A3EF-D3D2-4EEA-B739-1429B93245F1}.ReleaseXBAP|x86.ActiveCfg = Release|Any CPU
		{E417A3EF-D3D2-4EEA-B739-1429B93245F1}.ReleaseXBAP|x86.Build.0 = Release|Any CPU
		{18122A99-D645-404A-8F24-84FAA3A4EDAE}.Debug|Any CPU.ActiveCfg = Debug|Any CPU
		{18122A99-D645-404A-8F24-84FAA3A4EDAE}.Debug|Any CPU.Build.0 = Debug|Any CPU
		{18122A99-D645-404A-8F24-84FAA3A4EDAE}.Debug|ARM.ActiveCfg = Debug|Any CPU
		{18122A99-D645-404A-8F24-84FAA3A4EDAE}.Debug|ARM.Build.0 = Debug|Any CPU
		{18122A99-D645-404A-8F24-84FAA3A4EDAE}.Debug|ARM64.ActiveCfg = Debug|Any CPU
		{18122A99-D645-404A-8F24-84FAA3A4EDAE}.Debug|ARM64.Build.0 = Debug|Any CPU
		{18122A99-D645-404A-8F24-84FAA3A4EDAE}.Debug|Mixed Platforms.ActiveCfg = Debug|Any CPU
		{18122A99-D645-404A-8F24-84FAA3A4EDAE}.Debug|Mixed Platforms.Build.0 = Debug|Any CPU
		{18122A99-D645-404A-8F24-84FAA3A4EDAE}.Debug|x64.ActiveCfg = Debug|Any CPU
		{18122A99-D645-404A-8F24-84FAA3A4EDAE}.Debug|x64.Build.0 = Debug|Any CPU
		{18122A99-D645-404A-8F24-84FAA3A4EDAE}.Debug|x86.ActiveCfg = Debug|Any CPU
		{18122A99-D645-404A-8F24-84FAA3A4EDAE}.Debug|x86.Build.0 = Debug|Any CPU
		{18122A99-D645-404A-8F24-84FAA3A4EDAE}.Release|Any CPU.ActiveCfg = Release|Any CPU
		{18122A99-D645-404A-8F24-84FAA3A4EDAE}.Release|Any CPU.Build.0 = Release|Any CPU
		{18122A99-D645-404A-8F24-84FAA3A4EDAE}.Release|ARM.ActiveCfg = Release|Any CPU
		{18122A99-D645-404A-8F24-84FAA3A4EDAE}.Release|ARM.Build.0 = Release|Any CPU
		{18122A99-D645-404A-8F24-84FAA3A4EDAE}.Release|ARM64.ActiveCfg = Release|Any CPU
		{18122A99-D645-404A-8F24-84FAA3A4EDAE}.Release|ARM64.Build.0 = Release|Any CPU
		{18122A99-D645-404A-8F24-84FAA3A4EDAE}.Release|Mixed Platforms.ActiveCfg = Release|Any CPU
		{18122A99-D645-404A-8F24-84FAA3A4EDAE}.Release|Mixed Platforms.Build.0 = Release|Any CPU
		{18122A99-D645-404A-8F24-84FAA3A4EDAE}.Release|x64.ActiveCfg = Release|Any CPU
		{18122A99-D645-404A-8F24-84FAA3A4EDAE}.Release|x64.Build.0 = Release|Any CPU
		{18122A99-D645-404A-8F24-84FAA3A4EDAE}.Release|x86.ActiveCfg = Release|Any CPU
		{18122A99-D645-404A-8F24-84FAA3A4EDAE}.Release|x86.Build.0 = Release|Any CPU
		{18122A99-D645-404A-8F24-84FAA3A4EDAE}.ReleaseXBAP|Any CPU.ActiveCfg = Release|Any CPU
		{18122A99-D645-404A-8F24-84FAA3A4EDAE}.ReleaseXBAP|Any CPU.Build.0 = Release|Any CPU
		{18122A99-D645-404A-8F24-84FAA3A4EDAE}.ReleaseXBAP|ARM.ActiveCfg = Release|Any CPU
		{18122A99-D645-404A-8F24-84FAA3A4EDAE}.ReleaseXBAP|ARM.Build.0 = Release|Any CPU
		{18122A99-D645-404A-8F24-84FAA3A4EDAE}.ReleaseXBAP|ARM64.ActiveCfg = Release|Any CPU
		{18122A99-D645-404A-8F24-84FAA3A4EDAE}.ReleaseXBAP|ARM64.Build.0 = Release|Any CPU
		{18122A99-D645-404A-8F24-84FAA3A4EDAE}.ReleaseXBAP|Mixed Platforms.ActiveCfg = Release|Any CPU
		{18122A99-D645-404A-8F24-84FAA3A4EDAE}.ReleaseXBAP|Mixed Platforms.Build.0 = Release|Any CPU
		{18122A99-D645-404A-8F24-84FAA3A4EDAE}.ReleaseXBAP|x64.ActiveCfg = Release|Any CPU
		{18122A99-D645-404A-8F24-84FAA3A4EDAE}.ReleaseXBAP|x64.Build.0 = Release|Any CPU
		{18122A99-D645-404A-8F24-84FAA3A4EDAE}.ReleaseXBAP|x86.ActiveCfg = Release|Any CPU
		{18122A99-D645-404A-8F24-84FAA3A4EDAE}.ReleaseXBAP|x86.Build.0 = Release|Any CPU
		{A05F8825-8485-4022-BDA8-63CDAD22A03B}.Debug|Any CPU.ActiveCfg = Debug|Any CPU
		{A05F8825-8485-4022-BDA8-63CDAD22A03B}.Debug|Any CPU.Build.0 = Debug|Any CPU
		{A05F8825-8485-4022-BDA8-63CDAD22A03B}.Debug|ARM.ActiveCfg = Debug|Any CPU
		{A05F8825-8485-4022-BDA8-63CDAD22A03B}.Debug|ARM.Build.0 = Debug|Any CPU
		{A05F8825-8485-4022-BDA8-63CDAD22A03B}.Debug|ARM64.ActiveCfg = Debug|Any CPU
		{A05F8825-8485-4022-BDA8-63CDAD22A03B}.Debug|ARM64.Build.0 = Debug|Any CPU
		{A05F8825-8485-4022-BDA8-63CDAD22A03B}.Debug|Mixed Platforms.ActiveCfg = Debug|Any CPU
		{A05F8825-8485-4022-BDA8-63CDAD22A03B}.Debug|Mixed Platforms.Build.0 = Debug|Any CPU
		{A05F8825-8485-4022-BDA8-63CDAD22A03B}.Debug|x64.ActiveCfg = Debug|Any CPU
		{A05F8825-8485-4022-BDA8-63CDAD22A03B}.Debug|x64.Build.0 = Debug|Any CPU
		{A05F8825-8485-4022-BDA8-63CDAD22A03B}.Debug|x86.ActiveCfg = Debug|Any CPU
		{A05F8825-8485-4022-BDA8-63CDAD22A03B}.Debug|x86.Build.0 = Debug|Any CPU
		{A05F8825-8485-4022-BDA8-63CDAD22A03B}.Release|Any CPU.ActiveCfg = Release|Any CPU
		{A05F8825-8485-4022-BDA8-63CDAD22A03B}.Release|Any CPU.Build.0 = Release|Any CPU
		{A05F8825-8485-4022-BDA8-63CDAD22A03B}.Release|ARM.ActiveCfg = Release|Any CPU
		{A05F8825-8485-4022-BDA8-63CDAD22A03B}.Release|ARM.Build.0 = Release|Any CPU
		{A05F8825-8485-4022-BDA8-63CDAD22A03B}.Release|ARM64.ActiveCfg = Release|Any CPU
		{A05F8825-8485-4022-BDA8-63CDAD22A03B}.Release|ARM64.Build.0 = Release|Any CPU
		{A05F8825-8485-4022-BDA8-63CDAD22A03B}.Release|Mixed Platforms.ActiveCfg = Release|Any CPU
		{A05F8825-8485-4022-BDA8-63CDAD22A03B}.Release|Mixed Platforms.Build.0 = Release|Any CPU
		{A05F8825-8485-4022-BDA8-63CDAD22A03B}.Release|x64.ActiveCfg = Release|Any CPU
		{A05F8825-8485-4022-BDA8-63CDAD22A03B}.Release|x64.Build.0 = Release|Any CPU
		{A05F8825-8485-4022-BDA8-63CDAD22A03B}.Release|x86.ActiveCfg = Release|Any CPU
		{A05F8825-8485-4022-BDA8-63CDAD22A03B}.Release|x86.Build.0 = Release|Any CPU
		{A05F8825-8485-4022-BDA8-63CDAD22A03B}.ReleaseXBAP|Any CPU.ActiveCfg = Release|Any CPU
		{A05F8825-8485-4022-BDA8-63CDAD22A03B}.ReleaseXBAP|Any CPU.Build.0 = Release|Any CPU
		{A05F8825-8485-4022-BDA8-63CDAD22A03B}.ReleaseXBAP|ARM.ActiveCfg = Release|Any CPU
		{A05F8825-8485-4022-BDA8-63CDAD22A03B}.ReleaseXBAP|ARM.Build.0 = Release|Any CPU
		{A05F8825-8485-4022-BDA8-63CDAD22A03B}.ReleaseXBAP|ARM64.ActiveCfg = Release|Any CPU
		{A05F8825-8485-4022-BDA8-63CDAD22A03B}.ReleaseXBAP|ARM64.Build.0 = Release|Any CPU
		{A05F8825-8485-4022-BDA8-63CDAD22A03B}.ReleaseXBAP|Mixed Platforms.ActiveCfg = Release|Any CPU
		{A05F8825-8485-4022-BDA8-63CDAD22A03B}.ReleaseXBAP|Mixed Platforms.Build.0 = Release|Any CPU
		{A05F8825-8485-4022-BDA8-63CDAD22A03B}.ReleaseXBAP|x64.ActiveCfg = Release|Any CPU
		{A05F8825-8485-4022-BDA8-63CDAD22A03B}.ReleaseXBAP|x64.Build.0 = Release|Any CPU
		{A05F8825-8485-4022-BDA8-63CDAD22A03B}.ReleaseXBAP|x86.ActiveCfg = Release|Any CPU
		{A05F8825-8485-4022-BDA8-63CDAD22A03B}.ReleaseXBAP|x86.Build.0 = Release|Any CPU
		{1A89CF06-9F64-4F5E-B5E6-F1618BED6EBE}.Debug|Any CPU.ActiveCfg = Debug|Any CPU
		{1A89CF06-9F64-4F5E-B5E6-F1618BED6EBE}.Debug|Any CPU.Build.0 = Debug|Any CPU
		{1A89CF06-9F64-4F5E-B5E6-F1618BED6EBE}.Debug|ARM.ActiveCfg = Debug|Any CPU
		{1A89CF06-9F64-4F5E-B5E6-F1618BED6EBE}.Debug|ARM.Build.0 = Debug|Any CPU
		{1A89CF06-9F64-4F5E-B5E6-F1618BED6EBE}.Debug|ARM64.ActiveCfg = Debug|Any CPU
		{1A89CF06-9F64-4F5E-B5E6-F1618BED6EBE}.Debug|ARM64.Build.0 = Debug|Any CPU
		{1A89CF06-9F64-4F5E-B5E6-F1618BED6EBE}.Debug|Mixed Platforms.ActiveCfg = Debug|Any CPU
		{1A89CF06-9F64-4F5E-B5E6-F1618BED6EBE}.Debug|Mixed Platforms.Build.0 = Debug|Any CPU
		{1A89CF06-9F64-4F5E-B5E6-F1618BED6EBE}.Debug|x64.ActiveCfg = Debug|Any CPU
		{1A89CF06-9F64-4F5E-B5E6-F1618BED6EBE}.Debug|x64.Build.0 = Debug|Any CPU
		{1A89CF06-9F64-4F5E-B5E6-F1618BED6EBE}.Debug|x86.ActiveCfg = Debug|Any CPU
		{1A89CF06-9F64-4F5E-B5E6-F1618BED6EBE}.Debug|x86.Build.0 = Debug|Any CPU
		{1A89CF06-9F64-4F5E-B5E6-F1618BED6EBE}.Release|Any CPU.ActiveCfg = Release|Any CPU
		{1A89CF06-9F64-4F5E-B5E6-F1618BED6EBE}.Release|Any CPU.Build.0 = Release|Any CPU
		{1A89CF06-9F64-4F5E-B5E6-F1618BED6EBE}.Release|ARM.ActiveCfg = Release|Any CPU
		{1A89CF06-9F64-4F5E-B5E6-F1618BED6EBE}.Release|ARM.Build.0 = Release|Any CPU
		{1A89CF06-9F64-4F5E-B5E6-F1618BED6EBE}.Release|ARM64.ActiveCfg = Release|Any CPU
		{1A89CF06-9F64-4F5E-B5E6-F1618BED6EBE}.Release|ARM64.Build.0 = Release|Any CPU
		{1A89CF06-9F64-4F5E-B5E6-F1618BED6EBE}.Release|Mixed Platforms.ActiveCfg = Release|Any CPU
		{1A89CF06-9F64-4F5E-B5E6-F1618BED6EBE}.Release|Mixed Platforms.Build.0 = Release|Any CPU
		{1A89CF06-9F64-4F5E-B5E6-F1618BED6EBE}.Release|x64.ActiveCfg = Release|Any CPU
		{1A89CF06-9F64-4F5E-B5E6-F1618BED6EBE}.Release|x64.Build.0 = Release|Any CPU
		{1A89CF06-9F64-4F5E-B5E6-F1618BED6EBE}.Release|x86.ActiveCfg = Release|Any CPU
		{1A89CF06-9F64-4F5E-B5E6-F1618BED6EBE}.Release|x86.Build.0 = Release|Any CPU
		{1A89CF06-9F64-4F5E-B5E6-F1618BED6EBE}.ReleaseXBAP|Any CPU.ActiveCfg = Release|Any CPU
		{1A89CF06-9F64-4F5E-B5E6-F1618BED6EBE}.ReleaseXBAP|Any CPU.Build.0 = Release|Any CPU
		{1A89CF06-9F64-4F5E-B5E6-F1618BED6EBE}.ReleaseXBAP|ARM.ActiveCfg = Release|Any CPU
		{1A89CF06-9F64-4F5E-B5E6-F1618BED6EBE}.ReleaseXBAP|ARM.Build.0 = Release|Any CPU
		{1A89CF06-9F64-4F5E-B5E6-F1618BED6EBE}.ReleaseXBAP|ARM64.ActiveCfg = Release|Any CPU
		{1A89CF06-9F64-4F5E-B5E6-F1618BED6EBE}.ReleaseXBAP|ARM64.Build.0 = Release|Any CPU
		{1A89CF06-9F64-4F5E-B5E6-F1618BED6EBE}.ReleaseXBAP|Mixed Platforms.ActiveCfg = Release|Any CPU
		{1A89CF06-9F64-4F5E-B5E6-F1618BED6EBE}.ReleaseXBAP|Mixed Platforms.Build.0 = Release|Any CPU
		{1A89CF06-9F64-4F5E-B5E6-F1618BED6EBE}.ReleaseXBAP|x64.ActiveCfg = Release|Any CPU
		{1A89CF06-9F64-4F5E-B5E6-F1618BED6EBE}.ReleaseXBAP|x64.Build.0 = Release|Any CPU
		{1A89CF06-9F64-4F5E-B5E6-F1618BED6EBE}.ReleaseXBAP|x86.ActiveCfg = Release|Any CPU
		{1A89CF06-9F64-4F5E-B5E6-F1618BED6EBE}.ReleaseXBAP|x86.Build.0 = Release|Any CPU
	EndGlobalSection
	GlobalSection(SolutionProperties) = preSolution
		HideSolutionNode = FALSE
	EndGlobalSection
	GlobalSection(NestedProjects) = preSolution
		{0301133F-14B3-4753-BB15-49E701E15391} = {CF2A6BC3-25A6-4B73-A195-87AA8C4C4CBB}
		{C258F6AC-1ACB-4B0E-B2F9-1A616EC3568B} = {CF2A6BC3-25A6-4B73-A195-87AA8C4C4CBB}
		{74265DE7-A026-4682-B2D6-23CD1246593B} = {CF2A6BC3-25A6-4B73-A195-87AA8C4C4CBB}
		{EE5F0399-11AA-4D66-B953-A3DD9854D4F6} = {3C19F100-9E82-402E-90BE-3A9879F0AA6B}
		{215A65DB-3A0E-440B-92DC-D56A05335CFB} = {3C19F100-9E82-402E-90BE-3A9879F0AA6B}
		{B83C31AA-8B5A-4DF8-9E1A-4CB059F8FABC} = {F8A0E2AE-233B-4548-9A9A-D5D6228B1C02}
		{21744E54-D757-498B-913E-A4A5DE124279} = {3C19F100-9E82-402E-90BE-3A9879F0AA6B}
		{A42058FD-B6E0-4D7A-8545-65E85E5F5BF3} = {3C19F100-9E82-402E-90BE-3A9879F0AA6B}
		{26126F36-9A16-4559-B3DC-0D6512F0DF99} = {28740583-6AF8-43C6-B89E-C2952955D6F0}
		{D4847D41-925B-405E-8F42-6079BA0ABA90} = {3C19F100-9E82-402E-90BE-3A9879F0AA6B}
		{14A6CB64-0F8C-467A-9EE7-EE88FE0DF63F} = {DB1FFF47-B103-42AD-99B5-E1F4B6FA671E}
		{8C608E5C-7FF3-48BC-B0BA-C6CE8104B322} = {14A6CB64-0F8C-467A-9EE7-EE88FE0DF63F}
		{D46BF86E-08B3-4F26-ABE1-B5845334D2E2} = {14A6CB64-0F8C-467A-9EE7-EE88FE0DF63F}
		{E568929B-D8CF-4635-8F8D-BF00284F2481} = {DB1FFF47-B103-42AD-99B5-E1F4B6FA671E}
		{315ADE29-36E3-48A2-A3BD-D3D475E117BF} = {E568929B-D8CF-4635-8F8D-BF00284F2481}
		{79921745-D950-4B4B-BF8D-FBCAD701E11D} = {E568929B-D8CF-4635-8F8D-BF00284F2481}
		{5FCC793D-2DB6-434D-B468-F53851447180} = {190005B6-9A16-45C5-8F7D-994D694BE10E}
		{190005B6-9A16-45C5-8F7D-994D694BE10E} = {DB1FFF47-B103-42AD-99B5-E1F4B6FA671E}
		{FD77472E-1E2E-4B51-8E43-EAC167F88555} = {DB1FFF47-B103-42AD-99B5-E1F4B6FA671E}
		{E417A3EF-D3D2-4EEA-B739-1429B93245F1} = {190005B6-9A16-45C5-8F7D-994D694BE10E}
		{18122A99-D645-404A-8F24-84FAA3A4EDAE} = {FD77472E-1E2E-4B51-8E43-EAC167F88555}
		{A05F8825-8485-4022-BDA8-63CDAD22A03B} = {FD77472E-1E2E-4B51-8E43-EAC167F88555}
		{1A89CF06-9F64-4F5E-B5E6-F1618BED6EBE} = {CF2A6BC3-25A6-4B73-A195-87AA8C4C4CBB}
	EndGlobalSection
	GlobalSection(ExtensibilityGlobals) = postSolution
		SolutionGuid = {5D391DEC-2789-4249-B635-72BF7B7EC3FC}
	EndGlobalSection
EndGlobal
